
Microsoft Visual Studio Solution File, Format Version 12.00
# Visual Studio 15
VisualStudioVersion = 15.0.27130.2036
MinimumVisualStudioVersion = 10.0.40219.1
Project("{FAE04EC0-301F-11D3-BF4B-00C04F79EFBC}") = "QvaDev.CTraderApi", "QvaDev.CTraderApi\QvaDev.CTraderApi.csproj", "{866039F3-42FF-4D42-A85E-F91CEF04F3DF}"
EndProject
Project("{FAE04EC0-301F-11D3-BF4B-00C04F79EFBC}") = "QvaDev.Mt4Integration", "QvaDev.Mt4Integration\QvaDev.Mt4Integration.csproj", "{73A2679E-F17E-4484-8874-461D3FC895DD}"
EndProject
Project("{FAE04EC0-301F-11D3-BF4B-00C04F79EFBC}") = "QvaDev.Common", "QvaDev.Common\QvaDev.Common.csproj", "{10A3EF89-12BB-4D00-9950-36BFED281B91}"
EndProject
Project("{FAE04EC0-301F-11D3-BF4B-00C04F79EFBC}") = "QvaDev.CTraderIntegration", "QvaDev.CTraderIntegration\QvaDev.CTraderIntegration.csproj", "{5B92788F-AF48-4709-A539-BBA2822A06B7}"
EndProject
Project("{FAE04EC0-301F-11D3-BF4B-00C04F79EFBC}") = "QvaDev.Duplicat", "QvaDev.Duplicat\QvaDev.Duplicat.csproj", "{051B3CD8-9791-448A-864F-B6A7B4EF63BB}"
EndProject
Project("{FAE04EC0-301F-11D3-BF4B-00C04F79EFBC}") = "QvaDev.Data", "QvaDev.Data\QvaDev.Data.csproj", "{D7DA9DD6-1BA9-45B9-9581-1D095631DF0D}"
EndProject
Project("{FAE04EC0-301F-11D3-BF4B-00C04F79EFBC}") = "QvaDev.Orchestration", "QvaDev.Orchestration\QvaDev.Orchestration.csproj", "{7FCD6735-2115-4096-B5C9-E5CD7B4A3C1C}"
EndProject
Project("{FAE04EC0-301F-11D3-BF4B-00C04F79EFBC}") = "QvaDev.CTraderAccess", "QvaDev.CTraderAccess\QvaDev.CTraderAccess.csproj", "{D6B82A20-17F8-44BB-AEE5-C11DD8BECC4C}"
EndProject
Project("{FAE04EC0-301F-11D3-BF4B-00C04F79EFBC}") = "QvaDev.FixTraderIntegration", "QvaDev.FixTraderIntegration\QvaDev.FixTraderIntegration.csproj", "{E3002184-B948-49EE-B313-3167948C3F97}"
EndProject
Project("{2150E333-8FDC-42A3-9474-1A3956D46DE8}") = "Tests", "Tests", "{7B041DAD-24DD-429E-B1DE-71573E267EA6}"
EndProject
Project("{FAE04EC0-301F-11D3-BF4B-00C04F79EFBC}") = "QvaDev.OrchestrationTests", "QvaDev.OrchestrationTests\QvaDev.OrchestrationTests.csproj", "{BB763038-2989-4643-AE5E-1A1FAA2053AF}"
EndProject
Project("{FAE04EC0-301F-11D3-BF4B-00C04F79EFBC}") = "QvaDev.FixApiIntegration", "QvaDev.FixApiIntegration\QvaDev.FixApiIntegration.csproj", "{7F7F4B22-F0BD-4375-BAF4-FFAFE9B3A853}"
EndProject
Project("{FAE04EC0-301F-11D3-BF4B-00C04F79EFBC}") = "QvaDev.IlyaFastFeedIntegration", "QvaDev.IlyaFastFeedIntegration\QvaDev.IlyaFastFeedIntegration.csproj", "{4C1EA1A8-5C20-48AB-A662-72969D880B21}"
EndProject
Project("{FAE04EC0-301F-11D3-BF4B-00C04F79EFBC}") = "QvaDev.CqgClientApiIntegration", "QvaDev.CqgClientApiIntegration\QvaDev.CqgClientApiIntegration.csproj", "{8ACFC7D6-2C62-4F4C-9FA5-86066CFB62B9}"
EndProject
Project("{FAE04EC0-301F-11D3-BF4B-00C04F79EFBC}") = "QvaDev.FileContextCore", "QvaDev.FileContextCore\QvaDev.FileContextCore.csproj", "{B0DF0796-17ED-470A-858D-A7CABB3F36F8}"
EndProject
Project("{FAE04EC0-301F-11D3-BF4B-00C04F79EFBC}") = "QvaDev.IbIntegration", "QvaDev.IbIntegration\QvaDev.IbIntegration.csproj", "{62CE29D7-E16C-4B48-B017-586C4B22EDC9}"
EndProject
Project("{FAE04EC0-301F-11D3-BF4B-00C04F79EFBC}") = "InteractiveBrokersApi", "InteractiveBrokersApi\InteractiveBrokersApi.csproj", "{8EDE0744-96C2-40B0-A8DC-37DF79370203}"
EndProject
Project("{2150E333-8FDC-42A3-9474-1A3956D46DE8}") = "QvaDev.Communication", "QvaDev.Communication", "{A173DFEF-C355-4721-BEE1-D8BB147FF8BA}"
EndProject
Project("{FAE04EC0-301F-11D3-BF4B-00C04F79EFBC}") = "QvaDev.Communication.FixApi.Connectors.Strategies", "..\..\git\QvaDev.Wololo\QvaDev.Communication.FixApi.Connectors.Strategies\QvaDev.Communication.FixApi.Connectors.Strategies.csproj", "{969D880C-6667-40C0-A1D5-B4165D3D3C33}"
EndProject
Project("{FAE04EC0-301F-11D3-BF4B-00C04F79EFBC}") = "QvaDev", "..\..\git\QvaDev.Wololo\QvaDev\QvaDev.csproj", "{A8C5F573-2D3D-4E1A-8844-B11032F12A37}"
EndProject
Project("{FAE04EC0-301F-11D3-BF4B-00C04F79EFBC}") = "QvaDev.Communication", "..\..\git\QvaDev.Wololo\QvaDev.Communication\QvaDev.Communication.csproj", "{1EA7001F-9841-4CAA-A69E-59F11BCF76C0}"
EndProject
Project("{FAE04EC0-301F-11D3-BF4B-00C04F79EFBC}") = "QvaDev.Communication.FixApi", "..\..\git\QvaDev.Wololo\QvaDev.Communication.FixApi\QvaDev.Communication.FixApi.csproj", "{FA62481E-A560-449A-A654-A69B8FA63D36}"
EndProject
Project("{FAE04EC0-301F-11D3-BF4B-00C04F79EFBC}") = "QvaDev.Communication.FixApi.Connectors", "..\..\git\QvaDev.Wololo\QvaDev.Communication.FixApi.Connectors\QvaDev.Communication.FixApi.Connectors.csproj", "{3E59C959-CDCA-4A1A-A013-4072C100356F}"
EndProject
Global
	GlobalSection(SolutionConfigurationPlatforms) = preSolution
		Debug|Any CPU = Debug|Any CPU
		Debug|x64 = Debug|x64
		Release|Any CPU = Release|Any CPU
		Release|x64 = Release|x64
	EndGlobalSection
	GlobalSection(ProjectConfigurationPlatforms) = postSolution
		{866039F3-42FF-4D42-A85E-F91CEF04F3DF}.Debug|Any CPU.ActiveCfg = Debug|Any CPU
		{866039F3-42FF-4D42-A85E-F91CEF04F3DF}.Debug|Any CPU.Build.0 = Debug|Any CPU
		{866039F3-42FF-4D42-A85E-F91CEF04F3DF}.Debug|x64.ActiveCfg = Debug|x64
		{866039F3-42FF-4D42-A85E-F91CEF04F3DF}.Debug|x64.Build.0 = Debug|x64
		{866039F3-42FF-4D42-A85E-F91CEF04F3DF}.Release|Any CPU.ActiveCfg = Release|Any CPU
		{866039F3-42FF-4D42-A85E-F91CEF04F3DF}.Release|Any CPU.Build.0 = Release|Any CPU
		{866039F3-42FF-4D42-A85E-F91CEF04F3DF}.Release|x64.ActiveCfg = Release|x64
		{866039F3-42FF-4D42-A85E-F91CEF04F3DF}.Release|x64.Build.0 = Release|x64
		{73A2679E-F17E-4484-8874-461D3FC895DD}.Debug|Any CPU.ActiveCfg = Debug|Any CPU
		{73A2679E-F17E-4484-8874-461D3FC895DD}.Debug|Any CPU.Build.0 = Debug|Any CPU
		{73A2679E-F17E-4484-8874-461D3FC895DD}.Debug|x64.ActiveCfg = Debug|x64
		{73A2679E-F17E-4484-8874-461D3FC895DD}.Debug|x64.Build.0 = Debug|x64
		{73A2679E-F17E-4484-8874-461D3FC895DD}.Release|Any CPU.ActiveCfg = Release|Any CPU
		{73A2679E-F17E-4484-8874-461D3FC895DD}.Release|Any CPU.Build.0 = Release|Any CPU
		{73A2679E-F17E-4484-8874-461D3FC895DD}.Release|x64.ActiveCfg = Release|x64
		{73A2679E-F17E-4484-8874-461D3FC895DD}.Release|x64.Build.0 = Release|x64
		{10A3EF89-12BB-4D00-9950-36BFED281B91}.Debug|Any CPU.ActiveCfg = Debug|Any CPU
		{10A3EF89-12BB-4D00-9950-36BFED281B91}.Debug|Any CPU.Build.0 = Debug|Any CPU
		{10A3EF89-12BB-4D00-9950-36BFED281B91}.Debug|x64.ActiveCfg = Debug|x64
		{10A3EF89-12BB-4D00-9950-36BFED281B91}.Debug|x64.Build.0 = Debug|x64
		{10A3EF89-12BB-4D00-9950-36BFED281B91}.Release|Any CPU.ActiveCfg = Release|Any CPU
		{10A3EF89-12BB-4D00-9950-36BFED281B91}.Release|Any CPU.Build.0 = Release|Any CPU
		{10A3EF89-12BB-4D00-9950-36BFED281B91}.Release|x64.ActiveCfg = Release|x64
		{10A3EF89-12BB-4D00-9950-36BFED281B91}.Release|x64.Build.0 = Release|x64
		{5B92788F-AF48-4709-A539-BBA2822A06B7}.Debug|Any CPU.ActiveCfg = Debug|Any CPU
		{5B92788F-AF48-4709-A539-BBA2822A06B7}.Debug|Any CPU.Build.0 = Debug|Any CPU
		{5B92788F-AF48-4709-A539-BBA2822A06B7}.Debug|x64.ActiveCfg = Debug|x64
		{5B92788F-AF48-4709-A539-BBA2822A06B7}.Debug|x64.Build.0 = Debug|x64
		{5B92788F-AF48-4709-A539-BBA2822A06B7}.Release|Any CPU.ActiveCfg = Release|Any CPU
		{5B92788F-AF48-4709-A539-BBA2822A06B7}.Release|Any CPU.Build.0 = Release|Any CPU
		{5B92788F-AF48-4709-A539-BBA2822A06B7}.Release|x64.ActiveCfg = Release|x64
		{5B92788F-AF48-4709-A539-BBA2822A06B7}.Release|x64.Build.0 = Release|x64
		{051B3CD8-9791-448A-864F-B6A7B4EF63BB}.Debug|Any CPU.ActiveCfg = Debug|Any CPU
		{051B3CD8-9791-448A-864F-B6A7B4EF63BB}.Debug|Any CPU.Build.0 = Debug|Any CPU
		{051B3CD8-9791-448A-864F-B6A7B4EF63BB}.Debug|x64.ActiveCfg = Debug|x64
		{051B3CD8-9791-448A-864F-B6A7B4EF63BB}.Debug|x64.Build.0 = Debug|x64
		{051B3CD8-9791-448A-864F-B6A7B4EF63BB}.Release|Any CPU.ActiveCfg = Release|Any CPU
		{051B3CD8-9791-448A-864F-B6A7B4EF63BB}.Release|Any CPU.Build.0 = Release|Any CPU
		{051B3CD8-9791-448A-864F-B6A7B4EF63BB}.Release|x64.ActiveCfg = Release|x64
		{051B3CD8-9791-448A-864F-B6A7B4EF63BB}.Release|x64.Build.0 = Release|x64
		{D7DA9DD6-1BA9-45B9-9581-1D095631DF0D}.Debug|Any CPU.ActiveCfg = Debug|Any CPU
		{D7DA9DD6-1BA9-45B9-9581-1D095631DF0D}.Debug|Any CPU.Build.0 = Debug|Any CPU
		{D7DA9DD6-1BA9-45B9-9581-1D095631DF0D}.Debug|x64.ActiveCfg = Debug|x64
		{D7DA9DD6-1BA9-45B9-9581-1D095631DF0D}.Debug|x64.Build.0 = Debug|x64
		{D7DA9DD6-1BA9-45B9-9581-1D095631DF0D}.Release|Any CPU.ActiveCfg = Release|Any CPU
		{D7DA9DD6-1BA9-45B9-9581-1D095631DF0D}.Release|Any CPU.Build.0 = Release|Any CPU
		{D7DA9DD6-1BA9-45B9-9581-1D095631DF0D}.Release|x64.ActiveCfg = Release|x64
		{D7DA9DD6-1BA9-45B9-9581-1D095631DF0D}.Release|x64.Build.0 = Release|x64
		{7FCD6735-2115-4096-B5C9-E5CD7B4A3C1C}.Debug|Any CPU.ActiveCfg = Debug|Any CPU
		{7FCD6735-2115-4096-B5C9-E5CD7B4A3C1C}.Debug|Any CPU.Build.0 = Debug|Any CPU
		{7FCD6735-2115-4096-B5C9-E5CD7B4A3C1C}.Debug|x64.ActiveCfg = Debug|x64
		{7FCD6735-2115-4096-B5C9-E5CD7B4A3C1C}.Debug|x64.Build.0 = Debug|x64
		{7FCD6735-2115-4096-B5C9-E5CD7B4A3C1C}.Release|Any CPU.ActiveCfg = Release|Any CPU
		{7FCD6735-2115-4096-B5C9-E5CD7B4A3C1C}.Release|Any CPU.Build.0 = Release|Any CPU
		{7FCD6735-2115-4096-B5C9-E5CD7B4A3C1C}.Release|x64.ActiveCfg = Release|x64
		{7FCD6735-2115-4096-B5C9-E5CD7B4A3C1C}.Release|x64.Build.0 = Release|x64
		{D6B82A20-17F8-44BB-AEE5-C11DD8BECC4C}.Debug|Any CPU.ActiveCfg = Debug|Any CPU
		{D6B82A20-17F8-44BB-AEE5-C11DD8BECC4C}.Debug|Any CPU.Build.0 = Debug|Any CPU
		{D6B82A20-17F8-44BB-AEE5-C11DD8BECC4C}.Debug|x64.ActiveCfg = Debug|x64
		{D6B82A20-17F8-44BB-AEE5-C11DD8BECC4C}.Debug|x64.Build.0 = Debug|x64
		{D6B82A20-17F8-44BB-AEE5-C11DD8BECC4C}.Release|Any CPU.ActiveCfg = Release|Any CPU
		{D6B82A20-17F8-44BB-AEE5-C11DD8BECC4C}.Release|Any CPU.Build.0 = Release|Any CPU
		{D6B82A20-17F8-44BB-AEE5-C11DD8BECC4C}.Release|x64.ActiveCfg = Release|x64
		{D6B82A20-17F8-44BB-AEE5-C11DD8BECC4C}.Release|x64.Build.0 = Release|x64
		{E3002184-B948-49EE-B313-3167948C3F97}.Debug|Any CPU.ActiveCfg = Debug|Any CPU
		{E3002184-B948-49EE-B313-3167948C3F97}.Debug|Any CPU.Build.0 = Debug|Any CPU
		{E3002184-B948-49EE-B313-3167948C3F97}.Debug|x64.ActiveCfg = Debug|Any CPU
		{E3002184-B948-49EE-B313-3167948C3F97}.Debug|x64.Build.0 = Debug|Any CPU
		{E3002184-B948-49EE-B313-3167948C3F97}.Release|Any CPU.ActiveCfg = Release|Any CPU
		{E3002184-B948-49EE-B313-3167948C3F97}.Release|Any CPU.Build.0 = Release|Any CPU
		{E3002184-B948-49EE-B313-3167948C3F97}.Release|x64.ActiveCfg = Release|Any CPU
		{E3002184-B948-49EE-B313-3167948C3F97}.Release|x64.Build.0 = Release|Any CPU
		{BB763038-2989-4643-AE5E-1A1FAA2053AF}.Debug|Any CPU.ActiveCfg = Debug|Any CPU
		{BB763038-2989-4643-AE5E-1A1FAA2053AF}.Debug|Any CPU.Build.0 = Debug|Any CPU
		{BB763038-2989-4643-AE5E-1A1FAA2053AF}.Debug|x64.ActiveCfg = Debug|Any CPU
		{BB763038-2989-4643-AE5E-1A1FAA2053AF}.Debug|x64.Build.0 = Debug|Any CPU
		{BB763038-2989-4643-AE5E-1A1FAA2053AF}.Release|Any CPU.ActiveCfg = Release|Any CPU
		{BB763038-2989-4643-AE5E-1A1FAA2053AF}.Release|Any CPU.Build.0 = Release|Any CPU
		{BB763038-2989-4643-AE5E-1A1FAA2053AF}.Release|x64.ActiveCfg = Release|Any CPU
		{BB763038-2989-4643-AE5E-1A1FAA2053AF}.Release|x64.Build.0 = Release|Any CPU
		{7F7F4B22-F0BD-4375-BAF4-FFAFE9B3A853}.Debug|Any CPU.ActiveCfg = Debug|Any CPU
		{7F7F4B22-F0BD-4375-BAF4-FFAFE9B3A853}.Debug|Any CPU.Build.0 = Debug|Any CPU
		{7F7F4B22-F0BD-4375-BAF4-FFAFE9B3A853}.Debug|x64.ActiveCfg = Debug|Any CPU
		{7F7F4B22-F0BD-4375-BAF4-FFAFE9B3A853}.Debug|x64.Build.0 = Debug|Any CPU
		{7F7F4B22-F0BD-4375-BAF4-FFAFE9B3A853}.Release|Any CPU.ActiveCfg = Release|Any CPU
		{7F7F4B22-F0BD-4375-BAF4-FFAFE9B3A853}.Release|Any CPU.Build.0 = Release|Any CPU
		{7F7F4B22-F0BD-4375-BAF4-FFAFE9B3A853}.Release|x64.ActiveCfg = Release|Any CPU
		{7F7F4B22-F0BD-4375-BAF4-FFAFE9B3A853}.Release|x64.Build.0 = Release|Any CPU
		{4C1EA1A8-5C20-48AB-A662-72969D880B21}.Debug|Any CPU.ActiveCfg = Debug|Any CPU
		{4C1EA1A8-5C20-48AB-A662-72969D880B21}.Debug|Any CPU.Build.0 = Debug|Any CPU
		{4C1EA1A8-5C20-48AB-A662-72969D880B21}.Debug|x64.ActiveCfg = Debug|Any CPU
		{4C1EA1A8-5C20-48AB-A662-72969D880B21}.Debug|x64.Build.0 = Debug|Any CPU
		{4C1EA1A8-5C20-48AB-A662-72969D880B21}.Release|Any CPU.ActiveCfg = Release|Any CPU
		{4C1EA1A8-5C20-48AB-A662-72969D880B21}.Release|Any CPU.Build.0 = Release|Any CPU
		{4C1EA1A8-5C20-48AB-A662-72969D880B21}.Release|x64.ActiveCfg = Release|Any CPU
		{4C1EA1A8-5C20-48AB-A662-72969D880B21}.Release|x64.Build.0 = Release|Any CPU
		{8ACFC7D6-2C62-4F4C-9FA5-86066CFB62B9}.Debug|Any CPU.ActiveCfg = Debug|Any CPU
		{8ACFC7D6-2C62-4F4C-9FA5-86066CFB62B9}.Debug|Any CPU.Build.0 = Debug|Any CPU
		{8ACFC7D6-2C62-4F4C-9FA5-86066CFB62B9}.Debug|x64.ActiveCfg = Debug|Any CPU
		{8ACFC7D6-2C62-4F4C-9FA5-86066CFB62B9}.Debug|x64.Build.0 = Debug|Any CPU
		{8ACFC7D6-2C62-4F4C-9FA5-86066CFB62B9}.Release|Any CPU.ActiveCfg = Release|Any CPU
		{8ACFC7D6-2C62-4F4C-9FA5-86066CFB62B9}.Release|Any CPU.Build.0 = Release|Any CPU
		{8ACFC7D6-2C62-4F4C-9FA5-86066CFB62B9}.Release|x64.ActiveCfg = Release|Any CPU
		{8ACFC7D6-2C62-4F4C-9FA5-86066CFB62B9}.Release|x64.Build.0 = Release|Any CPU
		{B0DF0796-17ED-470A-858D-A7CABB3F36F8}.Debug|Any CPU.ActiveCfg = Debug|Any CPU
		{B0DF0796-17ED-470A-858D-A7CABB3F36F8}.Debug|Any CPU.Build.0 = Debug|Any CPU
		{B0DF0796-17ED-470A-858D-A7CABB3F36F8}.Debug|x64.ActiveCfg = Debug|Any CPU
		{B0DF0796-17ED-470A-858D-A7CABB3F36F8}.Debug|x64.Build.0 = Debug|Any CPU
		{B0DF0796-17ED-470A-858D-A7CABB3F36F8}.Release|Any CPU.ActiveCfg = Release|Any CPU
		{B0DF0796-17ED-470A-858D-A7CABB3F36F8}.Release|Any CPU.Build.0 = Release|Any CPU
		{B0DF0796-17ED-470A-858D-A7CABB3F36F8}.Release|x64.ActiveCfg = Release|Any CPU
		{B0DF0796-17ED-470A-858D-A7CABB3F36F8}.Release|x64.Build.0 = Release|Any CPU
		{62CE29D7-E16C-4B48-B017-586C4B22EDC9}.Debug|Any CPU.ActiveCfg = Debug|Any CPU
		{62CE29D7-E16C-4B48-B017-586C4B22EDC9}.Debug|Any CPU.Build.0 = Debug|Any CPU
		{62CE29D7-E16C-4B48-B017-586C4B22EDC9}.Debug|x64.ActiveCfg = Debug|Any CPU
		{62CE29D7-E16C-4B48-B017-586C4B22EDC9}.Debug|x64.Build.0 = Debug|Any CPU
		{62CE29D7-E16C-4B48-B017-586C4B22EDC9}.Release|Any CPU.ActiveCfg = Release|Any CPU
		{62CE29D7-E16C-4B48-B017-586C4B22EDC9}.Release|Any CPU.Build.0 = Release|Any CPU
		{62CE29D7-E16C-4B48-B017-586C4B22EDC9}.Release|x64.ActiveCfg = Release|Any CPU
		{62CE29D7-E16C-4B48-B017-586C4B22EDC9}.Release|x64.Build.0 = Release|Any CPU
		{8EDE0744-96C2-40B0-A8DC-37DF79370203}.Debug|Any CPU.ActiveCfg = Debug|Any CPU
		{8EDE0744-96C2-40B0-A8DC-37DF79370203}.Debug|Any CPU.Build.0 = Debug|Any CPU
		{8EDE0744-96C2-40B0-A8DC-37DF79370203}.Debug|x64.ActiveCfg = Debug|Any CPU
		{8EDE0744-96C2-40B0-A8DC-37DF79370203}.Debug|x64.Build.0 = Debug|Any CPU
		{8EDE0744-96C2-40B0-A8DC-37DF79370203}.Release|Any CPU.ActiveCfg = Release|Any CPU
		{8EDE0744-96C2-40B0-A8DC-37DF79370203}.Release|Any CPU.Build.0 = Release|Any CPU
		{8EDE0744-96C2-40B0-A8DC-37DF79370203}.Release|x64.ActiveCfg = Release|Any CPU
		{8EDE0744-96C2-40B0-A8DC-37DF79370203}.Release|x64.Build.0 = Release|Any CPU
		{969D880C-6667-40C0-A1D5-B4165D3D3C33}.Debug|Any CPU.ActiveCfg = Debug|Any CPU
		{969D880C-6667-40C0-A1D5-B4165D3D3C33}.Debug|Any CPU.Build.0 = Debug|Any CPU
		{969D880C-6667-40C0-A1D5-B4165D3D3C33}.Debug|x64.ActiveCfg = Debug|Any CPU
		{969D880C-6667-40C0-A1D5-B4165D3D3C33}.Debug|x64.Build.0 = Debug|Any CPU
		{969D880C-6667-40C0-A1D5-B4165D3D3C33}.Release|Any CPU.ActiveCfg = Release|Any CPU
		{969D880C-6667-40C0-A1D5-B4165D3D3C33}.Release|Any CPU.Build.0 = Release|Any CPU
		{969D880C-6667-40C0-A1D5-B4165D3D3C33}.Release|x64.ActiveCfg = Release|Any CPU
		{969D880C-6667-40C0-A1D5-B4165D3D3C33}.Release|x64.Build.0 = Release|Any CPU
		{A8C5F573-2D3D-4E1A-8844-B11032F12A37}.Debug|Any CPU.ActiveCfg = Debug|Any CPU
		{A8C5F573-2D3D-4E1A-8844-B11032F12A37}.Debug|Any CPU.Build.0 = Debug|Any CPU
		{A8C5F573-2D3D-4E1A-8844-B11032F12A37}.Debug|x64.ActiveCfg = Debug|Any CPU
		{A8C5F573-2D3D-4E1A-8844-B11032F12A37}.Debug|x64.Build.0 = Debug|Any CPU
		{A8C5F573-2D3D-4E1A-8844-B11032F12A37}.Release|Any CPU.ActiveCfg = Release|Any CPU
		{A8C5F573-2D3D-4E1A-8844-B11032F12A37}.Release|Any CPU.Build.0 = Release|Any CPU
		{A8C5F573-2D3D-4E1A-8844-B11032F12A37}.Release|x64.ActiveCfg = Release|Any CPU
		{A8C5F573-2D3D-4E1A-8844-B11032F12A37}.Release|x64.Build.0 = Release|Any CPU
		{1EA7001F-9841-4CAA-A69E-59F11BCF76C0}.Debug|Any CPU.ActiveCfg = Debug|Any CPU
		{1EA7001F-9841-4CAA-A69E-59F11BCF76C0}.Debug|Any CPU.Build.0 = Debug|Any CPU
		{1EA7001F-9841-4CAA-A69E-59F11BCF76C0}.Debug|x64.ActiveCfg = Debug|Any CPU
		{1EA7001F-9841-4CAA-A69E-59F11BCF76C0}.Debug|x64.Build.0 = Debug|Any CPU
		{1EA7001F-9841-4CAA-A69E-59F11BCF76C0}.Release|Any CPU.ActiveCfg = Release|Any CPU
		{1EA7001F-9841-4CAA-A69E-59F11BCF76C0}.Release|Any CPU.Build.0 = Release|Any CPU
		{1EA7001F-9841-4CAA-A69E-59F11BCF76C0}.Release|x64.ActiveCfg = Release|Any CPU
		{1EA7001F-9841-4CAA-A69E-59F11BCF76C0}.Release|x64.Build.0 = Release|Any CPU
		{FA62481E-A560-449A-A654-A69B8FA63D36}.Debug|Any CPU.ActiveCfg = Debug|Any CPU
		{FA62481E-A560-449A-A654-A69B8FA63D36}.Debug|Any CPU.Build.0 = Debug|Any CPU
		{FA62481E-A560-449A-A654-A69B8FA63D36}.Debug|x64.ActiveCfg = Debug|Any CPU
		{FA62481E-A560-449A-A654-A69B8FA63D36}.Debug|x64.Build.0 = Debug|Any CPU
		{FA62481E-A560-449A-A654-A69B8FA63D36}.Release|Any CPU.ActiveCfg = Release|Any CPU
		{FA62481E-A560-449A-A654-A69B8FA63D36}.Release|Any CPU.Build.0 = Release|Any CPU
		{FA62481E-A560-449A-A654-A69B8FA63D36}.Release|x64.ActiveCfg = Release|Any CPU
		{FA62481E-A560-449A-A654-A69B8FA63D36}.Release|x64.Build.0 = Release|Any CPU
		{3E59C959-CDCA-4A1A-A013-4072C100356F}.Debug|Any CPU.ActiveCfg = Debug|Any CPU
		{3E59C959-CDCA-4A1A-A013-4072C100356F}.Debug|Any CPU.Build.0 = Debug|Any CPU
		{3E59C959-CDCA-4A1A-A013-4072C100356F}.Debug|x64.ActiveCfg = Debug|Any CPU
		{3E59C959-CDCA-4A1A-A013-4072C100356F}.Debug|x64.Build.0 = Debug|Any CPU
		{3E59C959-CDCA-4A1A-A013-4072C100356F}.Release|Any CPU.ActiveCfg = Release|Any CPU
		{3E59C959-CDCA-4A1A-A013-4072C100356F}.Release|Any CPU.Build.0 = Release|Any CPU
		{3E59C959-CDCA-4A1A-A013-4072C100356F}.Release|x64.ActiveCfg = Release|Any CPU
		{3E59C959-CDCA-4A1A-A013-4072C100356F}.Release|x64.Build.0 = Release|Any CPU
	EndGlobalSection
	GlobalSection(SolutionProperties) = preSolution
		HideSolutionNode = FALSE
	EndGlobalSection
	GlobalSection(NestedProjects) = preSolution
		{BB763038-2989-4643-AE5E-1A1FAA2053AF} = {7B041DAD-24DD-429E-B1DE-71573E267EA6}
		{969D880C-6667-40C0-A1D5-B4165D3D3C33} = {A173DFEF-C355-4721-BEE1-D8BB147FF8BA}
		{A8C5F573-2D3D-4E1A-8844-B11032F12A37} = {A173DFEF-C355-4721-BEE1-D8BB147FF8BA}
		{1EA7001F-9841-4CAA-A69E-59F11BCF76C0} = {A173DFEF-C355-4721-BEE1-D8BB147FF8BA}
		{FA62481E-A560-449A-A654-A69B8FA63D36} = {A173DFEF-C355-4721-BEE1-D8BB147FF8BA}
		{3E59C959-CDCA-4A1A-A013-4072C100356F} = {A173DFEF-C355-4721-BEE1-D8BB147FF8BA}
	EndGlobalSection
	GlobalSection(ExtensibilityGlobals) = postSolution
		SolutionGuid = {C1C28357-86B5-47FD-924D-863DA2531C4D}
	EndGlobalSection
EndGlobal
