
Microsoft Visual Studio Solution File, Format Version 12.00
# Visual Studio Version 17
VisualStudioVersion = 17.3.32825.248
MinimumVisualStudioVersion = 10.0.40219.1
Project("{FAE04EC0-301F-11D3-BF4B-00C04F79EFBC}") = "TradeSystem.CTraderApi", "TradeSystem.CTraderApi\TradeSystem.CTraderApi.csproj", "{866039F3-42FF-4D42-A85E-F91CEF04F3DF}"
EndProject
Project("{FAE04EC0-301F-11D3-BF4B-00C04F79EFBC}") = "TradeSystem.Mt4Integration", "TradeSystem.Mt4Integration\TradeSystem.Mt4Integration.csproj", "{73A2679E-F17E-4484-8874-461D3FC895DD}"
EndProject
Project("{FAE04EC0-301F-11D3-BF4B-00C04F79EFBC}") = "TradeSystem.Common", "TradeSystem.Common\TradeSystem.Common.csproj", "{10A3EF89-12BB-4D00-9950-36BFED281B91}"
EndProject
Project("{FAE04EC0-301F-11D3-BF4B-00C04F79EFBC}") = "TradeSystem.CTraderIntegration", "TradeSystem.CTraderIntegration\TradeSystem.CTraderIntegration.csproj", "{5B92788F-AF48-4709-A539-BBA2822A06B7}"
EndProject
Project("{FAE04EC0-301F-11D3-BF4B-00C04F79EFBC}") = "TradeSystem.Duplicat", "TradeSystem.Duplicat\TradeSystem.Duplicat.csproj", "{051B3CD8-9791-448A-864F-B6A7B4EF63BB}"
EndProject
Project("{FAE04EC0-301F-11D3-BF4B-00C04F79EFBC}") = "TradeSystem.Data", "TradeSystem.Data\TradeSystem.Data.csproj", "{D7DA9DD6-1BA9-45B9-9581-1D095631DF0D}"
EndProject
Project("{FAE04EC0-301F-11D3-BF4B-00C04F79EFBC}") = "TradeSystem.Orchestration", "TradeSystem.Orchestration\TradeSystem.Orchestration.csproj", "{7FCD6735-2115-4096-B5C9-E5CD7B4A3C1C}"
EndProject
Project("{FAE04EC0-301F-11D3-BF4B-00C04F79EFBC}") = "TradeSystem.CTraderAccess", "TradeSystem.CTraderAccess\TradeSystem.CTraderAccess.csproj", "{D6B82A20-17F8-44BB-AEE5-C11DD8BECC4C}"
EndProject
Project("{2150E333-8FDC-42A3-9474-1A3956D46DE8}") = "Tests", "Tests", "{7B041DAD-24DD-429E-B1DE-71573E267EA6}"
EndProject
Project("{FAE04EC0-301F-11D3-BF4B-00C04F79EFBC}") = "TradeSystem.OrchestrationTests", "TradeSystem.OrchestrationTests\TradeSystem.OrchestrationTests.csproj", "{BB763038-2989-4643-AE5E-1A1FAA2053AF}"
EndProject
Project("{FAE04EC0-301F-11D3-BF4B-00C04F79EFBC}") = "TradeSystem.FixApiIntegration", "TradeSystem.FixApiIntegration\TradeSystem.FixApiIntegration.csproj", "{7F7F4B22-F0BD-4375-BAF4-FFAFE9B3A853}"
EndProject
Project("{FAE04EC0-301F-11D3-BF4B-00C04F79EFBC}") = "TradeSystem.IlyaFastFeedIntegration", "TradeSystem.IlyaFastFeedIntegration\TradeSystem.IlyaFastFeedIntegration.csproj", "{4C1EA1A8-5C20-48AB-A662-72969D880B21}"
EndProject
Project("{FAE04EC0-301F-11D3-BF4B-00C04F79EFBC}") = "TradeSystem.CqgClientApiIntegration", "TradeSystem.CqgClientApiIntegration\TradeSystem.CqgClientApiIntegration.csproj", "{8ACFC7D6-2C62-4F4C-9FA5-86066CFB62B9}"
EndProject
Project("{FAE04EC0-301F-11D3-BF4B-00C04F79EFBC}") = "TradeSystem.FileContextCore", "TradeSystem.FileContextCore\TradeSystem.FileContextCore.csproj", "{B0DF0796-17ED-470A-858D-A7CABB3F36F8}"
EndProject
Project("{FAE04EC0-301F-11D3-BF4B-00C04F79EFBC}") = "TradeSystem.IbIntegration", "TradeSystem.IbIntegration\TradeSystem.IbIntegration.csproj", "{62CE29D7-E16C-4B48-B017-586C4B22EDC9}"
EndProject
Project("{FAE04EC0-301F-11D3-BF4B-00C04F79EFBC}") = "InteractiveBrokersApi", "InteractiveBrokersApi\InteractiveBrokersApi.csproj", "{8EDE0744-96C2-40B0-A8DC-37DF79370203}"
EndProject
Project("{2150E333-8FDC-42A3-9474-1A3956D46DE8}") = "TradeSystem.Communication", "TradeSystem.Communication", "{A173DFEF-C355-4721-BEE1-D8BB147FF8BA}"
EndProject
Project("{FAE04EC0-301F-11D3-BF4B-00C04F79EFBC}") = "TradeSystem", "..\QvaDev.Wololo_old\TradeSystem\TradeSystem.csproj", "{FDFCE270-50AC-4930-8680-A760F6F7C637}"
EndProject
Project("{FAE04EC0-301F-11D3-BF4B-00C04F79EFBC}") = "TradeSystem.Communication", "..\QvaDev.Wololo_old\TradeSystem.Communication\TradeSystem.Communication.csproj", "{9B577BD6-AEA9-4F64-9F1D-6EC760103295}"
EndProject
Project("{FAE04EC0-301F-11D3-BF4B-00C04F79EFBC}") = "TradeSystem.Communication.FixApi", "..\QvaDev.Wololo_old\TradeSystem.Communication.FixApi\TradeSystem.Communication.FixApi.csproj", "{5A7C14E4-C1F0-4A9E-8284-D01F0082B483}"
EndProject
Project("{FAE04EC0-301F-11D3-BF4B-00C04F79EFBC}") = "TradeSystem.Communication.FixApi.Connectors", "..\QvaDev.Wololo_old\TradeSystem.Communication.FixApi.Connectors\TradeSystem.Communication.FixApi.Connectors.csproj", "{C38C4681-11E5-417B-9923-6E754402EC1B}"
EndProject
Project("{FAE04EC0-301F-11D3-BF4B-00C04F79EFBC}") = "TradeSystem.Communication.FixApi.Connectors.Strategies", "..\QvaDev.Wololo_old\TradeSystem.Communication.FixApi.Connectors.Strategies\TradeSystem.Communication.FixApi.Connectors.Strategies.csproj", "{D025DB83-5628-432A-832D-0BB89E807252}"
EndProject
Project("{FAE04EC0-301F-11D3-BF4B-00C04F79EFBC}") = "TradeSystem.Communication.DtcApi", "..\QvaDev.Wololo_old\TradeSystem.Communication.DtcApi\TradeSystem.Communication.DtcApi.csproj", "{EED1BD13-CC26-4EDE-99E4-DD59EB4D09BB}"
EndProject
Project("{FAE04EC0-301F-11D3-BF4B-00C04F79EFBC}") = "TradeSystem.Communication.SnwApi", "..\QvaDev.Wololo_old\TradeSystem.Communication.SnwApi\TradeSystem.Communication.SnwApi.csproj", "{3455F630-EA48-4C6F-8012-A9DFA9CE1428}"
EndProject
Project("{FAE04EC0-301F-11D3-BF4B-00C04F79EFBC}") = "TradeSystem.Communication.Extensions", "..\QvaDev.Wololo_old\TradeSystem.Communication.Extensions\TradeSystem.Communication.Extensions.csproj", "{A12E5A21-BB5D-4B6E-B229-9A4C625F8DCE}"
EndProject
Project("{FAE04EC0-301F-11D3-BF4B-00C04F79EFBC}") = "TradeSystem.Communication.Mt5", "..\QvaDev.Wololo_old\TradeSystem.Communication.Mt5\TradeSystem.Communication.Mt5.csproj", "{AA3796E1-5B4C-4BDD-A102-22D6411F9B93}"
EndProject
Project("{FAE04EC0-301F-11D3-BF4B-00C04F79EFBC}") = "TradeSystem.Communication.FastFeed", "..\QvaDev.Wololo_old\TradeSystem.Communication.FastFeed\TradeSystem.Communication.FastFeed.csproj", "{5F9D1672-8038-4D3D-A7C0-DF0A8D6B6F99}"
EndProject
Project("{FAE04EC0-301F-11D3-BF4B-00C04F79EFBC}") = "TradeSystem.Backtester", "TradeSystem.Backtester\TradeSystem.Backtester.csproj", "{8221E41C-E688-4417-8577-8E697643C848}"
EndProject
Project("{9A19103F-16F7-4668-BE54-9A1E7A4F7556}") = "TradeSystem.Communication.Bitmex", "..\QvaDev.Wololo_old\TradeSystem.Communication.Bitmex\TradeSystem.Communication.Bitmex.csproj", "{A96EAAE3-C983-4F54-A434-A6928F847FA5}"
EndProject
Project("{9A19103F-16F7-4668-BE54-9A1E7A4F7556}") = "Bitmex.NET", "..\QvaDev.Wololo_old\Bitmex.NET\Bitmex.NET.csproj", "{35A78F17-924A-4C87-9A76-01F879050F7C}"
EndProject
Project("{9A19103F-16F7-4668-BE54-9A1E7A4F7556}") = "TradeSystem.Strategies.MarketMaker", "TradeSystem.Strategies.MarketMaker\TradeSystem.Strategies.MarketMaker.csproj", "{734BFDE5-325E-4EF9-924C-1401562E6626}"
EndProject
Project("{9A19103F-16F7-4668-BE54-9A1E7A4F7556}") = "TradeSystem.Strategies", "TradeSystem.Strategies\TradeSystem.Strategies.csproj", "{86CB137F-C15C-4680-A87D-193D8893243E}"
EndProject
Project("{FAE04EC0-301F-11D3-BF4B-00C04F79EFBC}") = "TradeSystem.Communication.ConnectorTester.DtcExtensions", "..\QvaDev.Wololo_old\Applications\Testers\IConnector\TradeSystem.Communication.ConnectorTester.DtcExtensions\TradeSystem.Communication.ConnectorTester.DtcExtensions.csproj", "{354D7EEF-7828-46DA-8E72-AAFE0F0CF284}"
EndProject
Project("{FAE04EC0-301F-11D3-BF4B-00C04F79EFBC}") = "TradeSystem.Communication.ConnectorTester.FixExtensions", "..\QvaDev.Wololo_old\Applications\Testers\IConnector\TradeSystem.Communication.ConnectorTester.FixExtensions\TradeSystem.Communication.ConnectorTester.FixExtensions.csproj", "{1DF2F201-1D2D-4303-BBA0-553A5D1FF62A}"
EndProject
Project("{FAE04EC0-301F-11D3-BF4B-00C04F79EFBC}") = "TradeSystem.Communication.ConnectorTester.Mt5Extensions", "..\QvaDev.Wololo_old\Applications\Testers\IConnector\TradeSystem.Communication.ConnectorTester.Mt5Extensions\TradeSystem.Communication.ConnectorTester.Mt5Extensions.csproj", "{E683A44E-E066-4CF7-9977-B7B3C7F3C852}"
EndProject
Project("{FAE04EC0-301F-11D3-BF4B-00C04F79EFBC}") = "TradeSystem.Communication.ConnectorTester.SnwExtensions", "..\QvaDev.Wololo_old\TradeSystem.Communication.ConnectorTester.SnwExtensions\TradeSystem.Communication.ConnectorTester.SnwExtensions.csproj", "{3EAF2A7C-EB13-4188-8435-93047B780B7E}"
EndProject
Project("{FAE04EC0-301F-11D3-BF4B-00C04F79EFBC}") = "TradeSystem.Communication.ConnectorTester.Interfaces", "..\QvaDev.Wololo_old\TradeSystem.Communication.ConnectorTester.Interfaces\TradeSystem.Communication.ConnectorTester.Interfaces.csproj", "{E7913C17-8BE4-4951-B68D-0697A9D59E48}"
EndProject
Project("{FAE04EC0-301F-11D3-BF4B-00C04F79EFBC}") = "TradeSystem.WinForms", "..\QvaDev.Wololo_old\TradeSystem.WinForms\TradeSystem.WinForms.csproj", "{A62B3B57-B00A-4992-9281-A882EA7F7F9F}"
EndProject
Project("{FAE04EC0-301F-11D3-BF4B-00C04F79EFBC}") = "TradeSystem.Communication.ConnectorTester.Controls", "..\QvaDev.Wololo_old\Applications\Testers\TradeSystem.Communication.ConnectorTester.Controls\TradeSystem.Communication.ConnectorTester.Controls.csproj", "{B17D2F81-62D0-48A5-9CA6-553463D4935B}"
EndProject
Project("{FAE04EC0-301F-11D3-BF4B-00C04F79EFBC}") = "TradeSystem.Communication.Binance", "..\QvaDev.Wololo_old\TradeSystem.Communication.Binance\TradeSystem.Communication.Binance.csproj", "{AC155E47-E9A3-4689-AB13-6D308A47CC42}"
EndProject
Project("{FAE04EC0-301F-11D3-BF4B-00C04F79EFBC}") = "TradeSystem.Communication.Ftx", "..\QvaDev.Wololo_old\TradeSystem.Communication.Ftx\TradeSystem.Communication.Ftx.csproj", "{7CC1EE8B-90A2-4CF7-AF5E-30104BDA14D8}"
EndProject
Project("{9A19103F-16F7-4668-BE54-9A1E7A4F7556}") = "TradeSystem.Communication.Houbi", "..\QvaDev.Wololo_old\TradeSystem.Communication.Houbi\TradeSystem.Communication.Houbi.csproj", "{CCA841F3-B4BC-4027-A961-418C02881DE2}"
EndProject
Project("{FAE04EC0-301F-11D3-BF4B-00C04F79EFBC}") = "TradeSystem.Communication.Strategies", "..\QvaDev.Wololo_old\TradeSystem.Communication.Strategies\TradeSystem.Communication.Strategies.csproj", "{E2DEC81B-0810-4592-B742-902A78059449}"
EndProject
Project("{9A19103F-16F7-4668-BE54-9A1E7A4F7556}") = "mt5api", "..\QvaDev.Wololo_old\mt5-net-api-main\mt5api.csproj", "{19F0E775-116D-4AC6-80F1-F6281ACB81BE}"
EndProject
Project("{FAE04EC0-301F-11D3-BF4B-00C04F79EFBC}") = "TradeSystem.Notification", "TradeSystem.Notification\TradeSystem.Notification.csproj", "{FAF355B7-1510-474E-BD4C-9ECC583347FA}"
EndProject
Project("{FAE04EC0-301F-11D3-BF4B-00C04F79EFBC}") = "TradeSystem.Nj4xIntegration", "TradeSystem.Nj4xIntegration\TradeSystem.Nj4xIntegration.csproj", "{99CB171B-43EA-429A-9835-36FBE59F87AA}"
EndProject
Global
	GlobalSection(SolutionConfigurationPlatforms) = preSolution
		Debug|Any CPU = Debug|Any CPU
		Debug|x64 = Debug|x64
		Debug|x86 = Debug|x86
		Full|Any CPU = Full|Any CPU
		Full|x64 = Full|x64
		Full|x86 = Full|x86
		Release|Any CPU = Release|Any CPU
		Release|x64 = Release|x64
		Release|x86 = Release|x86
		Trial|Any CPU = Trial|Any CPU
		Trial|x64 = Trial|x64
		Trial|x86 = Trial|x86
	EndGlobalSection
	GlobalSection(ProjectConfigurationPlatforms) = postSolution
		{866039F3-42FF-4D42-A85E-F91CEF04F3DF}.Debug|Any CPU.ActiveCfg = Debug|Any CPU
		{866039F3-42FF-4D42-A85E-F91CEF04F3DF}.Debug|Any CPU.Build.0 = Debug|Any CPU
		{866039F3-42FF-4D42-A85E-F91CEF04F3DF}.Debug|x64.ActiveCfg = Debug|x64
		{866039F3-42FF-4D42-A85E-F91CEF04F3DF}.Debug|x64.Build.0 = Debug|x64
		{866039F3-42FF-4D42-A85E-F91CEF04F3DF}.Debug|x86.ActiveCfg = Debug|x86
		{866039F3-42FF-4D42-A85E-F91CEF04F3DF}.Debug|x86.Build.0 = Debug|x86
		{866039F3-42FF-4D42-A85E-F91CEF04F3DF}.Full|Any CPU.ActiveCfg = Release|Any CPU
		{866039F3-42FF-4D42-A85E-F91CEF04F3DF}.Full|Any CPU.Build.0 = Release|Any CPU
		{866039F3-42FF-4D42-A85E-F91CEF04F3DF}.Full|x64.ActiveCfg = Release|x64
		{866039F3-42FF-4D42-A85E-F91CEF04F3DF}.Full|x64.Build.0 = Release|x64
		{866039F3-42FF-4D42-A85E-F91CEF04F3DF}.Full|x86.ActiveCfg = Release|x86
		{866039F3-42FF-4D42-A85E-F91CEF04F3DF}.Full|x86.Build.0 = Release|x86
		{866039F3-42FF-4D42-A85E-F91CEF04F3DF}.Release|Any CPU.ActiveCfg = Release|Any CPU
		{866039F3-42FF-4D42-A85E-F91CEF04F3DF}.Release|Any CPU.Build.0 = Release|Any CPU
		{866039F3-42FF-4D42-A85E-F91CEF04F3DF}.Release|x64.ActiveCfg = Release|x64
		{866039F3-42FF-4D42-A85E-F91CEF04F3DF}.Release|x64.Build.0 = Release|x64
		{866039F3-42FF-4D42-A85E-F91CEF04F3DF}.Release|x86.ActiveCfg = Release|x86
		{866039F3-42FF-4D42-A85E-F91CEF04F3DF}.Release|x86.Build.0 = Release|x86
		{866039F3-42FF-4D42-A85E-F91CEF04F3DF}.Trial|Any CPU.ActiveCfg = Release|Any CPU
		{866039F3-42FF-4D42-A85E-F91CEF04F3DF}.Trial|Any CPU.Build.0 = Release|Any CPU
		{866039F3-42FF-4D42-A85E-F91CEF04F3DF}.Trial|x64.ActiveCfg = Release|x64
		{866039F3-42FF-4D42-A85E-F91CEF04F3DF}.Trial|x64.Build.0 = Release|x64
		{866039F3-42FF-4D42-A85E-F91CEF04F3DF}.Trial|x86.ActiveCfg = Release|x86
		{866039F3-42FF-4D42-A85E-F91CEF04F3DF}.Trial|x86.Build.0 = Release|x86
		{73A2679E-F17E-4484-8874-461D3FC895DD}.Debug|Any CPU.ActiveCfg = Debug|Any CPU
		{73A2679E-F17E-4484-8874-461D3FC895DD}.Debug|Any CPU.Build.0 = Debug|Any CPU
		{73A2679E-F17E-4484-8874-461D3FC895DD}.Debug|x64.ActiveCfg = Debug|x64
		{73A2679E-F17E-4484-8874-461D3FC895DD}.Debug|x64.Build.0 = Debug|x64
		{73A2679E-F17E-4484-8874-461D3FC895DD}.Debug|x86.ActiveCfg = Debug|x86
		{73A2679E-F17E-4484-8874-461D3FC895DD}.Debug|x86.Build.0 = Debug|x86
		{73A2679E-F17E-4484-8874-461D3FC895DD}.Full|Any CPU.ActiveCfg = Release|Any CPU
		{73A2679E-F17E-4484-8874-461D3FC895DD}.Full|Any CPU.Build.0 = Release|Any CPU
		{73A2679E-F17E-4484-8874-461D3FC895DD}.Full|x64.ActiveCfg = Release|x64
		{73A2679E-F17E-4484-8874-461D3FC895DD}.Full|x64.Build.0 = Release|x64
		{73A2679E-F17E-4484-8874-461D3FC895DD}.Full|x86.ActiveCfg = Release|x86
		{73A2679E-F17E-4484-8874-461D3FC895DD}.Full|x86.Build.0 = Release|x86
		{73A2679E-F17E-4484-8874-461D3FC895DD}.Release|Any CPU.ActiveCfg = Release|Any CPU
		{73A2679E-F17E-4484-8874-461D3FC895DD}.Release|Any CPU.Build.0 = Release|Any CPU
		{73A2679E-F17E-4484-8874-461D3FC895DD}.Release|x64.ActiveCfg = Release|x64
		{73A2679E-F17E-4484-8874-461D3FC895DD}.Release|x64.Build.0 = Release|x64
		{73A2679E-F17E-4484-8874-461D3FC895DD}.Release|x86.ActiveCfg = Release|x86
		{73A2679E-F17E-4484-8874-461D3FC895DD}.Release|x86.Build.0 = Release|x86
		{73A2679E-F17E-4484-8874-461D3FC895DD}.Trial|Any CPU.ActiveCfg = Release|Any CPU
		{73A2679E-F17E-4484-8874-461D3FC895DD}.Trial|Any CPU.Build.0 = Release|Any CPU
		{73A2679E-F17E-4484-8874-461D3FC895DD}.Trial|x64.ActiveCfg = Release|x64
		{73A2679E-F17E-4484-8874-461D3FC895DD}.Trial|x64.Build.0 = Release|x64
		{73A2679E-F17E-4484-8874-461D3FC895DD}.Trial|x86.ActiveCfg = Release|x86
		{73A2679E-F17E-4484-8874-461D3FC895DD}.Trial|x86.Build.0 = Release|x86
		{10A3EF89-12BB-4D00-9950-36BFED281B91}.Debug|Any CPU.ActiveCfg = Debug|Any CPU
		{10A3EF89-12BB-4D00-9950-36BFED281B91}.Debug|Any CPU.Build.0 = Debug|Any CPU
		{10A3EF89-12BB-4D00-9950-36BFED281B91}.Debug|x64.ActiveCfg = Debug|x64
		{10A3EF89-12BB-4D00-9950-36BFED281B91}.Debug|x64.Build.0 = Debug|x64
		{10A3EF89-12BB-4D00-9950-36BFED281B91}.Debug|x86.ActiveCfg = Debug|x86
		{10A3EF89-12BB-4D00-9950-36BFED281B91}.Debug|x86.Build.0 = Debug|x86
		{10A3EF89-12BB-4D00-9950-36BFED281B91}.Full|Any CPU.ActiveCfg = Release|Any CPU
		{10A3EF89-12BB-4D00-9950-36BFED281B91}.Full|Any CPU.Build.0 = Release|Any CPU
		{10A3EF89-12BB-4D00-9950-36BFED281B91}.Full|x64.ActiveCfg = Release|x64
		{10A3EF89-12BB-4D00-9950-36BFED281B91}.Full|x64.Build.0 = Release|x64
		{10A3EF89-12BB-4D00-9950-36BFED281B91}.Full|x86.ActiveCfg = Release|x86
		{10A3EF89-12BB-4D00-9950-36BFED281B91}.Full|x86.Build.0 = Release|x86
		{10A3EF89-12BB-4D00-9950-36BFED281B91}.Release|Any CPU.ActiveCfg = Release|Any CPU
		{10A3EF89-12BB-4D00-9950-36BFED281B91}.Release|Any CPU.Build.0 = Release|Any CPU
		{10A3EF89-12BB-4D00-9950-36BFED281B91}.Release|x64.ActiveCfg = Release|x64
		{10A3EF89-12BB-4D00-9950-36BFED281B91}.Release|x64.Build.0 = Release|x64
		{10A3EF89-12BB-4D00-9950-36BFED281B91}.Release|x86.ActiveCfg = Release|x86
		{10A3EF89-12BB-4D00-9950-36BFED281B91}.Release|x86.Build.0 = Release|x86
		{10A3EF89-12BB-4D00-9950-36BFED281B91}.Trial|Any CPU.ActiveCfg = Release|Any CPU
		{10A3EF89-12BB-4D00-9950-36BFED281B91}.Trial|Any CPU.Build.0 = Release|Any CPU
		{10A3EF89-12BB-4D00-9950-36BFED281B91}.Trial|x64.ActiveCfg = Release|x64
		{10A3EF89-12BB-4D00-9950-36BFED281B91}.Trial|x64.Build.0 = Release|x64
		{10A3EF89-12BB-4D00-9950-36BFED281B91}.Trial|x86.ActiveCfg = Release|x86
		{10A3EF89-12BB-4D00-9950-36BFED281B91}.Trial|x86.Build.0 = Release|x86
		{5B92788F-AF48-4709-A539-BBA2822A06B7}.Debug|Any CPU.ActiveCfg = Debug|Any CPU
		{5B92788F-AF48-4709-A539-BBA2822A06B7}.Debug|Any CPU.Build.0 = Debug|Any CPU
		{5B92788F-AF48-4709-A539-BBA2822A06B7}.Debug|x64.ActiveCfg = Debug|x64
		{5B92788F-AF48-4709-A539-BBA2822A06B7}.Debug|x64.Build.0 = Debug|x64
		{5B92788F-AF48-4709-A539-BBA2822A06B7}.Debug|x86.ActiveCfg = Debug|x86
		{5B92788F-AF48-4709-A539-BBA2822A06B7}.Debug|x86.Build.0 = Debug|x86
		{5B92788F-AF48-4709-A539-BBA2822A06B7}.Full|Any CPU.ActiveCfg = Release|Any CPU
		{5B92788F-AF48-4709-A539-BBA2822A06B7}.Full|Any CPU.Build.0 = Release|Any CPU
		{5B92788F-AF48-4709-A539-BBA2822A06B7}.Full|x64.ActiveCfg = Release|x64
		{5B92788F-AF48-4709-A539-BBA2822A06B7}.Full|x64.Build.0 = Release|x64
		{5B92788F-AF48-4709-A539-BBA2822A06B7}.Full|x86.ActiveCfg = Release|x86
		{5B92788F-AF48-4709-A539-BBA2822A06B7}.Full|x86.Build.0 = Release|x86
		{5B92788F-AF48-4709-A539-BBA2822A06B7}.Release|Any CPU.ActiveCfg = Release|Any CPU
		{5B92788F-AF48-4709-A539-BBA2822A06B7}.Release|Any CPU.Build.0 = Release|Any CPU
		{5B92788F-AF48-4709-A539-BBA2822A06B7}.Release|x64.ActiveCfg = Release|x64
		{5B92788F-AF48-4709-A539-BBA2822A06B7}.Release|x64.Build.0 = Release|x64
		{5B92788F-AF48-4709-A539-BBA2822A06B7}.Release|x86.ActiveCfg = Release|x86
		{5B92788F-AF48-4709-A539-BBA2822A06B7}.Release|x86.Build.0 = Release|x86
		{5B92788F-AF48-4709-A539-BBA2822A06B7}.Trial|Any CPU.ActiveCfg = Release|Any CPU
		{5B92788F-AF48-4709-A539-BBA2822A06B7}.Trial|Any CPU.Build.0 = Release|Any CPU
		{5B92788F-AF48-4709-A539-BBA2822A06B7}.Trial|x64.ActiveCfg = Release|x64
		{5B92788F-AF48-4709-A539-BBA2822A06B7}.Trial|x64.Build.0 = Release|x64
		{5B92788F-AF48-4709-A539-BBA2822A06B7}.Trial|x86.ActiveCfg = Release|x86
		{5B92788F-AF48-4709-A539-BBA2822A06B7}.Trial|x86.Build.0 = Release|x86
		{051B3CD8-9791-448A-864F-B6A7B4EF63BB}.Debug|Any CPU.ActiveCfg = Debug|Any CPU
		{051B3CD8-9791-448A-864F-B6A7B4EF63BB}.Debug|Any CPU.Build.0 = Debug|Any CPU
		{051B3CD8-9791-448A-864F-B6A7B4EF63BB}.Debug|x64.ActiveCfg = Debug|x64
		{051B3CD8-9791-448A-864F-B6A7B4EF63BB}.Debug|x64.Build.0 = Debug|x64
		{051B3CD8-9791-448A-864F-B6A7B4EF63BB}.Debug|x86.ActiveCfg = Debug|x86
		{051B3CD8-9791-448A-864F-B6A7B4EF63BB}.Debug|x86.Build.0 = Debug|x86
		{051B3CD8-9791-448A-864F-B6A7B4EF63BB}.Full|Any CPU.ActiveCfg = Release|Any CPU
		{051B3CD8-9791-448A-864F-B6A7B4EF63BB}.Full|Any CPU.Build.0 = Release|Any CPU
		{051B3CD8-9791-448A-864F-B6A7B4EF63BB}.Full|x64.ActiveCfg = Release|x64
		{051B3CD8-9791-448A-864F-B6A7B4EF63BB}.Full|x64.Build.0 = Release|x64
		{051B3CD8-9791-448A-864F-B6A7B4EF63BB}.Full|x86.ActiveCfg = Release|x86
		{051B3CD8-9791-448A-864F-B6A7B4EF63BB}.Full|x86.Build.0 = Release|x86
		{051B3CD8-9791-448A-864F-B6A7B4EF63BB}.Release|Any CPU.ActiveCfg = Release|Any CPU
		{051B3CD8-9791-448A-864F-B6A7B4EF63BB}.Release|Any CPU.Build.0 = Release|Any CPU
		{051B3CD8-9791-448A-864F-B6A7B4EF63BB}.Release|x64.ActiveCfg = Release|x64
		{051B3CD8-9791-448A-864F-B6A7B4EF63BB}.Release|x64.Build.0 = Release|x64
		{051B3CD8-9791-448A-864F-B6A7B4EF63BB}.Release|x86.ActiveCfg = Release|x86
		{051B3CD8-9791-448A-864F-B6A7B4EF63BB}.Release|x86.Build.0 = Release|x86
		{051B3CD8-9791-448A-864F-B6A7B4EF63BB}.Trial|Any CPU.ActiveCfg = Release|Any CPU
		{051B3CD8-9791-448A-864F-B6A7B4EF63BB}.Trial|Any CPU.Build.0 = Release|Any CPU
		{051B3CD8-9791-448A-864F-B6A7B4EF63BB}.Trial|x64.ActiveCfg = Release|x64
		{051B3CD8-9791-448A-864F-B6A7B4EF63BB}.Trial|x64.Build.0 = Release|x64
		{051B3CD8-9791-448A-864F-B6A7B4EF63BB}.Trial|x86.ActiveCfg = Release|x86
		{051B3CD8-9791-448A-864F-B6A7B4EF63BB}.Trial|x86.Build.0 = Release|x86
		{D7DA9DD6-1BA9-45B9-9581-1D095631DF0D}.Debug|Any CPU.ActiveCfg = Debug|Any CPU
		{D7DA9DD6-1BA9-45B9-9581-1D095631DF0D}.Debug|Any CPU.Build.0 = Debug|Any CPU
		{D7DA9DD6-1BA9-45B9-9581-1D095631DF0D}.Debug|x64.ActiveCfg = Debug|x64
		{D7DA9DD6-1BA9-45B9-9581-1D095631DF0D}.Debug|x64.Build.0 = Debug|x64
		{D7DA9DD6-1BA9-45B9-9581-1D095631DF0D}.Debug|x86.ActiveCfg = Debug|x86
		{D7DA9DD6-1BA9-45B9-9581-1D095631DF0D}.Debug|x86.Build.0 = Debug|x86
		{D7DA9DD6-1BA9-45B9-9581-1D095631DF0D}.Full|Any CPU.ActiveCfg = Release|Any CPU
		{D7DA9DD6-1BA9-45B9-9581-1D095631DF0D}.Full|Any CPU.Build.0 = Release|Any CPU
		{D7DA9DD6-1BA9-45B9-9581-1D095631DF0D}.Full|x64.ActiveCfg = Release|x64
		{D7DA9DD6-1BA9-45B9-9581-1D095631DF0D}.Full|x64.Build.0 = Release|x64
		{D7DA9DD6-1BA9-45B9-9581-1D095631DF0D}.Full|x86.ActiveCfg = Release|x86
		{D7DA9DD6-1BA9-45B9-9581-1D095631DF0D}.Full|x86.Build.0 = Release|x86
		{D7DA9DD6-1BA9-45B9-9581-1D095631DF0D}.Release|Any CPU.ActiveCfg = Release|Any CPU
		{D7DA9DD6-1BA9-45B9-9581-1D095631DF0D}.Release|Any CPU.Build.0 = Release|Any CPU
		{D7DA9DD6-1BA9-45B9-9581-1D095631DF0D}.Release|x64.ActiveCfg = Release|x64
		{D7DA9DD6-1BA9-45B9-9581-1D095631DF0D}.Release|x64.Build.0 = Release|x64
		{D7DA9DD6-1BA9-45B9-9581-1D095631DF0D}.Release|x86.ActiveCfg = Release|x86
		{D7DA9DD6-1BA9-45B9-9581-1D095631DF0D}.Release|x86.Build.0 = Release|x86
		{D7DA9DD6-1BA9-45B9-9581-1D095631DF0D}.Trial|Any CPU.ActiveCfg = Release|Any CPU
		{D7DA9DD6-1BA9-45B9-9581-1D095631DF0D}.Trial|Any CPU.Build.0 = Release|Any CPU
		{D7DA9DD6-1BA9-45B9-9581-1D095631DF0D}.Trial|x64.ActiveCfg = Release|x64
		{D7DA9DD6-1BA9-45B9-9581-1D095631DF0D}.Trial|x64.Build.0 = Release|x64
		{D7DA9DD6-1BA9-45B9-9581-1D095631DF0D}.Trial|x86.ActiveCfg = Release|x86
		{D7DA9DD6-1BA9-45B9-9581-1D095631DF0D}.Trial|x86.Build.0 = Release|x86
		{7FCD6735-2115-4096-B5C9-E5CD7B4A3C1C}.Debug|Any CPU.ActiveCfg = Debug|Any CPU
		{7FCD6735-2115-4096-B5C9-E5CD7B4A3C1C}.Debug|Any CPU.Build.0 = Debug|Any CPU
		{7FCD6735-2115-4096-B5C9-E5CD7B4A3C1C}.Debug|x64.ActiveCfg = Debug|x64
		{7FCD6735-2115-4096-B5C9-E5CD7B4A3C1C}.Debug|x64.Build.0 = Debug|x64
		{7FCD6735-2115-4096-B5C9-E5CD7B4A3C1C}.Debug|x86.ActiveCfg = Debug|x86
		{7FCD6735-2115-4096-B5C9-E5CD7B4A3C1C}.Debug|x86.Build.0 = Debug|x86
		{7FCD6735-2115-4096-B5C9-E5CD7B4A3C1C}.Full|Any CPU.ActiveCfg = Release|Any CPU
		{7FCD6735-2115-4096-B5C9-E5CD7B4A3C1C}.Full|Any CPU.Build.0 = Release|Any CPU
		{7FCD6735-2115-4096-B5C9-E5CD7B4A3C1C}.Full|x64.ActiveCfg = Release|x64
		{7FCD6735-2115-4096-B5C9-E5CD7B4A3C1C}.Full|x64.Build.0 = Release|x64
		{7FCD6735-2115-4096-B5C9-E5CD7B4A3C1C}.Full|x86.ActiveCfg = Release|x86
		{7FCD6735-2115-4096-B5C9-E5CD7B4A3C1C}.Full|x86.Build.0 = Release|x86
		{7FCD6735-2115-4096-B5C9-E5CD7B4A3C1C}.Release|Any CPU.ActiveCfg = Release|Any CPU
		{7FCD6735-2115-4096-B5C9-E5CD7B4A3C1C}.Release|Any CPU.Build.0 = Release|Any CPU
		{7FCD6735-2115-4096-B5C9-E5CD7B4A3C1C}.Release|x64.ActiveCfg = Release|x64
		{7FCD6735-2115-4096-B5C9-E5CD7B4A3C1C}.Release|x64.Build.0 = Release|x64
		{7FCD6735-2115-4096-B5C9-E5CD7B4A3C1C}.Release|x86.ActiveCfg = Release|x86
		{7FCD6735-2115-4096-B5C9-E5CD7B4A3C1C}.Release|x86.Build.0 = Release|x86
		{7FCD6735-2115-4096-B5C9-E5CD7B4A3C1C}.Trial|Any CPU.ActiveCfg = Release|Any CPU
		{7FCD6735-2115-4096-B5C9-E5CD7B4A3C1C}.Trial|Any CPU.Build.0 = Release|Any CPU
		{7FCD6735-2115-4096-B5C9-E5CD7B4A3C1C}.Trial|x64.ActiveCfg = Release|x64
		{7FCD6735-2115-4096-B5C9-E5CD7B4A3C1C}.Trial|x64.Build.0 = Release|x64
		{7FCD6735-2115-4096-B5C9-E5CD7B4A3C1C}.Trial|x86.ActiveCfg = Release|x86
		{7FCD6735-2115-4096-B5C9-E5CD7B4A3C1C}.Trial|x86.Build.0 = Release|x86
		{D6B82A20-17F8-44BB-AEE5-C11DD8BECC4C}.Debug|Any CPU.ActiveCfg = Debug|Any CPU
		{D6B82A20-17F8-44BB-AEE5-C11DD8BECC4C}.Debug|Any CPU.Build.0 = Debug|Any CPU
		{D6B82A20-17F8-44BB-AEE5-C11DD8BECC4C}.Debug|x64.ActiveCfg = Debug|x64
		{D6B82A20-17F8-44BB-AEE5-C11DD8BECC4C}.Debug|x64.Build.0 = Debug|x64
		{D6B82A20-17F8-44BB-AEE5-C11DD8BECC4C}.Debug|x86.ActiveCfg = Debug|x86
		{D6B82A20-17F8-44BB-AEE5-C11DD8BECC4C}.Debug|x86.Build.0 = Debug|x86
		{D6B82A20-17F8-44BB-AEE5-C11DD8BECC4C}.Full|Any CPU.ActiveCfg = Release|Any CPU
		{D6B82A20-17F8-44BB-AEE5-C11DD8BECC4C}.Full|Any CPU.Build.0 = Release|Any CPU
		{D6B82A20-17F8-44BB-AEE5-C11DD8BECC4C}.Full|x64.ActiveCfg = Release|x64
		{D6B82A20-17F8-44BB-AEE5-C11DD8BECC4C}.Full|x64.Build.0 = Release|x64
		{D6B82A20-17F8-44BB-AEE5-C11DD8BECC4C}.Full|x86.ActiveCfg = Release|x86
		{D6B82A20-17F8-44BB-AEE5-C11DD8BECC4C}.Full|x86.Build.0 = Release|x86
		{D6B82A20-17F8-44BB-AEE5-C11DD8BECC4C}.Release|Any CPU.ActiveCfg = Release|Any CPU
		{D6B82A20-17F8-44BB-AEE5-C11DD8BECC4C}.Release|Any CPU.Build.0 = Release|Any CPU
		{D6B82A20-17F8-44BB-AEE5-C11DD8BECC4C}.Release|x64.ActiveCfg = Release|x64
		{D6B82A20-17F8-44BB-AEE5-C11DD8BECC4C}.Release|x64.Build.0 = Release|x64
		{D6B82A20-17F8-44BB-AEE5-C11DD8BECC4C}.Release|x86.ActiveCfg = Release|x86
		{D6B82A20-17F8-44BB-AEE5-C11DD8BECC4C}.Release|x86.Build.0 = Release|x86
		{D6B82A20-17F8-44BB-AEE5-C11DD8BECC4C}.Trial|Any CPU.ActiveCfg = Release|Any CPU
		{D6B82A20-17F8-44BB-AEE5-C11DD8BECC4C}.Trial|Any CPU.Build.0 = Release|Any CPU
		{D6B82A20-17F8-44BB-AEE5-C11DD8BECC4C}.Trial|x64.ActiveCfg = Release|x64
		{D6B82A20-17F8-44BB-AEE5-C11DD8BECC4C}.Trial|x64.Build.0 = Release|x64
		{D6B82A20-17F8-44BB-AEE5-C11DD8BECC4C}.Trial|x86.ActiveCfg = Release|x86
		{D6B82A20-17F8-44BB-AEE5-C11DD8BECC4C}.Trial|x86.Build.0 = Release|x86
		{BB763038-2989-4643-AE5E-1A1FAA2053AF}.Debug|Any CPU.ActiveCfg = Debug|Any CPU
		{BB763038-2989-4643-AE5E-1A1FAA2053AF}.Debug|Any CPU.Build.0 = Debug|Any CPU
		{BB763038-2989-4643-AE5E-1A1FAA2053AF}.Debug|x64.ActiveCfg = Debug|Any CPU
		{BB763038-2989-4643-AE5E-1A1FAA2053AF}.Debug|x64.Build.0 = Debug|Any CPU
		{BB763038-2989-4643-AE5E-1A1FAA2053AF}.Debug|x86.ActiveCfg = Debug|x86
		{BB763038-2989-4643-AE5E-1A1FAA2053AF}.Debug|x86.Build.0 = Debug|x86
		{BB763038-2989-4643-AE5E-1A1FAA2053AF}.Full|Any CPU.ActiveCfg = Release|Any CPU
		{BB763038-2989-4643-AE5E-1A1FAA2053AF}.Full|Any CPU.Build.0 = Release|Any CPU
		{BB763038-2989-4643-AE5E-1A1FAA2053AF}.Full|x64.ActiveCfg = Release|Any CPU
		{BB763038-2989-4643-AE5E-1A1FAA2053AF}.Full|x64.Build.0 = Release|Any CPU
		{BB763038-2989-4643-AE5E-1A1FAA2053AF}.Full|x86.ActiveCfg = Release|x86
		{BB763038-2989-4643-AE5E-1A1FAA2053AF}.Full|x86.Build.0 = Release|x86
		{BB763038-2989-4643-AE5E-1A1FAA2053AF}.Release|Any CPU.ActiveCfg = Release|Any CPU
		{BB763038-2989-4643-AE5E-1A1FAA2053AF}.Release|Any CPU.Build.0 = Release|Any CPU
		{BB763038-2989-4643-AE5E-1A1FAA2053AF}.Release|x64.ActiveCfg = Release|Any CPU
		{BB763038-2989-4643-AE5E-1A1FAA2053AF}.Release|x64.Build.0 = Release|Any CPU
		{BB763038-2989-4643-AE5E-1A1FAA2053AF}.Release|x86.ActiveCfg = Release|x86
		{BB763038-2989-4643-AE5E-1A1FAA2053AF}.Release|x86.Build.0 = Release|x86
		{BB763038-2989-4643-AE5E-1A1FAA2053AF}.Trial|Any CPU.ActiveCfg = Release|Any CPU
		{BB763038-2989-4643-AE5E-1A1FAA2053AF}.Trial|Any CPU.Build.0 = Release|Any CPU
		{BB763038-2989-4643-AE5E-1A1FAA2053AF}.Trial|x64.ActiveCfg = Release|Any CPU
		{BB763038-2989-4643-AE5E-1A1FAA2053AF}.Trial|x64.Build.0 = Release|Any CPU
		{BB763038-2989-4643-AE5E-1A1FAA2053AF}.Trial|x86.ActiveCfg = Release|x86
		{BB763038-2989-4643-AE5E-1A1FAA2053AF}.Trial|x86.Build.0 = Release|x86
		{7F7F4B22-F0BD-4375-BAF4-FFAFE9B3A853}.Debug|Any CPU.ActiveCfg = Debug|Any CPU
		{7F7F4B22-F0BD-4375-BAF4-FFAFE9B3A853}.Debug|Any CPU.Build.0 = Debug|Any CPU
		{7F7F4B22-F0BD-4375-BAF4-FFAFE9B3A853}.Debug|x64.ActiveCfg = Debug|Any CPU
		{7F7F4B22-F0BD-4375-BAF4-FFAFE9B3A853}.Debug|x64.Build.0 = Debug|Any CPU
		{7F7F4B22-F0BD-4375-BAF4-FFAFE9B3A853}.Debug|x86.ActiveCfg = Debug|x86
		{7F7F4B22-F0BD-4375-BAF4-FFAFE9B3A853}.Debug|x86.Build.0 = Debug|x86
		{7F7F4B22-F0BD-4375-BAF4-FFAFE9B3A853}.Full|Any CPU.ActiveCfg = Release|Any CPU
		{7F7F4B22-F0BD-4375-BAF4-FFAFE9B3A853}.Full|Any CPU.Build.0 = Release|Any CPU
		{7F7F4B22-F0BD-4375-BAF4-FFAFE9B3A853}.Full|x64.ActiveCfg = Release|Any CPU
		{7F7F4B22-F0BD-4375-BAF4-FFAFE9B3A853}.Full|x64.Build.0 = Release|Any CPU
		{7F7F4B22-F0BD-4375-BAF4-FFAFE9B3A853}.Full|x86.ActiveCfg = Release|x86
		{7F7F4B22-F0BD-4375-BAF4-FFAFE9B3A853}.Full|x86.Build.0 = Release|x86
		{7F7F4B22-F0BD-4375-BAF4-FFAFE9B3A853}.Release|Any CPU.ActiveCfg = Release|Any CPU
		{7F7F4B22-F0BD-4375-BAF4-FFAFE9B3A853}.Release|Any CPU.Build.0 = Release|Any CPU
		{7F7F4B22-F0BD-4375-BAF4-FFAFE9B3A853}.Release|x64.ActiveCfg = Release|Any CPU
		{7F7F4B22-F0BD-4375-BAF4-FFAFE9B3A853}.Release|x64.Build.0 = Release|Any CPU
		{7F7F4B22-F0BD-4375-BAF4-FFAFE9B3A853}.Release|x86.ActiveCfg = Release|x86
		{7F7F4B22-F0BD-4375-BAF4-FFAFE9B3A853}.Release|x86.Build.0 = Release|x86
		{7F7F4B22-F0BD-4375-BAF4-FFAFE9B3A853}.Trial|Any CPU.ActiveCfg = Release|Any CPU
		{7F7F4B22-F0BD-4375-BAF4-FFAFE9B3A853}.Trial|Any CPU.Build.0 = Release|Any CPU
		{7F7F4B22-F0BD-4375-BAF4-FFAFE9B3A853}.Trial|x64.ActiveCfg = Release|Any CPU
		{7F7F4B22-F0BD-4375-BAF4-FFAFE9B3A853}.Trial|x64.Build.0 = Release|Any CPU
		{7F7F4B22-F0BD-4375-BAF4-FFAFE9B3A853}.Trial|x86.ActiveCfg = Release|x86
		{7F7F4B22-F0BD-4375-BAF4-FFAFE9B3A853}.Trial|x86.Build.0 = Release|x86
		{4C1EA1A8-5C20-48AB-A662-72969D880B21}.Debug|Any CPU.ActiveCfg = Debug|Any CPU
		{4C1EA1A8-5C20-48AB-A662-72969D880B21}.Debug|Any CPU.Build.0 = Debug|Any CPU
		{4C1EA1A8-5C20-48AB-A662-72969D880B21}.Debug|x64.ActiveCfg = Debug|Any CPU
		{4C1EA1A8-5C20-48AB-A662-72969D880B21}.Debug|x64.Build.0 = Debug|Any CPU
		{4C1EA1A8-5C20-48AB-A662-72969D880B21}.Debug|x86.ActiveCfg = Debug|x86
		{4C1EA1A8-5C20-48AB-A662-72969D880B21}.Debug|x86.Build.0 = Debug|x86
		{4C1EA1A8-5C20-48AB-A662-72969D880B21}.Full|Any CPU.ActiveCfg = Release|Any CPU
		{4C1EA1A8-5C20-48AB-A662-72969D880B21}.Full|Any CPU.Build.0 = Release|Any CPU
		{4C1EA1A8-5C20-48AB-A662-72969D880B21}.Full|x64.ActiveCfg = Release|Any CPU
		{4C1EA1A8-5C20-48AB-A662-72969D880B21}.Full|x64.Build.0 = Release|Any CPU
		{4C1EA1A8-5C20-48AB-A662-72969D880B21}.Full|x86.ActiveCfg = Release|x86
		{4C1EA1A8-5C20-48AB-A662-72969D880B21}.Full|x86.Build.0 = Release|x86
		{4C1EA1A8-5C20-48AB-A662-72969D880B21}.Release|Any CPU.ActiveCfg = Release|Any CPU
		{4C1EA1A8-5C20-48AB-A662-72969D880B21}.Release|Any CPU.Build.0 = Release|Any CPU
		{4C1EA1A8-5C20-48AB-A662-72969D880B21}.Release|x64.ActiveCfg = Release|Any CPU
		{4C1EA1A8-5C20-48AB-A662-72969D880B21}.Release|x64.Build.0 = Release|Any CPU
		{4C1EA1A8-5C20-48AB-A662-72969D880B21}.Release|x86.ActiveCfg = Release|x86
		{4C1EA1A8-5C20-48AB-A662-72969D880B21}.Release|x86.Build.0 = Release|x86
		{4C1EA1A8-5C20-48AB-A662-72969D880B21}.Trial|Any CPU.ActiveCfg = Release|Any CPU
		{4C1EA1A8-5C20-48AB-A662-72969D880B21}.Trial|Any CPU.Build.0 = Release|Any CPU
		{4C1EA1A8-5C20-48AB-A662-72969D880B21}.Trial|x64.ActiveCfg = Release|Any CPU
		{4C1EA1A8-5C20-48AB-A662-72969D880B21}.Trial|x64.Build.0 = Release|Any CPU
		{4C1EA1A8-5C20-48AB-A662-72969D880B21}.Trial|x86.ActiveCfg = Release|x86
		{4C1EA1A8-5C20-48AB-A662-72969D880B21}.Trial|x86.Build.0 = Release|x86
		{8ACFC7D6-2C62-4F4C-9FA5-86066CFB62B9}.Debug|Any CPU.ActiveCfg = Debug|Any CPU
		{8ACFC7D6-2C62-4F4C-9FA5-86066CFB62B9}.Debug|Any CPU.Build.0 = Debug|Any CPU
		{8ACFC7D6-2C62-4F4C-9FA5-86066CFB62B9}.Debug|x64.ActiveCfg = Debug|Any CPU
		{8ACFC7D6-2C62-4F4C-9FA5-86066CFB62B9}.Debug|x64.Build.0 = Debug|Any CPU
		{8ACFC7D6-2C62-4F4C-9FA5-86066CFB62B9}.Debug|x86.ActiveCfg = Debug|x86
		{8ACFC7D6-2C62-4F4C-9FA5-86066CFB62B9}.Debug|x86.Build.0 = Debug|x86
		{8ACFC7D6-2C62-4F4C-9FA5-86066CFB62B9}.Full|Any CPU.ActiveCfg = Release|Any CPU
		{8ACFC7D6-2C62-4F4C-9FA5-86066CFB62B9}.Full|Any CPU.Build.0 = Release|Any CPU
		{8ACFC7D6-2C62-4F4C-9FA5-86066CFB62B9}.Full|x64.ActiveCfg = Release|Any CPU
		{8ACFC7D6-2C62-4F4C-9FA5-86066CFB62B9}.Full|x64.Build.0 = Release|Any CPU
		{8ACFC7D6-2C62-4F4C-9FA5-86066CFB62B9}.Full|x86.ActiveCfg = Release|x86
		{8ACFC7D6-2C62-4F4C-9FA5-86066CFB62B9}.Full|x86.Build.0 = Release|x86
		{8ACFC7D6-2C62-4F4C-9FA5-86066CFB62B9}.Release|Any CPU.ActiveCfg = Release|Any CPU
		{8ACFC7D6-2C62-4F4C-9FA5-86066CFB62B9}.Release|Any CPU.Build.0 = Release|Any CPU
		{8ACFC7D6-2C62-4F4C-9FA5-86066CFB62B9}.Release|x64.ActiveCfg = Release|Any CPU
		{8ACFC7D6-2C62-4F4C-9FA5-86066CFB62B9}.Release|x64.Build.0 = Release|Any CPU
		{8ACFC7D6-2C62-4F4C-9FA5-86066CFB62B9}.Release|x86.ActiveCfg = Release|x86
		{8ACFC7D6-2C62-4F4C-9FA5-86066CFB62B9}.Release|x86.Build.0 = Release|x86
		{8ACFC7D6-2C62-4F4C-9FA5-86066CFB62B9}.Trial|Any CPU.ActiveCfg = Release|Any CPU
		{8ACFC7D6-2C62-4F4C-9FA5-86066CFB62B9}.Trial|Any CPU.Build.0 = Release|Any CPU
		{8ACFC7D6-2C62-4F4C-9FA5-86066CFB62B9}.Trial|x64.ActiveCfg = Release|Any CPU
		{8ACFC7D6-2C62-4F4C-9FA5-86066CFB62B9}.Trial|x64.Build.0 = Release|Any CPU
		{8ACFC7D6-2C62-4F4C-9FA5-86066CFB62B9}.Trial|x86.ActiveCfg = Release|x86
		{8ACFC7D6-2C62-4F4C-9FA5-86066CFB62B9}.Trial|x86.Build.0 = Release|x86
		{B0DF0796-17ED-470A-858D-A7CABB3F36F8}.Debug|Any CPU.ActiveCfg = Debug|Any CPU
		{B0DF0796-17ED-470A-858D-A7CABB3F36F8}.Debug|Any CPU.Build.0 = Debug|Any CPU
		{B0DF0796-17ED-470A-858D-A7CABB3F36F8}.Debug|x64.ActiveCfg = Debug|Any CPU
		{B0DF0796-17ED-470A-858D-A7CABB3F36F8}.Debug|x64.Build.0 = Debug|Any CPU
		{B0DF0796-17ED-470A-858D-A7CABB3F36F8}.Debug|x86.ActiveCfg = Debug|x86
		{B0DF0796-17ED-470A-858D-A7CABB3F36F8}.Debug|x86.Build.0 = Debug|x86
		{B0DF0796-17ED-470A-858D-A7CABB3F36F8}.Full|Any CPU.ActiveCfg = Release|Any CPU
		{B0DF0796-17ED-470A-858D-A7CABB3F36F8}.Full|Any CPU.Build.0 = Release|Any CPU
		{B0DF0796-17ED-470A-858D-A7CABB3F36F8}.Full|x64.ActiveCfg = Release|Any CPU
		{B0DF0796-17ED-470A-858D-A7CABB3F36F8}.Full|x64.Build.0 = Release|Any CPU
		{B0DF0796-17ED-470A-858D-A7CABB3F36F8}.Full|x86.ActiveCfg = Release|x86
		{B0DF0796-17ED-470A-858D-A7CABB3F36F8}.Full|x86.Build.0 = Release|x86
		{B0DF0796-17ED-470A-858D-A7CABB3F36F8}.Release|Any CPU.ActiveCfg = Release|Any CPU
		{B0DF0796-17ED-470A-858D-A7CABB3F36F8}.Release|Any CPU.Build.0 = Release|Any CPU
		{B0DF0796-17ED-470A-858D-A7CABB3F36F8}.Release|x64.ActiveCfg = Release|Any CPU
		{B0DF0796-17ED-470A-858D-A7CABB3F36F8}.Release|x64.Build.0 = Release|Any CPU
		{B0DF0796-17ED-470A-858D-A7CABB3F36F8}.Release|x86.ActiveCfg = Release|x86
		{B0DF0796-17ED-470A-858D-A7CABB3F36F8}.Release|x86.Build.0 = Release|x86
		{B0DF0796-17ED-470A-858D-A7CABB3F36F8}.Trial|Any CPU.ActiveCfg = Release|Any CPU
		{B0DF0796-17ED-470A-858D-A7CABB3F36F8}.Trial|Any CPU.Build.0 = Release|Any CPU
		{B0DF0796-17ED-470A-858D-A7CABB3F36F8}.Trial|x64.ActiveCfg = Release|Any CPU
		{B0DF0796-17ED-470A-858D-A7CABB3F36F8}.Trial|x64.Build.0 = Release|Any CPU
		{B0DF0796-17ED-470A-858D-A7CABB3F36F8}.Trial|x86.ActiveCfg = Release|x86
		{B0DF0796-17ED-470A-858D-A7CABB3F36F8}.Trial|x86.Build.0 = Release|x86
		{62CE29D7-E16C-4B48-B017-586C4B22EDC9}.Debug|Any CPU.ActiveCfg = Debug|Any CPU
		{62CE29D7-E16C-4B48-B017-586C4B22EDC9}.Debug|Any CPU.Build.0 = Debug|Any CPU
		{62CE29D7-E16C-4B48-B017-586C4B22EDC9}.Debug|x64.ActiveCfg = Debug|Any CPU
		{62CE29D7-E16C-4B48-B017-586C4B22EDC9}.Debug|x64.Build.0 = Debug|Any CPU
		{62CE29D7-E16C-4B48-B017-586C4B22EDC9}.Debug|x86.ActiveCfg = Debug|x86
		{62CE29D7-E16C-4B48-B017-586C4B22EDC9}.Debug|x86.Build.0 = Debug|x86
		{62CE29D7-E16C-4B48-B017-586C4B22EDC9}.Full|Any CPU.ActiveCfg = Release|Any CPU
		{62CE29D7-E16C-4B48-B017-586C4B22EDC9}.Full|Any CPU.Build.0 = Release|Any CPU
		{62CE29D7-E16C-4B48-B017-586C4B22EDC9}.Full|x64.ActiveCfg = Release|Any CPU
		{62CE29D7-E16C-4B48-B017-586C4B22EDC9}.Full|x64.Build.0 = Release|Any CPU
		{62CE29D7-E16C-4B48-B017-586C4B22EDC9}.Full|x86.ActiveCfg = Release|x86
		{62CE29D7-E16C-4B48-B017-586C4B22EDC9}.Full|x86.Build.0 = Release|x86
		{62CE29D7-E16C-4B48-B017-586C4B22EDC9}.Release|Any CPU.ActiveCfg = Release|Any CPU
		{62CE29D7-E16C-4B48-B017-586C4B22EDC9}.Release|Any CPU.Build.0 = Release|Any CPU
		{62CE29D7-E16C-4B48-B017-586C4B22EDC9}.Release|x64.ActiveCfg = Release|Any CPU
		{62CE29D7-E16C-4B48-B017-586C4B22EDC9}.Release|x64.Build.0 = Release|Any CPU
		{62CE29D7-E16C-4B48-B017-586C4B22EDC9}.Release|x86.ActiveCfg = Release|x86
		{62CE29D7-E16C-4B48-B017-586C4B22EDC9}.Release|x86.Build.0 = Release|x86
		{62CE29D7-E16C-4B48-B017-586C4B22EDC9}.Trial|Any CPU.ActiveCfg = Release|Any CPU
		{62CE29D7-E16C-4B48-B017-586C4B22EDC9}.Trial|Any CPU.Build.0 = Release|Any CPU
		{62CE29D7-E16C-4B48-B017-586C4B22EDC9}.Trial|x64.ActiveCfg = Release|Any CPU
		{62CE29D7-E16C-4B48-B017-586C4B22EDC9}.Trial|x64.Build.0 = Release|Any CPU
		{62CE29D7-E16C-4B48-B017-586C4B22EDC9}.Trial|x86.ActiveCfg = Release|x86
		{62CE29D7-E16C-4B48-B017-586C4B22EDC9}.Trial|x86.Build.0 = Release|x86
		{8EDE0744-96C2-40B0-A8DC-37DF79370203}.Debug|Any CPU.ActiveCfg = Debug|Any CPU
		{8EDE0744-96C2-40B0-A8DC-37DF79370203}.Debug|Any CPU.Build.0 = Debug|Any CPU
		{8EDE0744-96C2-40B0-A8DC-37DF79370203}.Debug|x64.ActiveCfg = Debug|Any CPU
		{8EDE0744-96C2-40B0-A8DC-37DF79370203}.Debug|x64.Build.0 = Debug|Any CPU
		{8EDE0744-96C2-40B0-A8DC-37DF79370203}.Debug|x86.ActiveCfg = Debug|x86
		{8EDE0744-96C2-40B0-A8DC-37DF79370203}.Debug|x86.Build.0 = Debug|x86
		{8EDE0744-96C2-40B0-A8DC-37DF79370203}.Full|Any CPU.ActiveCfg = Release|Any CPU
		{8EDE0744-96C2-40B0-A8DC-37DF79370203}.Full|Any CPU.Build.0 = Release|Any CPU
		{8EDE0744-96C2-40B0-A8DC-37DF79370203}.Full|x64.ActiveCfg = Release|Any CPU
		{8EDE0744-96C2-40B0-A8DC-37DF79370203}.Full|x64.Build.0 = Release|Any CPU
		{8EDE0744-96C2-40B0-A8DC-37DF79370203}.Full|x86.ActiveCfg = Release|x86
		{8EDE0744-96C2-40B0-A8DC-37DF79370203}.Full|x86.Build.0 = Release|x86
		{8EDE0744-96C2-40B0-A8DC-37DF79370203}.Release|Any CPU.ActiveCfg = Release|Any CPU
		{8EDE0744-96C2-40B0-A8DC-37DF79370203}.Release|Any CPU.Build.0 = Release|Any CPU
		{8EDE0744-96C2-40B0-A8DC-37DF79370203}.Release|x64.ActiveCfg = Release|Any CPU
		{8EDE0744-96C2-40B0-A8DC-37DF79370203}.Release|x64.Build.0 = Release|Any CPU
		{8EDE0744-96C2-40B0-A8DC-37DF79370203}.Release|x86.ActiveCfg = Release|x86
		{8EDE0744-96C2-40B0-A8DC-37DF79370203}.Release|x86.Build.0 = Release|x86
		{8EDE0744-96C2-40B0-A8DC-37DF79370203}.Trial|Any CPU.ActiveCfg = Release|Any CPU
		{8EDE0744-96C2-40B0-A8DC-37DF79370203}.Trial|Any CPU.Build.0 = Release|Any CPU
		{8EDE0744-96C2-40B0-A8DC-37DF79370203}.Trial|x64.ActiveCfg = Release|Any CPU
		{8EDE0744-96C2-40B0-A8DC-37DF79370203}.Trial|x64.Build.0 = Release|Any CPU
		{8EDE0744-96C2-40B0-A8DC-37DF79370203}.Trial|x86.ActiveCfg = Release|x86
		{8EDE0744-96C2-40B0-A8DC-37DF79370203}.Trial|x86.Build.0 = Release|x86
		{FDFCE270-50AC-4930-8680-A760F6F7C637}.Debug|Any CPU.ActiveCfg = Debug|Any CPU
		{FDFCE270-50AC-4930-8680-A760F6F7C637}.Debug|Any CPU.Build.0 = Debug|Any CPU
		{FDFCE270-50AC-4930-8680-A760F6F7C637}.Debug|x64.ActiveCfg = Debug|x64
		{FDFCE270-50AC-4930-8680-A760F6F7C637}.Debug|x64.Build.0 = Debug|x64
		{FDFCE270-50AC-4930-8680-A760F6F7C637}.Debug|x86.ActiveCfg = Debug|x86
		{FDFCE270-50AC-4930-8680-A760F6F7C637}.Debug|x86.Build.0 = Debug|x86
		{FDFCE270-50AC-4930-8680-A760F6F7C637}.Full|Any CPU.ActiveCfg = Release|Any CPU
		{FDFCE270-50AC-4930-8680-A760F6F7C637}.Full|Any CPU.Build.0 = Release|Any CPU
		{FDFCE270-50AC-4930-8680-A760F6F7C637}.Full|x64.ActiveCfg = Release|x64
		{FDFCE270-50AC-4930-8680-A760F6F7C637}.Full|x64.Build.0 = Release|x64
		{FDFCE270-50AC-4930-8680-A760F6F7C637}.Full|x86.ActiveCfg = Release|x86
		{FDFCE270-50AC-4930-8680-A760F6F7C637}.Full|x86.Build.0 = Release|x86
		{FDFCE270-50AC-4930-8680-A760F6F7C637}.Release|Any CPU.ActiveCfg = Release|Any CPU
		{FDFCE270-50AC-4930-8680-A760F6F7C637}.Release|Any CPU.Build.0 = Release|Any CPU
		{FDFCE270-50AC-4930-8680-A760F6F7C637}.Release|x64.ActiveCfg = Release|x64
		{FDFCE270-50AC-4930-8680-A760F6F7C637}.Release|x64.Build.0 = Release|x64
		{FDFCE270-50AC-4930-8680-A760F6F7C637}.Release|x86.ActiveCfg = Release|x86
		{FDFCE270-50AC-4930-8680-A760F6F7C637}.Release|x86.Build.0 = Release|x86
		{FDFCE270-50AC-4930-8680-A760F6F7C637}.Trial|Any CPU.ActiveCfg = Release|Any CPU
		{FDFCE270-50AC-4930-8680-A760F6F7C637}.Trial|Any CPU.Build.0 = Release|Any CPU
		{FDFCE270-50AC-4930-8680-A760F6F7C637}.Trial|x64.ActiveCfg = Release|x64
		{FDFCE270-50AC-4930-8680-A760F6F7C637}.Trial|x64.Build.0 = Release|x64
		{FDFCE270-50AC-4930-8680-A760F6F7C637}.Trial|x86.ActiveCfg = Release|x86
		{FDFCE270-50AC-4930-8680-A760F6F7C637}.Trial|x86.Build.0 = Release|x86
		{9B577BD6-AEA9-4F64-9F1D-6EC760103295}.Debug|Any CPU.ActiveCfg = Debug|Any CPU
		{9B577BD6-AEA9-4F64-9F1D-6EC760103295}.Debug|Any CPU.Build.0 = Debug|Any CPU
		{9B577BD6-AEA9-4F64-9F1D-6EC760103295}.Debug|x64.ActiveCfg = Debug|x64
		{9B577BD6-AEA9-4F64-9F1D-6EC760103295}.Debug|x64.Build.0 = Debug|x64
		{9B577BD6-AEA9-4F64-9F1D-6EC760103295}.Debug|x86.ActiveCfg = Debug|x86
		{9B577BD6-AEA9-4F64-9F1D-6EC760103295}.Debug|x86.Build.0 = Debug|x86
		{9B577BD6-AEA9-4F64-9F1D-6EC760103295}.Full|Any CPU.ActiveCfg = Release|Any CPU
		{9B577BD6-AEA9-4F64-9F1D-6EC760103295}.Full|Any CPU.Build.0 = Release|Any CPU
		{9B577BD6-AEA9-4F64-9F1D-6EC760103295}.Full|x64.ActiveCfg = Release|x64
		{9B577BD6-AEA9-4F64-9F1D-6EC760103295}.Full|x64.Build.0 = Release|x64
		{9B577BD6-AEA9-4F64-9F1D-6EC760103295}.Full|x86.ActiveCfg = Release|x86
		{9B577BD6-AEA9-4F64-9F1D-6EC760103295}.Full|x86.Build.0 = Release|x86
		{9B577BD6-AEA9-4F64-9F1D-6EC760103295}.Release|Any CPU.ActiveCfg = Release|Any CPU
		{9B577BD6-AEA9-4F64-9F1D-6EC760103295}.Release|Any CPU.Build.0 = Release|Any CPU
		{9B577BD6-AEA9-4F64-9F1D-6EC760103295}.Release|x64.ActiveCfg = Release|x64
		{9B577BD6-AEA9-4F64-9F1D-6EC760103295}.Release|x64.Build.0 = Release|x64
		{9B577BD6-AEA9-4F64-9F1D-6EC760103295}.Release|x86.ActiveCfg = Release|x86
		{9B577BD6-AEA9-4F64-9F1D-6EC760103295}.Release|x86.Build.0 = Release|x86
		{9B577BD6-AEA9-4F64-9F1D-6EC760103295}.Trial|Any CPU.ActiveCfg = Release|Any CPU
		{9B577BD6-AEA9-4F64-9F1D-6EC760103295}.Trial|Any CPU.Build.0 = Release|Any CPU
		{9B577BD6-AEA9-4F64-9F1D-6EC760103295}.Trial|x64.ActiveCfg = Release|x64
		{9B577BD6-AEA9-4F64-9F1D-6EC760103295}.Trial|x64.Build.0 = Release|x64
		{9B577BD6-AEA9-4F64-9F1D-6EC760103295}.Trial|x86.ActiveCfg = Release|x86
		{9B577BD6-AEA9-4F64-9F1D-6EC760103295}.Trial|x86.Build.0 = Release|x86
		{5A7C14E4-C1F0-4A9E-8284-D01F0082B483}.Debug|Any CPU.ActiveCfg = Debug|Any CPU
		{5A7C14E4-C1F0-4A9E-8284-D01F0082B483}.Debug|Any CPU.Build.0 = Debug|Any CPU
		{5A7C14E4-C1F0-4A9E-8284-D01F0082B483}.Debug|x64.ActiveCfg = Debug|x64
		{5A7C14E4-C1F0-4A9E-8284-D01F0082B483}.Debug|x64.Build.0 = Debug|x64
		{5A7C14E4-C1F0-4A9E-8284-D01F0082B483}.Debug|x86.ActiveCfg = Debug|x86
		{5A7C14E4-C1F0-4A9E-8284-D01F0082B483}.Debug|x86.Build.0 = Debug|x86
		{5A7C14E4-C1F0-4A9E-8284-D01F0082B483}.Full|Any CPU.ActiveCfg = Release|Any CPU
		{5A7C14E4-C1F0-4A9E-8284-D01F0082B483}.Full|Any CPU.Build.0 = Release|Any CPU
		{5A7C14E4-C1F0-4A9E-8284-D01F0082B483}.Full|x64.ActiveCfg = Release|x64
		{5A7C14E4-C1F0-4A9E-8284-D01F0082B483}.Full|x64.Build.0 = Release|x64
		{5A7C14E4-C1F0-4A9E-8284-D01F0082B483}.Full|x86.ActiveCfg = Release|x86
		{5A7C14E4-C1F0-4A9E-8284-D01F0082B483}.Full|x86.Build.0 = Release|x86
		{5A7C14E4-C1F0-4A9E-8284-D01F0082B483}.Release|Any CPU.ActiveCfg = Release|Any CPU
		{5A7C14E4-C1F0-4A9E-8284-D01F0082B483}.Release|Any CPU.Build.0 = Release|Any CPU
		{5A7C14E4-C1F0-4A9E-8284-D01F0082B483}.Release|x64.ActiveCfg = Release|x64
		{5A7C14E4-C1F0-4A9E-8284-D01F0082B483}.Release|x64.Build.0 = Release|x64
		{5A7C14E4-C1F0-4A9E-8284-D01F0082B483}.Release|x86.ActiveCfg = Release|x86
		{5A7C14E4-C1F0-4A9E-8284-D01F0082B483}.Release|x86.Build.0 = Release|x86
		{5A7C14E4-C1F0-4A9E-8284-D01F0082B483}.Trial|Any CPU.ActiveCfg = Release|Any CPU
		{5A7C14E4-C1F0-4A9E-8284-D01F0082B483}.Trial|Any CPU.Build.0 = Release|Any CPU
		{5A7C14E4-C1F0-4A9E-8284-D01F0082B483}.Trial|x64.ActiveCfg = Release|x64
		{5A7C14E4-C1F0-4A9E-8284-D01F0082B483}.Trial|x64.Build.0 = Release|x64
		{5A7C14E4-C1F0-4A9E-8284-D01F0082B483}.Trial|x86.ActiveCfg = Release|x86
		{5A7C14E4-C1F0-4A9E-8284-D01F0082B483}.Trial|x86.Build.0 = Release|x86
		{C38C4681-11E5-417B-9923-6E754402EC1B}.Debug|Any CPU.ActiveCfg = Debug|Any CPU
		{C38C4681-11E5-417B-9923-6E754402EC1B}.Debug|Any CPU.Build.0 = Debug|Any CPU
		{C38C4681-11E5-417B-9923-6E754402EC1B}.Debug|x64.ActiveCfg = Debug|x64
		{C38C4681-11E5-417B-9923-6E754402EC1B}.Debug|x64.Build.0 = Debug|x64
		{C38C4681-11E5-417B-9923-6E754402EC1B}.Debug|x86.ActiveCfg = Debug|x86
		{C38C4681-11E5-417B-9923-6E754402EC1B}.Debug|x86.Build.0 = Debug|x86
		{C38C4681-11E5-417B-9923-6E754402EC1B}.Full|Any CPU.ActiveCfg = Release|Any CPU
		{C38C4681-11E5-417B-9923-6E754402EC1B}.Full|Any CPU.Build.0 = Release|Any CPU
		{C38C4681-11E5-417B-9923-6E754402EC1B}.Full|x64.ActiveCfg = Release|x64
		{C38C4681-11E5-417B-9923-6E754402EC1B}.Full|x64.Build.0 = Release|x64
		{C38C4681-11E5-417B-9923-6E754402EC1B}.Full|x86.ActiveCfg = Release|x86
		{C38C4681-11E5-417B-9923-6E754402EC1B}.Full|x86.Build.0 = Release|x86
		{C38C4681-11E5-417B-9923-6E754402EC1B}.Release|Any CPU.ActiveCfg = Release|Any CPU
		{C38C4681-11E5-417B-9923-6E754402EC1B}.Release|Any CPU.Build.0 = Release|Any CPU
		{C38C4681-11E5-417B-9923-6E754402EC1B}.Release|x64.ActiveCfg = Release|x64
		{C38C4681-11E5-417B-9923-6E754402EC1B}.Release|x64.Build.0 = Release|x64
		{C38C4681-11E5-417B-9923-6E754402EC1B}.Release|x86.ActiveCfg = Release|x86
		{C38C4681-11E5-417B-9923-6E754402EC1B}.Release|x86.Build.0 = Release|x86
		{C38C4681-11E5-417B-9923-6E754402EC1B}.Trial|Any CPU.ActiveCfg = Release|Any CPU
		{C38C4681-11E5-417B-9923-6E754402EC1B}.Trial|Any CPU.Build.0 = Release|Any CPU
		{C38C4681-11E5-417B-9923-6E754402EC1B}.Trial|x64.ActiveCfg = Release|x64
		{C38C4681-11E5-417B-9923-6E754402EC1B}.Trial|x64.Build.0 = Release|x64
		{C38C4681-11E5-417B-9923-6E754402EC1B}.Trial|x86.ActiveCfg = Release|x86
		{C38C4681-11E5-417B-9923-6E754402EC1B}.Trial|x86.Build.0 = Release|x86
		{D025DB83-5628-432A-832D-0BB89E807252}.Debug|Any CPU.ActiveCfg = Debug|Any CPU
		{D025DB83-5628-432A-832D-0BB89E807252}.Debug|Any CPU.Build.0 = Debug|Any CPU
		{D025DB83-5628-432A-832D-0BB89E807252}.Debug|x64.ActiveCfg = Debug|x64
		{D025DB83-5628-432A-832D-0BB89E807252}.Debug|x64.Build.0 = Debug|x64
		{D025DB83-5628-432A-832D-0BB89E807252}.Debug|x86.ActiveCfg = Debug|x86
		{D025DB83-5628-432A-832D-0BB89E807252}.Debug|x86.Build.0 = Debug|x86
		{D025DB83-5628-432A-832D-0BB89E807252}.Full|Any CPU.ActiveCfg = Release|Any CPU
		{D025DB83-5628-432A-832D-0BB89E807252}.Full|Any CPU.Build.0 = Release|Any CPU
		{D025DB83-5628-432A-832D-0BB89E807252}.Full|x64.ActiveCfg = Release|x64
		{D025DB83-5628-432A-832D-0BB89E807252}.Full|x64.Build.0 = Release|x64
		{D025DB83-5628-432A-832D-0BB89E807252}.Full|x86.ActiveCfg = Release|x86
		{D025DB83-5628-432A-832D-0BB89E807252}.Full|x86.Build.0 = Release|x86
		{D025DB83-5628-432A-832D-0BB89E807252}.Release|Any CPU.ActiveCfg = Release|Any CPU
		{D025DB83-5628-432A-832D-0BB89E807252}.Release|Any CPU.Build.0 = Release|Any CPU
		{D025DB83-5628-432A-832D-0BB89E807252}.Release|x64.ActiveCfg = Release|x64
		{D025DB83-5628-432A-832D-0BB89E807252}.Release|x64.Build.0 = Release|x64
		{D025DB83-5628-432A-832D-0BB89E807252}.Release|x86.ActiveCfg = Release|x86
		{D025DB83-5628-432A-832D-0BB89E807252}.Release|x86.Build.0 = Release|x86
		{D025DB83-5628-432A-832D-0BB89E807252}.Trial|Any CPU.ActiveCfg = Release|Any CPU
		{D025DB83-5628-432A-832D-0BB89E807252}.Trial|Any CPU.Build.0 = Release|Any CPU
		{D025DB83-5628-432A-832D-0BB89E807252}.Trial|x64.ActiveCfg = Release|x64
		{D025DB83-5628-432A-832D-0BB89E807252}.Trial|x64.Build.0 = Release|x64
		{D025DB83-5628-432A-832D-0BB89E807252}.Trial|x86.ActiveCfg = Release|x86
		{D025DB83-5628-432A-832D-0BB89E807252}.Trial|x86.Build.0 = Release|x86
		{EED1BD13-CC26-4EDE-99E4-DD59EB4D09BB}.Debug|Any CPU.ActiveCfg = Debug|Any CPU
		{EED1BD13-CC26-4EDE-99E4-DD59EB4D09BB}.Debug|Any CPU.Build.0 = Debug|Any CPU
		{EED1BD13-CC26-4EDE-99E4-DD59EB4D09BB}.Debug|x64.ActiveCfg = Debug|x64
		{EED1BD13-CC26-4EDE-99E4-DD59EB4D09BB}.Debug|x64.Build.0 = Debug|x64
		{EED1BD13-CC26-4EDE-99E4-DD59EB4D09BB}.Debug|x86.ActiveCfg = Debug|x86
		{EED1BD13-CC26-4EDE-99E4-DD59EB4D09BB}.Debug|x86.Build.0 = Debug|x86
		{EED1BD13-CC26-4EDE-99E4-DD59EB4D09BB}.Full|Any CPU.ActiveCfg = Release|Any CPU
		{EED1BD13-CC26-4EDE-99E4-DD59EB4D09BB}.Full|Any CPU.Build.0 = Release|Any CPU
		{EED1BD13-CC26-4EDE-99E4-DD59EB4D09BB}.Full|x64.ActiveCfg = Release|x64
		{EED1BD13-CC26-4EDE-99E4-DD59EB4D09BB}.Full|x64.Build.0 = Release|x64
		{EED1BD13-CC26-4EDE-99E4-DD59EB4D09BB}.Full|x86.ActiveCfg = Release|x86
		{EED1BD13-CC26-4EDE-99E4-DD59EB4D09BB}.Full|x86.Build.0 = Release|x86
		{EED1BD13-CC26-4EDE-99E4-DD59EB4D09BB}.Release|Any CPU.ActiveCfg = Release|Any CPU
		{EED1BD13-CC26-4EDE-99E4-DD59EB4D09BB}.Release|Any CPU.Build.0 = Release|Any CPU
		{EED1BD13-CC26-4EDE-99E4-DD59EB4D09BB}.Release|x64.ActiveCfg = Release|x64
		{EED1BD13-CC26-4EDE-99E4-DD59EB4D09BB}.Release|x64.Build.0 = Release|x64
		{EED1BD13-CC26-4EDE-99E4-DD59EB4D09BB}.Release|x86.ActiveCfg = Release|x86
		{EED1BD13-CC26-4EDE-99E4-DD59EB4D09BB}.Release|x86.Build.0 = Release|x86
		{EED1BD13-CC26-4EDE-99E4-DD59EB4D09BB}.Trial|Any CPU.ActiveCfg = Release|Any CPU
		{EED1BD13-CC26-4EDE-99E4-DD59EB4D09BB}.Trial|Any CPU.Build.0 = Release|Any CPU
		{EED1BD13-CC26-4EDE-99E4-DD59EB4D09BB}.Trial|x64.ActiveCfg = Release|x64
		{EED1BD13-CC26-4EDE-99E4-DD59EB4D09BB}.Trial|x64.Build.0 = Release|x64
		{EED1BD13-CC26-4EDE-99E4-DD59EB4D09BB}.Trial|x86.ActiveCfg = Release|x86
		{EED1BD13-CC26-4EDE-99E4-DD59EB4D09BB}.Trial|x86.Build.0 = Release|x86
		{3455F630-EA48-4C6F-8012-A9DFA9CE1428}.Debug|Any CPU.ActiveCfg = Debug|Any CPU
		{3455F630-EA48-4C6F-8012-A9DFA9CE1428}.Debug|Any CPU.Build.0 = Debug|Any CPU
		{3455F630-EA48-4C6F-8012-A9DFA9CE1428}.Debug|x64.ActiveCfg = Debug|x64
		{3455F630-EA48-4C6F-8012-A9DFA9CE1428}.Debug|x64.Build.0 = Debug|x64
		{3455F630-EA48-4C6F-8012-A9DFA9CE1428}.Debug|x86.ActiveCfg = Debug|x86
		{3455F630-EA48-4C6F-8012-A9DFA9CE1428}.Debug|x86.Build.0 = Debug|x86
		{3455F630-EA48-4C6F-8012-A9DFA9CE1428}.Full|Any CPU.ActiveCfg = Release|Any CPU
		{3455F630-EA48-4C6F-8012-A9DFA9CE1428}.Full|Any CPU.Build.0 = Release|Any CPU
		{3455F630-EA48-4C6F-8012-A9DFA9CE1428}.Full|x64.ActiveCfg = Release|x64
		{3455F630-EA48-4C6F-8012-A9DFA9CE1428}.Full|x64.Build.0 = Release|x64
		{3455F630-EA48-4C6F-8012-A9DFA9CE1428}.Full|x86.ActiveCfg = Release|x86
		{3455F630-EA48-4C6F-8012-A9DFA9CE1428}.Full|x86.Build.0 = Release|x86
		{3455F630-EA48-4C6F-8012-A9DFA9CE1428}.Release|Any CPU.ActiveCfg = Release|Any CPU
		{3455F630-EA48-4C6F-8012-A9DFA9CE1428}.Release|Any CPU.Build.0 = Release|Any CPU
		{3455F630-EA48-4C6F-8012-A9DFA9CE1428}.Release|x64.ActiveCfg = Release|x64
		{3455F630-EA48-4C6F-8012-A9DFA9CE1428}.Release|x64.Build.0 = Release|x64
		{3455F630-EA48-4C6F-8012-A9DFA9CE1428}.Release|x86.ActiveCfg = Release|Any CPU
		{3455F630-EA48-4C6F-8012-A9DFA9CE1428}.Release|x86.Build.0 = Release|Any CPU
		{3455F630-EA48-4C6F-8012-A9DFA9CE1428}.Trial|Any CPU.ActiveCfg = Release|Any CPU
		{3455F630-EA48-4C6F-8012-A9DFA9CE1428}.Trial|Any CPU.Build.0 = Release|Any CPU
		{3455F630-EA48-4C6F-8012-A9DFA9CE1428}.Trial|x64.ActiveCfg = Release|x64
		{3455F630-EA48-4C6F-8012-A9DFA9CE1428}.Trial|x64.Build.0 = Release|x64
		{3455F630-EA48-4C6F-8012-A9DFA9CE1428}.Trial|x86.ActiveCfg = Release|x86
		{3455F630-EA48-4C6F-8012-A9DFA9CE1428}.Trial|x86.Build.0 = Release|x86
		{A12E5A21-BB5D-4B6E-B229-9A4C625F8DCE}.Debug|Any CPU.ActiveCfg = Debug|Any CPU
		{A12E5A21-BB5D-4B6E-B229-9A4C625F8DCE}.Debug|Any CPU.Build.0 = Debug|Any CPU
		{A12E5A21-BB5D-4B6E-B229-9A4C625F8DCE}.Debug|x64.ActiveCfg = Debug|x64
		{A12E5A21-BB5D-4B6E-B229-9A4C625F8DCE}.Debug|x64.Build.0 = Debug|x64
		{A12E5A21-BB5D-4B6E-B229-9A4C625F8DCE}.Debug|x86.ActiveCfg = Debug|x86
		{A12E5A21-BB5D-4B6E-B229-9A4C625F8DCE}.Debug|x86.Build.0 = Debug|x86
		{A12E5A21-BB5D-4B6E-B229-9A4C625F8DCE}.Full|Any CPU.ActiveCfg = Release|Any CPU
		{A12E5A21-BB5D-4B6E-B229-9A4C625F8DCE}.Full|Any CPU.Build.0 = Release|Any CPU
		{A12E5A21-BB5D-4B6E-B229-9A4C625F8DCE}.Full|x64.ActiveCfg = Release|x64
		{A12E5A21-BB5D-4B6E-B229-9A4C625F8DCE}.Full|x64.Build.0 = Release|x64
		{A12E5A21-BB5D-4B6E-B229-9A4C625F8DCE}.Full|x86.ActiveCfg = Release|x86
		{A12E5A21-BB5D-4B6E-B229-9A4C625F8DCE}.Full|x86.Build.0 = Release|x86
		{A12E5A21-BB5D-4B6E-B229-9A4C625F8DCE}.Release|Any CPU.ActiveCfg = Release|Any CPU
		{A12E5A21-BB5D-4B6E-B229-9A4C625F8DCE}.Release|Any CPU.Build.0 = Release|Any CPU
		{A12E5A21-BB5D-4B6E-B229-9A4C625F8DCE}.Release|x64.ActiveCfg = Release|x64
		{A12E5A21-BB5D-4B6E-B229-9A4C625F8DCE}.Release|x64.Build.0 = Release|x64
		{A12E5A21-BB5D-4B6E-B229-9A4C625F8DCE}.Release|x86.ActiveCfg = Release|Any CPU
		{A12E5A21-BB5D-4B6E-B229-9A4C625F8DCE}.Release|x86.Build.0 = Release|Any CPU
		{A12E5A21-BB5D-4B6E-B229-9A4C625F8DCE}.Trial|Any CPU.ActiveCfg = Release|Any CPU
		{A12E5A21-BB5D-4B6E-B229-9A4C625F8DCE}.Trial|Any CPU.Build.0 = Release|Any CPU
		{A12E5A21-BB5D-4B6E-B229-9A4C625F8DCE}.Trial|x64.ActiveCfg = Release|x64
		{A12E5A21-BB5D-4B6E-B229-9A4C625F8DCE}.Trial|x64.Build.0 = Release|x64
		{A12E5A21-BB5D-4B6E-B229-9A4C625F8DCE}.Trial|x86.ActiveCfg = Release|x86
		{A12E5A21-BB5D-4B6E-B229-9A4C625F8DCE}.Trial|x86.Build.0 = Release|x86
		{AA3796E1-5B4C-4BDD-A102-22D6411F9B93}.Debug|Any CPU.ActiveCfg = Debug|Any CPU
		{AA3796E1-5B4C-4BDD-A102-22D6411F9B93}.Debug|Any CPU.Build.0 = Debug|Any CPU
		{AA3796E1-5B4C-4BDD-A102-22D6411F9B93}.Debug|x64.ActiveCfg = Debug|x64
		{AA3796E1-5B4C-4BDD-A102-22D6411F9B93}.Debug|x64.Build.0 = Debug|x64
		{AA3796E1-5B4C-4BDD-A102-22D6411F9B93}.Debug|x86.ActiveCfg = Debug|x86
		{AA3796E1-5B4C-4BDD-A102-22D6411F9B93}.Debug|x86.Build.0 = Debug|x86
		{AA3796E1-5B4C-4BDD-A102-22D6411F9B93}.Full|Any CPU.ActiveCfg = Release|Any CPU
		{AA3796E1-5B4C-4BDD-A102-22D6411F9B93}.Full|Any CPU.Build.0 = Release|Any CPU
		{AA3796E1-5B4C-4BDD-A102-22D6411F9B93}.Full|x64.ActiveCfg = Release|x64
		{AA3796E1-5B4C-4BDD-A102-22D6411F9B93}.Full|x64.Build.0 = Release|x64
		{AA3796E1-5B4C-4BDD-A102-22D6411F9B93}.Full|x86.ActiveCfg = Release|x86
		{AA3796E1-5B4C-4BDD-A102-22D6411F9B93}.Full|x86.Build.0 = Release|x86
		{AA3796E1-5B4C-4BDD-A102-22D6411F9B93}.Release|Any CPU.ActiveCfg = Release|Any CPU
		{AA3796E1-5B4C-4BDD-A102-22D6411F9B93}.Release|Any CPU.Build.0 = Release|Any CPU
		{AA3796E1-5B4C-4BDD-A102-22D6411F9B93}.Release|x64.ActiveCfg = Release|x64
		{AA3796E1-5B4C-4BDD-A102-22D6411F9B93}.Release|x64.Build.0 = Release|x64
		{AA3796E1-5B4C-4BDD-A102-22D6411F9B93}.Release|x86.ActiveCfg = Release|Any CPU
		{AA3796E1-5B4C-4BDD-A102-22D6411F9B93}.Release|x86.Build.0 = Release|Any CPU
		{AA3796E1-5B4C-4BDD-A102-22D6411F9B93}.Trial|Any CPU.ActiveCfg = Release|Any CPU
		{AA3796E1-5B4C-4BDD-A102-22D6411F9B93}.Trial|Any CPU.Build.0 = Release|Any CPU
		{AA3796E1-5B4C-4BDD-A102-22D6411F9B93}.Trial|x64.ActiveCfg = Release|x64
		{AA3796E1-5B4C-4BDD-A102-22D6411F9B93}.Trial|x64.Build.0 = Release|x64
		{AA3796E1-5B4C-4BDD-A102-22D6411F9B93}.Trial|x86.ActiveCfg = Release|x86
		{AA3796E1-5B4C-4BDD-A102-22D6411F9B93}.Trial|x86.Build.0 = Release|x86
		{5F9D1672-8038-4D3D-A7C0-DF0A8D6B6F99}.Debug|Any CPU.ActiveCfg = Debug|Any CPU
		{5F9D1672-8038-4D3D-A7C0-DF0A8D6B6F99}.Debug|Any CPU.Build.0 = Debug|Any CPU
		{5F9D1672-8038-4D3D-A7C0-DF0A8D6B6F99}.Debug|x64.ActiveCfg = Debug|x64
		{5F9D1672-8038-4D3D-A7C0-DF0A8D6B6F99}.Debug|x64.Build.0 = Debug|x64
		{5F9D1672-8038-4D3D-A7C0-DF0A8D6B6F99}.Debug|x86.ActiveCfg = Debug|x86
		{5F9D1672-8038-4D3D-A7C0-DF0A8D6B6F99}.Debug|x86.Build.0 = Debug|x86
		{5F9D1672-8038-4D3D-A7C0-DF0A8D6B6F99}.Full|Any CPU.ActiveCfg = Release|Any CPU
		{5F9D1672-8038-4D3D-A7C0-DF0A8D6B6F99}.Full|Any CPU.Build.0 = Release|Any CPU
		{5F9D1672-8038-4D3D-A7C0-DF0A8D6B6F99}.Full|x64.ActiveCfg = Release|x64
		{5F9D1672-8038-4D3D-A7C0-DF0A8D6B6F99}.Full|x64.Build.0 = Release|x64
		{5F9D1672-8038-4D3D-A7C0-DF0A8D6B6F99}.Full|x86.ActiveCfg = Release|x86
		{5F9D1672-8038-4D3D-A7C0-DF0A8D6B6F99}.Full|x86.Build.0 = Release|x86
		{5F9D1672-8038-4D3D-A7C0-DF0A8D6B6F99}.Release|Any CPU.ActiveCfg = Release|Any CPU
		{5F9D1672-8038-4D3D-A7C0-DF0A8D6B6F99}.Release|Any CPU.Build.0 = Release|Any CPU
		{5F9D1672-8038-4D3D-A7C0-DF0A8D6B6F99}.Release|x64.ActiveCfg = Release|x64
		{5F9D1672-8038-4D3D-A7C0-DF0A8D6B6F99}.Release|x64.Build.0 = Release|x64
		{5F9D1672-8038-4D3D-A7C0-DF0A8D6B6F99}.Release|x86.ActiveCfg = Release|Any CPU
		{5F9D1672-8038-4D3D-A7C0-DF0A8D6B6F99}.Release|x86.Build.0 = Release|Any CPU
		{5F9D1672-8038-4D3D-A7C0-DF0A8D6B6F99}.Trial|Any CPU.ActiveCfg = Release|Any CPU
		{5F9D1672-8038-4D3D-A7C0-DF0A8D6B6F99}.Trial|Any CPU.Build.0 = Release|Any CPU
		{5F9D1672-8038-4D3D-A7C0-DF0A8D6B6F99}.Trial|x64.ActiveCfg = Release|x64
		{5F9D1672-8038-4D3D-A7C0-DF0A8D6B6F99}.Trial|x64.Build.0 = Release|x64
		{5F9D1672-8038-4D3D-A7C0-DF0A8D6B6F99}.Trial|x86.ActiveCfg = Release|x86
		{5F9D1672-8038-4D3D-A7C0-DF0A8D6B6F99}.Trial|x86.Build.0 = Release|x86
		{8221E41C-E688-4417-8577-8E697643C848}.Debug|Any CPU.ActiveCfg = Debug|Any CPU
		{8221E41C-E688-4417-8577-8E697643C848}.Debug|Any CPU.Build.0 = Debug|Any CPU
		{8221E41C-E688-4417-8577-8E697643C848}.Debug|x64.ActiveCfg = Debug|Any CPU
		{8221E41C-E688-4417-8577-8E697643C848}.Debug|x64.Build.0 = Debug|Any CPU
		{8221E41C-E688-4417-8577-8E697643C848}.Debug|x86.ActiveCfg = Debug|x86
		{8221E41C-E688-4417-8577-8E697643C848}.Debug|x86.Build.0 = Debug|x86
		{8221E41C-E688-4417-8577-8E697643C848}.Full|Any CPU.ActiveCfg = Release|Any CPU
		{8221E41C-E688-4417-8577-8E697643C848}.Full|Any CPU.Build.0 = Release|Any CPU
		{8221E41C-E688-4417-8577-8E697643C848}.Full|x64.ActiveCfg = Release|Any CPU
		{8221E41C-E688-4417-8577-8E697643C848}.Full|x64.Build.0 = Release|Any CPU
		{8221E41C-E688-4417-8577-8E697643C848}.Full|x86.ActiveCfg = Release|x86
		{8221E41C-E688-4417-8577-8E697643C848}.Full|x86.Build.0 = Release|x86
		{8221E41C-E688-4417-8577-8E697643C848}.Release|Any CPU.ActiveCfg = Release|Any CPU
		{8221E41C-E688-4417-8577-8E697643C848}.Release|Any CPU.Build.0 = Release|Any CPU
		{8221E41C-E688-4417-8577-8E697643C848}.Release|x64.ActiveCfg = Release|Any CPU
		{8221E41C-E688-4417-8577-8E697643C848}.Release|x64.Build.0 = Release|Any CPU
		{8221E41C-E688-4417-8577-8E697643C848}.Release|x86.ActiveCfg = Release|Any CPU
		{8221E41C-E688-4417-8577-8E697643C848}.Release|x86.Build.0 = Release|Any CPU
		{8221E41C-E688-4417-8577-8E697643C848}.Trial|Any CPU.ActiveCfg = Release|Any CPU
		{8221E41C-E688-4417-8577-8E697643C848}.Trial|Any CPU.Build.0 = Release|Any CPU
		{8221E41C-E688-4417-8577-8E697643C848}.Trial|x64.ActiveCfg = Release|Any CPU
		{8221E41C-E688-4417-8577-8E697643C848}.Trial|x64.Build.0 = Release|Any CPU
		{8221E41C-E688-4417-8577-8E697643C848}.Trial|x86.ActiveCfg = Release|x86
		{8221E41C-E688-4417-8577-8E697643C848}.Trial|x86.Build.0 = Release|x86
		{A96EAAE3-C983-4F54-A434-A6928F847FA5}.Debug|Any CPU.ActiveCfg = Debug|Any CPU
		{A96EAAE3-C983-4F54-A434-A6928F847FA5}.Debug|Any CPU.Build.0 = Debug|Any CPU
		{A96EAAE3-C983-4F54-A434-A6928F847FA5}.Debug|x64.ActiveCfg = Debug|x64
		{A96EAAE3-C983-4F54-A434-A6928F847FA5}.Debug|x64.Build.0 = Debug|x64
		{A96EAAE3-C983-4F54-A434-A6928F847FA5}.Debug|x86.ActiveCfg = Debug|x86
		{A96EAAE3-C983-4F54-A434-A6928F847FA5}.Debug|x86.Build.0 = Debug|x86
		{A96EAAE3-C983-4F54-A434-A6928F847FA5}.Full|Any CPU.ActiveCfg = Release|Any CPU
		{A96EAAE3-C983-4F54-A434-A6928F847FA5}.Full|Any CPU.Build.0 = Release|Any CPU
		{A96EAAE3-C983-4F54-A434-A6928F847FA5}.Full|x64.ActiveCfg = Release|x64
		{A96EAAE3-C983-4F54-A434-A6928F847FA5}.Full|x64.Build.0 = Release|x64
		{A96EAAE3-C983-4F54-A434-A6928F847FA5}.Full|x86.ActiveCfg = Release|x86
		{A96EAAE3-C983-4F54-A434-A6928F847FA5}.Full|x86.Build.0 = Release|x86
		{A96EAAE3-C983-4F54-A434-A6928F847FA5}.Release|Any CPU.ActiveCfg = Release|Any CPU
		{A96EAAE3-C983-4F54-A434-A6928F847FA5}.Release|Any CPU.Build.0 = Release|Any CPU
		{A96EAAE3-C983-4F54-A434-A6928F847FA5}.Release|x64.ActiveCfg = Release|x64
		{A96EAAE3-C983-4F54-A434-A6928F847FA5}.Release|x64.Build.0 = Release|x64
		{A96EAAE3-C983-4F54-A434-A6928F847FA5}.Release|x86.ActiveCfg = Release|Any CPU
		{A96EAAE3-C983-4F54-A434-A6928F847FA5}.Release|x86.Build.0 = Release|Any CPU
		{A96EAAE3-C983-4F54-A434-A6928F847FA5}.Trial|Any CPU.ActiveCfg = Release|Any CPU
		{A96EAAE3-C983-4F54-A434-A6928F847FA5}.Trial|Any CPU.Build.0 = Release|Any CPU
		{A96EAAE3-C983-4F54-A434-A6928F847FA5}.Trial|x64.ActiveCfg = Release|x64
		{A96EAAE3-C983-4F54-A434-A6928F847FA5}.Trial|x64.Build.0 = Release|x64
		{A96EAAE3-C983-4F54-A434-A6928F847FA5}.Trial|x86.ActiveCfg = Release|x86
		{A96EAAE3-C983-4F54-A434-A6928F847FA5}.Trial|x86.Build.0 = Release|x86
		{35A78F17-924A-4C87-9A76-01F879050F7C}.Debug|Any CPU.ActiveCfg = Debug|Any CPU
		{35A78F17-924A-4C87-9A76-01F879050F7C}.Debug|Any CPU.Build.0 = Debug|Any CPU
		{35A78F17-924A-4C87-9A76-01F879050F7C}.Debug|x64.ActiveCfg = Debug|x64
		{35A78F17-924A-4C87-9A76-01F879050F7C}.Debug|x64.Build.0 = Debug|x64
		{35A78F17-924A-4C87-9A76-01F879050F7C}.Debug|x86.ActiveCfg = Debug|x86
		{35A78F17-924A-4C87-9A76-01F879050F7C}.Debug|x86.Build.0 = Debug|x86
		{35A78F17-924A-4C87-9A76-01F879050F7C}.Full|Any CPU.ActiveCfg = Release|Any CPU
		{35A78F17-924A-4C87-9A76-01F879050F7C}.Full|Any CPU.Build.0 = Release|Any CPU
		{35A78F17-924A-4C87-9A76-01F879050F7C}.Full|x64.ActiveCfg = Release|x64
		{35A78F17-924A-4C87-9A76-01F879050F7C}.Full|x64.Build.0 = Release|x64
		{35A78F17-924A-4C87-9A76-01F879050F7C}.Full|x86.ActiveCfg = Release|x86
		{35A78F17-924A-4C87-9A76-01F879050F7C}.Full|x86.Build.0 = Release|x86
		{35A78F17-924A-4C87-9A76-01F879050F7C}.Release|Any CPU.ActiveCfg = Release|Any CPU
		{35A78F17-924A-4C87-9A76-01F879050F7C}.Release|Any CPU.Build.0 = Release|Any CPU
		{35A78F17-924A-4C87-9A76-01F879050F7C}.Release|x64.ActiveCfg = Release|x64
		{35A78F17-924A-4C87-9A76-01F879050F7C}.Release|x64.Build.0 = Release|x64
		{35A78F17-924A-4C87-9A76-01F879050F7C}.Release|x86.ActiveCfg = Release|Any CPU
		{35A78F17-924A-4C87-9A76-01F879050F7C}.Release|x86.Build.0 = Release|Any CPU
		{35A78F17-924A-4C87-9A76-01F879050F7C}.Trial|Any CPU.ActiveCfg = Release|Any CPU
		{35A78F17-924A-4C87-9A76-01F879050F7C}.Trial|Any CPU.Build.0 = Release|Any CPU
		{35A78F17-924A-4C87-9A76-01F879050F7C}.Trial|x64.ActiveCfg = Release|x64
		{35A78F17-924A-4C87-9A76-01F879050F7C}.Trial|x64.Build.0 = Release|x64
		{35A78F17-924A-4C87-9A76-01F879050F7C}.Trial|x86.ActiveCfg = Release|x86
		{35A78F17-924A-4C87-9A76-01F879050F7C}.Trial|x86.Build.0 = Release|x86
		{734BFDE5-325E-4EF9-924C-1401562E6626}.Debug|Any CPU.ActiveCfg = Debug|Any CPU
		{734BFDE5-325E-4EF9-924C-1401562E6626}.Debug|Any CPU.Build.0 = Debug|Any CPU
		{734BFDE5-325E-4EF9-924C-1401562E6626}.Debug|x64.ActiveCfg = Debug|Any CPU
		{734BFDE5-325E-4EF9-924C-1401562E6626}.Debug|x64.Build.0 = Debug|Any CPU
		{734BFDE5-325E-4EF9-924C-1401562E6626}.Debug|x86.ActiveCfg = Debug|x86
		{734BFDE5-325E-4EF9-924C-1401562E6626}.Debug|x86.Build.0 = Debug|x86
		{734BFDE5-325E-4EF9-924C-1401562E6626}.Full|Any CPU.ActiveCfg = Release|Any CPU
		{734BFDE5-325E-4EF9-924C-1401562E6626}.Full|Any CPU.Build.0 = Release|Any CPU
		{734BFDE5-325E-4EF9-924C-1401562E6626}.Full|x64.ActiveCfg = Release|Any CPU
		{734BFDE5-325E-4EF9-924C-1401562E6626}.Full|x64.Build.0 = Release|Any CPU
		{734BFDE5-325E-4EF9-924C-1401562E6626}.Full|x86.ActiveCfg = Release|x86
		{734BFDE5-325E-4EF9-924C-1401562E6626}.Full|x86.Build.0 = Release|x86
		{734BFDE5-325E-4EF9-924C-1401562E6626}.Release|Any CPU.ActiveCfg = Release|Any CPU
		{734BFDE5-325E-4EF9-924C-1401562E6626}.Release|Any CPU.Build.0 = Release|Any CPU
		{734BFDE5-325E-4EF9-924C-1401562E6626}.Release|x64.ActiveCfg = Release|Any CPU
		{734BFDE5-325E-4EF9-924C-1401562E6626}.Release|x64.Build.0 = Release|Any CPU
		{734BFDE5-325E-4EF9-924C-1401562E6626}.Release|x86.ActiveCfg = Release|Any CPU
		{734BFDE5-325E-4EF9-924C-1401562E6626}.Release|x86.Build.0 = Release|Any CPU
		{734BFDE5-325E-4EF9-924C-1401562E6626}.Trial|Any CPU.ActiveCfg = Release|Any CPU
		{734BFDE5-325E-4EF9-924C-1401562E6626}.Trial|Any CPU.Build.0 = Release|Any CPU
		{734BFDE5-325E-4EF9-924C-1401562E6626}.Trial|x64.ActiveCfg = Release|Any CPU
		{734BFDE5-325E-4EF9-924C-1401562E6626}.Trial|x64.Build.0 = Release|Any CPU
		{734BFDE5-325E-4EF9-924C-1401562E6626}.Trial|x86.ActiveCfg = Release|x86
		{734BFDE5-325E-4EF9-924C-1401562E6626}.Trial|x86.Build.0 = Release|x86
		{86CB137F-C15C-4680-A87D-193D8893243E}.Debug|Any CPU.ActiveCfg = Debug|Any CPU
		{86CB137F-C15C-4680-A87D-193D8893243E}.Debug|Any CPU.Build.0 = Debug|Any CPU
		{86CB137F-C15C-4680-A87D-193D8893243E}.Debug|x64.ActiveCfg = Debug|Any CPU
		{86CB137F-C15C-4680-A87D-193D8893243E}.Debug|x64.Build.0 = Debug|Any CPU
		{86CB137F-C15C-4680-A87D-193D8893243E}.Debug|x86.ActiveCfg = Debug|x86
		{86CB137F-C15C-4680-A87D-193D8893243E}.Debug|x86.Build.0 = Debug|x86
		{86CB137F-C15C-4680-A87D-193D8893243E}.Full|Any CPU.ActiveCfg = Release|Any CPU
		{86CB137F-C15C-4680-A87D-193D8893243E}.Full|Any CPU.Build.0 = Release|Any CPU
		{86CB137F-C15C-4680-A87D-193D8893243E}.Full|x64.ActiveCfg = Release|Any CPU
		{86CB137F-C15C-4680-A87D-193D8893243E}.Full|x64.Build.0 = Release|Any CPU
		{86CB137F-C15C-4680-A87D-193D8893243E}.Full|x86.ActiveCfg = Release|x86
		{86CB137F-C15C-4680-A87D-193D8893243E}.Full|x86.Build.0 = Release|x86
		{86CB137F-C15C-4680-A87D-193D8893243E}.Release|Any CPU.ActiveCfg = Release|Any CPU
		{86CB137F-C15C-4680-A87D-193D8893243E}.Release|Any CPU.Build.0 = Release|Any CPU
		{86CB137F-C15C-4680-A87D-193D8893243E}.Release|x64.ActiveCfg = Release|Any CPU
		{86CB137F-C15C-4680-A87D-193D8893243E}.Release|x64.Build.0 = Release|Any CPU
		{86CB137F-C15C-4680-A87D-193D8893243E}.Release|x86.ActiveCfg = Release|Any CPU
		{86CB137F-C15C-4680-A87D-193D8893243E}.Release|x86.Build.0 = Release|Any CPU
		{86CB137F-C15C-4680-A87D-193D8893243E}.Trial|Any CPU.ActiveCfg = Release|Any CPU
		{86CB137F-C15C-4680-A87D-193D8893243E}.Trial|Any CPU.Build.0 = Release|Any CPU
		{86CB137F-C15C-4680-A87D-193D8893243E}.Trial|x64.ActiveCfg = Release|Any CPU
		{86CB137F-C15C-4680-A87D-193D8893243E}.Trial|x64.Build.0 = Release|Any CPU
		{86CB137F-C15C-4680-A87D-193D8893243E}.Trial|x86.ActiveCfg = Release|x86
		{86CB137F-C15C-4680-A87D-193D8893243E}.Trial|x86.Build.0 = Release|x86
		{354D7EEF-7828-46DA-8E72-AAFE0F0CF284}.Debug|Any CPU.ActiveCfg = Debug|Any CPU
		{354D7EEF-7828-46DA-8E72-AAFE0F0CF284}.Debug|Any CPU.Build.0 = Debug|Any CPU
		{354D7EEF-7828-46DA-8E72-AAFE0F0CF284}.Debug|x64.ActiveCfg = Debug|x64
		{354D7EEF-7828-46DA-8E72-AAFE0F0CF284}.Debug|x64.Build.0 = Debug|x64
		{354D7EEF-7828-46DA-8E72-AAFE0F0CF284}.Debug|x86.ActiveCfg = Debug|x86
		{354D7EEF-7828-46DA-8E72-AAFE0F0CF284}.Debug|x86.Build.0 = Debug|x86
		{354D7EEF-7828-46DA-8E72-AAFE0F0CF284}.Full|Any CPU.ActiveCfg = Release|Any CPU
		{354D7EEF-7828-46DA-8E72-AAFE0F0CF284}.Full|Any CPU.Build.0 = Release|Any CPU
		{354D7EEF-7828-46DA-8E72-AAFE0F0CF284}.Full|x64.ActiveCfg = Release|x64
		{354D7EEF-7828-46DA-8E72-AAFE0F0CF284}.Full|x64.Build.0 = Release|x64
		{354D7EEF-7828-46DA-8E72-AAFE0F0CF284}.Full|x86.ActiveCfg = Release|x86
		{354D7EEF-7828-46DA-8E72-AAFE0F0CF284}.Full|x86.Build.0 = Release|x86
		{354D7EEF-7828-46DA-8E72-AAFE0F0CF284}.Release|Any CPU.ActiveCfg = Release|Any CPU
		{354D7EEF-7828-46DA-8E72-AAFE0F0CF284}.Release|Any CPU.Build.0 = Release|Any CPU
		{354D7EEF-7828-46DA-8E72-AAFE0F0CF284}.Release|x64.ActiveCfg = Release|x64
		{354D7EEF-7828-46DA-8E72-AAFE0F0CF284}.Release|x64.Build.0 = Release|x64
		{354D7EEF-7828-46DA-8E72-AAFE0F0CF284}.Release|x86.ActiveCfg = Release|Any CPU
		{354D7EEF-7828-46DA-8E72-AAFE0F0CF284}.Release|x86.Build.0 = Release|Any CPU
		{354D7EEF-7828-46DA-8E72-AAFE0F0CF284}.Trial|Any CPU.ActiveCfg = Release|Any CPU
		{354D7EEF-7828-46DA-8E72-AAFE0F0CF284}.Trial|Any CPU.Build.0 = Release|Any CPU
		{354D7EEF-7828-46DA-8E72-AAFE0F0CF284}.Trial|x64.ActiveCfg = Release|x64
		{354D7EEF-7828-46DA-8E72-AAFE0F0CF284}.Trial|x64.Build.0 = Release|x64
		{354D7EEF-7828-46DA-8E72-AAFE0F0CF284}.Trial|x86.ActiveCfg = Release|x86
		{354D7EEF-7828-46DA-8E72-AAFE0F0CF284}.Trial|x86.Build.0 = Release|x86
		{1DF2F201-1D2D-4303-BBA0-553A5D1FF62A}.Debug|Any CPU.ActiveCfg = Debug|Any CPU
		{1DF2F201-1D2D-4303-BBA0-553A5D1FF62A}.Debug|Any CPU.Build.0 = Debug|Any CPU
		{1DF2F201-1D2D-4303-BBA0-553A5D1FF62A}.Debug|x64.ActiveCfg = Debug|x64
		{1DF2F201-1D2D-4303-BBA0-553A5D1FF62A}.Debug|x64.Build.0 = Debug|x64
		{1DF2F201-1D2D-4303-BBA0-553A5D1FF62A}.Debug|x86.ActiveCfg = Debug|x86
		{1DF2F201-1D2D-4303-BBA0-553A5D1FF62A}.Debug|x86.Build.0 = Debug|x86
		{1DF2F201-1D2D-4303-BBA0-553A5D1FF62A}.Full|Any CPU.ActiveCfg = Release|Any CPU
		{1DF2F201-1D2D-4303-BBA0-553A5D1FF62A}.Full|Any CPU.Build.0 = Release|Any CPU
		{1DF2F201-1D2D-4303-BBA0-553A5D1FF62A}.Full|x64.ActiveCfg = Release|x64
		{1DF2F201-1D2D-4303-BBA0-553A5D1FF62A}.Full|x64.Build.0 = Release|x64
		{1DF2F201-1D2D-4303-BBA0-553A5D1FF62A}.Full|x86.ActiveCfg = Release|x86
		{1DF2F201-1D2D-4303-BBA0-553A5D1FF62A}.Full|x86.Build.0 = Release|x86
		{1DF2F201-1D2D-4303-BBA0-553A5D1FF62A}.Release|Any CPU.ActiveCfg = Release|Any CPU
		{1DF2F201-1D2D-4303-BBA0-553A5D1FF62A}.Release|Any CPU.Build.0 = Release|Any CPU
		{1DF2F201-1D2D-4303-BBA0-553A5D1FF62A}.Release|x64.ActiveCfg = Release|x64
		{1DF2F201-1D2D-4303-BBA0-553A5D1FF62A}.Release|x64.Build.0 = Release|x64
		{1DF2F201-1D2D-4303-BBA0-553A5D1FF62A}.Release|x86.ActiveCfg = Release|Any CPU
		{1DF2F201-1D2D-4303-BBA0-553A5D1FF62A}.Release|x86.Build.0 = Release|Any CPU
		{1DF2F201-1D2D-4303-BBA0-553A5D1FF62A}.Trial|Any CPU.ActiveCfg = Release|Any CPU
		{1DF2F201-1D2D-4303-BBA0-553A5D1FF62A}.Trial|Any CPU.Build.0 = Release|Any CPU
		{1DF2F201-1D2D-4303-BBA0-553A5D1FF62A}.Trial|x64.ActiveCfg = Release|x64
		{1DF2F201-1D2D-4303-BBA0-553A5D1FF62A}.Trial|x64.Build.0 = Release|x64
		{1DF2F201-1D2D-4303-BBA0-553A5D1FF62A}.Trial|x86.ActiveCfg = Release|x86
		{1DF2F201-1D2D-4303-BBA0-553A5D1FF62A}.Trial|x86.Build.0 = Release|x86
		{E683A44E-E066-4CF7-9977-B7B3C7F3C852}.Debug|Any CPU.ActiveCfg = Debug|Any CPU
		{E683A44E-E066-4CF7-9977-B7B3C7F3C852}.Debug|Any CPU.Build.0 = Debug|Any CPU
		{E683A44E-E066-4CF7-9977-B7B3C7F3C852}.Debug|x64.ActiveCfg = Debug|x64
		{E683A44E-E066-4CF7-9977-B7B3C7F3C852}.Debug|x64.Build.0 = Debug|x64
		{E683A44E-E066-4CF7-9977-B7B3C7F3C852}.Debug|x86.ActiveCfg = Debug|x86
		{E683A44E-E066-4CF7-9977-B7B3C7F3C852}.Debug|x86.Build.0 = Debug|x86
		{E683A44E-E066-4CF7-9977-B7B3C7F3C852}.Full|Any CPU.ActiveCfg = Release|Any CPU
		{E683A44E-E066-4CF7-9977-B7B3C7F3C852}.Full|Any CPU.Build.0 = Release|Any CPU
		{E683A44E-E066-4CF7-9977-B7B3C7F3C852}.Full|x64.ActiveCfg = Release|x64
		{E683A44E-E066-4CF7-9977-B7B3C7F3C852}.Full|x64.Build.0 = Release|x64
		{E683A44E-E066-4CF7-9977-B7B3C7F3C852}.Full|x86.ActiveCfg = Release|x86
		{E683A44E-E066-4CF7-9977-B7B3C7F3C852}.Full|x86.Build.0 = Release|x86
		{E683A44E-E066-4CF7-9977-B7B3C7F3C852}.Release|Any CPU.ActiveCfg = Release|Any CPU
		{E683A44E-E066-4CF7-9977-B7B3C7F3C852}.Release|Any CPU.Build.0 = Release|Any CPU
		{E683A44E-E066-4CF7-9977-B7B3C7F3C852}.Release|x64.ActiveCfg = Release|x64
		{E683A44E-E066-4CF7-9977-B7B3C7F3C852}.Release|x64.Build.0 = Release|x64
		{E683A44E-E066-4CF7-9977-B7B3C7F3C852}.Release|x86.ActiveCfg = Release|Any CPU
		{E683A44E-E066-4CF7-9977-B7B3C7F3C852}.Release|x86.Build.0 = Release|Any CPU
		{E683A44E-E066-4CF7-9977-B7B3C7F3C852}.Trial|Any CPU.ActiveCfg = Release|Any CPU
		{E683A44E-E066-4CF7-9977-B7B3C7F3C852}.Trial|Any CPU.Build.0 = Release|Any CPU
		{E683A44E-E066-4CF7-9977-B7B3C7F3C852}.Trial|x64.ActiveCfg = Release|x64
		{E683A44E-E066-4CF7-9977-B7B3C7F3C852}.Trial|x64.Build.0 = Release|x64
		{E683A44E-E066-4CF7-9977-B7B3C7F3C852}.Trial|x86.ActiveCfg = Release|x86
		{E683A44E-E066-4CF7-9977-B7B3C7F3C852}.Trial|x86.Build.0 = Release|x86
		{3EAF2A7C-EB13-4188-8435-93047B780B7E}.Debug|Any CPU.ActiveCfg = Debug|Any CPU
		{3EAF2A7C-EB13-4188-8435-93047B780B7E}.Debug|Any CPU.Build.0 = Debug|Any CPU
		{3EAF2A7C-EB13-4188-8435-93047B780B7E}.Debug|x64.ActiveCfg = Debug|x64
		{3EAF2A7C-EB13-4188-8435-93047B780B7E}.Debug|x64.Build.0 = Debug|x64
		{3EAF2A7C-EB13-4188-8435-93047B780B7E}.Debug|x86.ActiveCfg = Debug|x86
		{3EAF2A7C-EB13-4188-8435-93047B780B7E}.Debug|x86.Build.0 = Debug|x86
		{3EAF2A7C-EB13-4188-8435-93047B780B7E}.Full|Any CPU.ActiveCfg = Release|Any CPU
		{3EAF2A7C-EB13-4188-8435-93047B780B7E}.Full|Any CPU.Build.0 = Release|Any CPU
		{3EAF2A7C-EB13-4188-8435-93047B780B7E}.Full|x64.ActiveCfg = Release|x64
		{3EAF2A7C-EB13-4188-8435-93047B780B7E}.Full|x64.Build.0 = Release|x64
		{3EAF2A7C-EB13-4188-8435-93047B780B7E}.Full|x86.ActiveCfg = Release|x86
		{3EAF2A7C-EB13-4188-8435-93047B780B7E}.Full|x86.Build.0 = Release|x86
		{3EAF2A7C-EB13-4188-8435-93047B780B7E}.Release|Any CPU.ActiveCfg = Release|Any CPU
		{3EAF2A7C-EB13-4188-8435-93047B780B7E}.Release|Any CPU.Build.0 = Release|Any CPU
		{3EAF2A7C-EB13-4188-8435-93047B780B7E}.Release|x64.ActiveCfg = Release|x64
		{3EAF2A7C-EB13-4188-8435-93047B780B7E}.Release|x64.Build.0 = Release|x64
		{3EAF2A7C-EB13-4188-8435-93047B780B7E}.Release|x86.ActiveCfg = Release|Any CPU
		{3EAF2A7C-EB13-4188-8435-93047B780B7E}.Release|x86.Build.0 = Release|Any CPU
		{3EAF2A7C-EB13-4188-8435-93047B780B7E}.Trial|Any CPU.ActiveCfg = Release|Any CPU
		{3EAF2A7C-EB13-4188-8435-93047B780B7E}.Trial|Any CPU.Build.0 = Release|Any CPU
		{3EAF2A7C-EB13-4188-8435-93047B780B7E}.Trial|x64.ActiveCfg = Release|x64
		{3EAF2A7C-EB13-4188-8435-93047B780B7E}.Trial|x64.Build.0 = Release|x64
		{3EAF2A7C-EB13-4188-8435-93047B780B7E}.Trial|x86.ActiveCfg = Release|x86
		{3EAF2A7C-EB13-4188-8435-93047B780B7E}.Trial|x86.Build.0 = Release|x86
		{E7913C17-8BE4-4951-B68D-0697A9D59E48}.Debug|Any CPU.ActiveCfg = Debug|Any CPU
		{E7913C17-8BE4-4951-B68D-0697A9D59E48}.Debug|Any CPU.Build.0 = Debug|Any CPU
		{E7913C17-8BE4-4951-B68D-0697A9D59E48}.Debug|x64.ActiveCfg = Debug|x64
		{E7913C17-8BE4-4951-B68D-0697A9D59E48}.Debug|x64.Build.0 = Debug|x64
		{E7913C17-8BE4-4951-B68D-0697A9D59E48}.Debug|x86.ActiveCfg = Debug|x86
		{E7913C17-8BE4-4951-B68D-0697A9D59E48}.Debug|x86.Build.0 = Debug|x86
		{E7913C17-8BE4-4951-B68D-0697A9D59E48}.Full|Any CPU.ActiveCfg = Release|Any CPU
		{E7913C17-8BE4-4951-B68D-0697A9D59E48}.Full|Any CPU.Build.0 = Release|Any CPU
		{E7913C17-8BE4-4951-B68D-0697A9D59E48}.Full|x64.ActiveCfg = Release|x64
		{E7913C17-8BE4-4951-B68D-0697A9D59E48}.Full|x64.Build.0 = Release|x64
		{E7913C17-8BE4-4951-B68D-0697A9D59E48}.Full|x86.ActiveCfg = Release|x86
		{E7913C17-8BE4-4951-B68D-0697A9D59E48}.Full|x86.Build.0 = Release|x86
		{E7913C17-8BE4-4951-B68D-0697A9D59E48}.Release|Any CPU.ActiveCfg = Release|Any CPU
		{E7913C17-8BE4-4951-B68D-0697A9D59E48}.Release|Any CPU.Build.0 = Release|Any CPU
		{E7913C17-8BE4-4951-B68D-0697A9D59E48}.Release|x64.ActiveCfg = Release|x64
		{E7913C17-8BE4-4951-B68D-0697A9D59E48}.Release|x64.Build.0 = Release|x64
		{E7913C17-8BE4-4951-B68D-0697A9D59E48}.Release|x86.ActiveCfg = Release|Any CPU
		{E7913C17-8BE4-4951-B68D-0697A9D59E48}.Release|x86.Build.0 = Release|Any CPU
		{E7913C17-8BE4-4951-B68D-0697A9D59E48}.Trial|Any CPU.ActiveCfg = Release|Any CPU
		{E7913C17-8BE4-4951-B68D-0697A9D59E48}.Trial|Any CPU.Build.0 = Release|Any CPU
		{E7913C17-8BE4-4951-B68D-0697A9D59E48}.Trial|x64.ActiveCfg = Release|x64
		{E7913C17-8BE4-4951-B68D-0697A9D59E48}.Trial|x64.Build.0 = Release|x64
		{E7913C17-8BE4-4951-B68D-0697A9D59E48}.Trial|x86.ActiveCfg = Release|x86
		{E7913C17-8BE4-4951-B68D-0697A9D59E48}.Trial|x86.Build.0 = Release|x86
		{A62B3B57-B00A-4992-9281-A882EA7F7F9F}.Debug|Any CPU.ActiveCfg = Debug|Any CPU
		{A62B3B57-B00A-4992-9281-A882EA7F7F9F}.Debug|Any CPU.Build.0 = Debug|Any CPU
		{A62B3B57-B00A-4992-9281-A882EA7F7F9F}.Debug|x64.ActiveCfg = Debug|x64
		{A62B3B57-B00A-4992-9281-A882EA7F7F9F}.Debug|x64.Build.0 = Debug|x64
		{A62B3B57-B00A-4992-9281-A882EA7F7F9F}.Debug|x86.ActiveCfg = Debug|x86
		{A62B3B57-B00A-4992-9281-A882EA7F7F9F}.Debug|x86.Build.0 = Debug|x86
		{A62B3B57-B00A-4992-9281-A882EA7F7F9F}.Full|Any CPU.ActiveCfg = Release|Any CPU
		{A62B3B57-B00A-4992-9281-A882EA7F7F9F}.Full|Any CPU.Build.0 = Release|Any CPU
		{A62B3B57-B00A-4992-9281-A882EA7F7F9F}.Full|x64.ActiveCfg = Release|x64
		{A62B3B57-B00A-4992-9281-A882EA7F7F9F}.Full|x64.Build.0 = Release|x64
		{A62B3B57-B00A-4992-9281-A882EA7F7F9F}.Full|x86.ActiveCfg = Release|x86
		{A62B3B57-B00A-4992-9281-A882EA7F7F9F}.Full|x86.Build.0 = Release|x86
		{A62B3B57-B00A-4992-9281-A882EA7F7F9F}.Release|Any CPU.ActiveCfg = Release|Any CPU
		{A62B3B57-B00A-4992-9281-A882EA7F7F9F}.Release|Any CPU.Build.0 = Release|Any CPU
		{A62B3B57-B00A-4992-9281-A882EA7F7F9F}.Release|x64.ActiveCfg = Release|x64
		{A62B3B57-B00A-4992-9281-A882EA7F7F9F}.Release|x64.Build.0 = Release|x64
		{A62B3B57-B00A-4992-9281-A882EA7F7F9F}.Release|x86.ActiveCfg = Release|x86
		{A62B3B57-B00A-4992-9281-A882EA7F7F9F}.Release|x86.Build.0 = Release|x86
		{A62B3B57-B00A-4992-9281-A882EA7F7F9F}.Trial|Any CPU.ActiveCfg = Release|Any CPU
		{A62B3B57-B00A-4992-9281-A882EA7F7F9F}.Trial|Any CPU.Build.0 = Release|Any CPU
		{A62B3B57-B00A-4992-9281-A882EA7F7F9F}.Trial|x64.ActiveCfg = Release|x64
		{A62B3B57-B00A-4992-9281-A882EA7F7F9F}.Trial|x64.Build.0 = Release|x64
		{A62B3B57-B00A-4992-9281-A882EA7F7F9F}.Trial|x86.ActiveCfg = Release|x86
		{A62B3B57-B00A-4992-9281-A882EA7F7F9F}.Trial|x86.Build.0 = Release|x86
		{B17D2F81-62D0-48A5-9CA6-553463D4935B}.Debug|Any CPU.ActiveCfg = Debug|Any CPU
		{B17D2F81-62D0-48A5-9CA6-553463D4935B}.Debug|Any CPU.Build.0 = Debug|Any CPU
		{B17D2F81-62D0-48A5-9CA6-553463D4935B}.Debug|x64.ActiveCfg = Debug|x64
		{B17D2F81-62D0-48A5-9CA6-553463D4935B}.Debug|x64.Build.0 = Debug|x64
		{B17D2F81-62D0-48A5-9CA6-553463D4935B}.Debug|x86.ActiveCfg = Debug|x86
		{B17D2F81-62D0-48A5-9CA6-553463D4935B}.Debug|x86.Build.0 = Debug|x86
		{B17D2F81-62D0-48A5-9CA6-553463D4935B}.Full|Any CPU.ActiveCfg = Release|Any CPU
		{B17D2F81-62D0-48A5-9CA6-553463D4935B}.Full|Any CPU.Build.0 = Release|Any CPU
		{B17D2F81-62D0-48A5-9CA6-553463D4935B}.Full|x64.ActiveCfg = Release|x64
		{B17D2F81-62D0-48A5-9CA6-553463D4935B}.Full|x64.Build.0 = Release|x64
		{B17D2F81-62D0-48A5-9CA6-553463D4935B}.Full|x86.ActiveCfg = Release|x86
		{B17D2F81-62D0-48A5-9CA6-553463D4935B}.Full|x86.Build.0 = Release|x86
		{B17D2F81-62D0-48A5-9CA6-553463D4935B}.Release|Any CPU.ActiveCfg = Release|Any CPU
		{B17D2F81-62D0-48A5-9CA6-553463D4935B}.Release|Any CPU.Build.0 = Release|Any CPU
		{B17D2F81-62D0-48A5-9CA6-553463D4935B}.Release|x64.ActiveCfg = Release|x64
		{B17D2F81-62D0-48A5-9CA6-553463D4935B}.Release|x64.Build.0 = Release|x64
		{B17D2F81-62D0-48A5-9CA6-553463D4935B}.Release|x86.ActiveCfg = Release|Any CPU
		{B17D2F81-62D0-48A5-9CA6-553463D4935B}.Release|x86.Build.0 = Release|Any CPU
		{B17D2F81-62D0-48A5-9CA6-553463D4935B}.Trial|Any CPU.ActiveCfg = Release|Any CPU
		{B17D2F81-62D0-48A5-9CA6-553463D4935B}.Trial|Any CPU.Build.0 = Release|Any CPU
		{B17D2F81-62D0-48A5-9CA6-553463D4935B}.Trial|x64.ActiveCfg = Release|x64
		{B17D2F81-62D0-48A5-9CA6-553463D4935B}.Trial|x64.Build.0 = Release|x64
		{B17D2F81-62D0-48A5-9CA6-553463D4935B}.Trial|x86.ActiveCfg = Release|x86
		{B17D2F81-62D0-48A5-9CA6-553463D4935B}.Trial|x86.Build.0 = Release|x86
		{AC155E47-E9A3-4689-AB13-6D308A47CC42}.Debug|Any CPU.ActiveCfg = Debug|Any CPU
		{AC155E47-E9A3-4689-AB13-6D308A47CC42}.Debug|Any CPU.Build.0 = Debug|Any CPU
		{AC155E47-E9A3-4689-AB13-6D308A47CC42}.Debug|x64.ActiveCfg = Debug|Any CPU
		{AC155E47-E9A3-4689-AB13-6D308A47CC42}.Debug|x64.Build.0 = Debug|Any CPU
		{AC155E47-E9A3-4689-AB13-6D308A47CC42}.Debug|x86.ActiveCfg = Debug|Any CPU
		{AC155E47-E9A3-4689-AB13-6D308A47CC42}.Debug|x86.Build.0 = Debug|Any CPU
		{AC155E47-E9A3-4689-AB13-6D308A47CC42}.Full|Any CPU.ActiveCfg = Release|Any CPU
		{AC155E47-E9A3-4689-AB13-6D308A47CC42}.Full|Any CPU.Build.0 = Release|Any CPU
		{AC155E47-E9A3-4689-AB13-6D308A47CC42}.Full|x64.ActiveCfg = Release|Any CPU
		{AC155E47-E9A3-4689-AB13-6D308A47CC42}.Full|x64.Build.0 = Release|Any CPU
		{AC155E47-E9A3-4689-AB13-6D308A47CC42}.Full|x86.ActiveCfg = Release|Any CPU
		{AC155E47-E9A3-4689-AB13-6D308A47CC42}.Full|x86.Build.0 = Release|Any CPU
		{AC155E47-E9A3-4689-AB13-6D308A47CC42}.Release|Any CPU.ActiveCfg = Release|Any CPU
		{AC155E47-E9A3-4689-AB13-6D308A47CC42}.Release|Any CPU.Build.0 = Release|Any CPU
		{AC155E47-E9A3-4689-AB13-6D308A47CC42}.Release|x64.ActiveCfg = Release|Any CPU
		{AC155E47-E9A3-4689-AB13-6D308A47CC42}.Release|x64.Build.0 = Release|Any CPU
		{AC155E47-E9A3-4689-AB13-6D308A47CC42}.Release|x86.ActiveCfg = Release|Any CPU
		{AC155E47-E9A3-4689-AB13-6D308A47CC42}.Release|x86.Build.0 = Release|Any CPU
		{AC155E47-E9A3-4689-AB13-6D308A47CC42}.Trial|Any CPU.ActiveCfg = Release|Any CPU
		{AC155E47-E9A3-4689-AB13-6D308A47CC42}.Trial|Any CPU.Build.0 = Release|Any CPU
		{AC155E47-E9A3-4689-AB13-6D308A47CC42}.Trial|x64.ActiveCfg = Release|Any CPU
		{AC155E47-E9A3-4689-AB13-6D308A47CC42}.Trial|x64.Build.0 = Release|Any CPU
		{AC155E47-E9A3-4689-AB13-6D308A47CC42}.Trial|x86.ActiveCfg = Release|Any CPU
		{AC155E47-E9A3-4689-AB13-6D308A47CC42}.Trial|x86.Build.0 = Release|Any CPU
		{7CC1EE8B-90A2-4CF7-AF5E-30104BDA14D8}.Debug|Any CPU.ActiveCfg = Debug|Any CPU
		{7CC1EE8B-90A2-4CF7-AF5E-30104BDA14D8}.Debug|Any CPU.Build.0 = Debug|Any CPU
		{7CC1EE8B-90A2-4CF7-AF5E-30104BDA14D8}.Debug|x64.ActiveCfg = Debug|Any CPU
		{7CC1EE8B-90A2-4CF7-AF5E-30104BDA14D8}.Debug|x64.Build.0 = Debug|Any CPU
		{7CC1EE8B-90A2-4CF7-AF5E-30104BDA14D8}.Debug|x86.ActiveCfg = Debug|Any CPU
		{7CC1EE8B-90A2-4CF7-AF5E-30104BDA14D8}.Debug|x86.Build.0 = Debug|Any CPU
		{7CC1EE8B-90A2-4CF7-AF5E-30104BDA14D8}.Full|Any CPU.ActiveCfg = Release|Any CPU
		{7CC1EE8B-90A2-4CF7-AF5E-30104BDA14D8}.Full|Any CPU.Build.0 = Release|Any CPU
		{7CC1EE8B-90A2-4CF7-AF5E-30104BDA14D8}.Full|x64.ActiveCfg = Release|Any CPU
		{7CC1EE8B-90A2-4CF7-AF5E-30104BDA14D8}.Full|x64.Build.0 = Release|Any CPU
		{7CC1EE8B-90A2-4CF7-AF5E-30104BDA14D8}.Full|x86.ActiveCfg = Release|Any CPU
		{7CC1EE8B-90A2-4CF7-AF5E-30104BDA14D8}.Full|x86.Build.0 = Release|Any CPU
		{7CC1EE8B-90A2-4CF7-AF5E-30104BDA14D8}.Release|Any CPU.ActiveCfg = Release|Any CPU
		{7CC1EE8B-90A2-4CF7-AF5E-30104BDA14D8}.Release|Any CPU.Build.0 = Release|Any CPU
		{7CC1EE8B-90A2-4CF7-AF5E-30104BDA14D8}.Release|x64.ActiveCfg = Release|Any CPU
		{7CC1EE8B-90A2-4CF7-AF5E-30104BDA14D8}.Release|x64.Build.0 = Release|Any CPU
		{7CC1EE8B-90A2-4CF7-AF5E-30104BDA14D8}.Release|x86.ActiveCfg = Release|Any CPU
		{7CC1EE8B-90A2-4CF7-AF5E-30104BDA14D8}.Release|x86.Build.0 = Release|Any CPU
		{7CC1EE8B-90A2-4CF7-AF5E-30104BDA14D8}.Trial|Any CPU.ActiveCfg = Release|Any CPU
		{7CC1EE8B-90A2-4CF7-AF5E-30104BDA14D8}.Trial|Any CPU.Build.0 = Release|Any CPU
		{7CC1EE8B-90A2-4CF7-AF5E-30104BDA14D8}.Trial|x64.ActiveCfg = Release|Any CPU
		{7CC1EE8B-90A2-4CF7-AF5E-30104BDA14D8}.Trial|x64.Build.0 = Release|Any CPU
		{7CC1EE8B-90A2-4CF7-AF5E-30104BDA14D8}.Trial|x86.ActiveCfg = Release|Any CPU
		{7CC1EE8B-90A2-4CF7-AF5E-30104BDA14D8}.Trial|x86.Build.0 = Release|Any CPU
		{CCA841F3-B4BC-4027-A961-418C02881DE2}.Debug|Any CPU.ActiveCfg = Debug|Any CPU
		{CCA841F3-B4BC-4027-A961-418C02881DE2}.Debug|Any CPU.Build.0 = Debug|Any CPU
		{CCA841F3-B4BC-4027-A961-418C02881DE2}.Debug|x64.ActiveCfg = Debug|Any CPU
		{CCA841F3-B4BC-4027-A961-418C02881DE2}.Debug|x64.Build.0 = Debug|Any CPU
		{CCA841F3-B4BC-4027-A961-418C02881DE2}.Debug|x86.ActiveCfg = Debug|Any CPU
		{CCA841F3-B4BC-4027-A961-418C02881DE2}.Debug|x86.Build.0 = Debug|Any CPU
		{CCA841F3-B4BC-4027-A961-418C02881DE2}.Full|Any CPU.ActiveCfg = Release|Any CPU
		{CCA841F3-B4BC-4027-A961-418C02881DE2}.Full|Any CPU.Build.0 = Release|Any CPU
		{CCA841F3-B4BC-4027-A961-418C02881DE2}.Full|x64.ActiveCfg = Release|Any CPU
		{CCA841F3-B4BC-4027-A961-418C02881DE2}.Full|x64.Build.0 = Release|Any CPU
		{CCA841F3-B4BC-4027-A961-418C02881DE2}.Full|x86.ActiveCfg = Release|Any CPU
		{CCA841F3-B4BC-4027-A961-418C02881DE2}.Full|x86.Build.0 = Release|Any CPU
		{CCA841F3-B4BC-4027-A961-418C02881DE2}.Release|Any CPU.ActiveCfg = Release|Any CPU
		{CCA841F3-B4BC-4027-A961-418C02881DE2}.Release|Any CPU.Build.0 = Release|Any CPU
		{CCA841F3-B4BC-4027-A961-418C02881DE2}.Release|x64.ActiveCfg = Release|Any CPU
		{CCA841F3-B4BC-4027-A961-418C02881DE2}.Release|x64.Build.0 = Release|Any CPU
		{CCA841F3-B4BC-4027-A961-418C02881DE2}.Release|x86.ActiveCfg = Release|Any CPU
		{CCA841F3-B4BC-4027-A961-418C02881DE2}.Release|x86.Build.0 = Release|Any CPU
		{CCA841F3-B4BC-4027-A961-418C02881DE2}.Trial|Any CPU.ActiveCfg = Release|Any CPU
		{CCA841F3-B4BC-4027-A961-418C02881DE2}.Trial|Any CPU.Build.0 = Release|Any CPU
		{CCA841F3-B4BC-4027-A961-418C02881DE2}.Trial|x64.ActiveCfg = Release|Any CPU
		{CCA841F3-B4BC-4027-A961-418C02881DE2}.Trial|x64.Build.0 = Release|Any CPU
		{CCA841F3-B4BC-4027-A961-418C02881DE2}.Trial|x86.ActiveCfg = Release|Any CPU
		{CCA841F3-B4BC-4027-A961-418C02881DE2}.Trial|x86.Build.0 = Release|Any CPU
		{E2DEC81B-0810-4592-B742-902A78059449}.Debug|Any CPU.ActiveCfg = Debug|Any CPU
		{E2DEC81B-0810-4592-B742-902A78059449}.Debug|Any CPU.Build.0 = Debug|Any CPU
		{E2DEC81B-0810-4592-B742-902A78059449}.Debug|x64.ActiveCfg = Debug|x64
		{E2DEC81B-0810-4592-B742-902A78059449}.Debug|x64.Build.0 = Debug|x64
		{E2DEC81B-0810-4592-B742-902A78059449}.Debug|x86.ActiveCfg = Debug|Any CPU
		{E2DEC81B-0810-4592-B742-902A78059449}.Debug|x86.Build.0 = Debug|Any CPU
		{E2DEC81B-0810-4592-B742-902A78059449}.Full|Any CPU.ActiveCfg = Release|Any CPU
		{E2DEC81B-0810-4592-B742-902A78059449}.Full|Any CPU.Build.0 = Release|Any CPU
		{E2DEC81B-0810-4592-B742-902A78059449}.Full|x64.ActiveCfg = Release|x64
		{E2DEC81B-0810-4592-B742-902A78059449}.Full|x64.Build.0 = Release|x64
		{E2DEC81B-0810-4592-B742-902A78059449}.Full|x86.ActiveCfg = Release|Any CPU
		{E2DEC81B-0810-4592-B742-902A78059449}.Full|x86.Build.0 = Release|Any CPU
		{E2DEC81B-0810-4592-B742-902A78059449}.Release|Any CPU.ActiveCfg = Release|Any CPU
		{E2DEC81B-0810-4592-B742-902A78059449}.Release|Any CPU.Build.0 = Release|Any CPU
		{E2DEC81B-0810-4592-B742-902A78059449}.Release|x64.ActiveCfg = Release|x64
		{E2DEC81B-0810-4592-B742-902A78059449}.Release|x64.Build.0 = Release|x64
		{E2DEC81B-0810-4592-B742-902A78059449}.Release|x86.ActiveCfg = Release|Any CPU
		{E2DEC81B-0810-4592-B742-902A78059449}.Release|x86.Build.0 = Release|Any CPU
		{E2DEC81B-0810-4592-B742-902A78059449}.Trial|Any CPU.ActiveCfg = Release|Any CPU
		{E2DEC81B-0810-4592-B742-902A78059449}.Trial|Any CPU.Build.0 = Release|Any CPU
		{E2DEC81B-0810-4592-B742-902A78059449}.Trial|x64.ActiveCfg = Release|x64
		{E2DEC81B-0810-4592-B742-902A78059449}.Trial|x64.Build.0 = Release|x64
		{E2DEC81B-0810-4592-B742-902A78059449}.Trial|x86.ActiveCfg = Release|Any CPU
		{E2DEC81B-0810-4592-B742-902A78059449}.Trial|x86.Build.0 = Release|Any CPU
		{19F0E775-116D-4AC6-80F1-F6281ACB81BE}.Debug|Any CPU.ActiveCfg = Debug|Any CPU
		{19F0E775-116D-4AC6-80F1-F6281ACB81BE}.Debug|Any CPU.Build.0 = Debug|Any CPU
		{19F0E775-116D-4AC6-80F1-F6281ACB81BE}.Debug|x64.ActiveCfg = Debug|Any CPU
		{19F0E775-116D-4AC6-80F1-F6281ACB81BE}.Debug|x64.Build.0 = Debug|Any CPU
		{19F0E775-116D-4AC6-80F1-F6281ACB81BE}.Debug|x86.ActiveCfg = Debug|Any CPU
		{19F0E775-116D-4AC6-80F1-F6281ACB81BE}.Debug|x86.Build.0 = Debug|Any CPU
		{19F0E775-116D-4AC6-80F1-F6281ACB81BE}.Full|Any CPU.ActiveCfg = Full|Any CPU
		{19F0E775-116D-4AC6-80F1-F6281ACB81BE}.Full|Any CPU.Build.0 = Full|Any CPU
		{19F0E775-116D-4AC6-80F1-F6281ACB81BE}.Full|x64.ActiveCfg = Full|Any CPU
		{19F0E775-116D-4AC6-80F1-F6281ACB81BE}.Full|x64.Build.0 = Full|Any CPU
		{19F0E775-116D-4AC6-80F1-F6281ACB81BE}.Full|x86.ActiveCfg = Full|Any CPU
		{19F0E775-116D-4AC6-80F1-F6281ACB81BE}.Full|x86.Build.0 = Full|Any CPU
		{19F0E775-116D-4AC6-80F1-F6281ACB81BE}.Release|Any CPU.ActiveCfg = Release|Any CPU
		{19F0E775-116D-4AC6-80F1-F6281ACB81BE}.Release|Any CPU.Build.0 = Release|Any CPU
		{19F0E775-116D-4AC6-80F1-F6281ACB81BE}.Release|x64.ActiveCfg = Release|Any CPU
		{19F0E775-116D-4AC6-80F1-F6281ACB81BE}.Release|x64.Build.0 = Release|Any CPU
		{19F0E775-116D-4AC6-80F1-F6281ACB81BE}.Release|x86.ActiveCfg = Release|Any CPU
		{19F0E775-116D-4AC6-80F1-F6281ACB81BE}.Release|x86.Build.0 = Release|Any CPU
		{19F0E775-116D-4AC6-80F1-F6281ACB81BE}.Trial|Any CPU.ActiveCfg = Trial|Any CPU
		{19F0E775-116D-4AC6-80F1-F6281ACB81BE}.Trial|Any CPU.Build.0 = Trial|Any CPU
		{19F0E775-116D-4AC6-80F1-F6281ACB81BE}.Trial|x64.ActiveCfg = Trial|Any CPU
		{19F0E775-116D-4AC6-80F1-F6281ACB81BE}.Trial|x64.Build.0 = Trial|Any CPU
		{19F0E775-116D-4AC6-80F1-F6281ACB81BE}.Trial|x86.ActiveCfg = Trial|Any CPU
		{19F0E775-116D-4AC6-80F1-F6281ACB81BE}.Trial|x86.Build.0 = Trial|Any CPU
		{FAF355B7-1510-474E-BD4C-9ECC583347FA}.Debug|Any CPU.ActiveCfg = Debug|Any CPU
		{FAF355B7-1510-474E-BD4C-9ECC583347FA}.Debug|Any CPU.Build.0 = Debug|Any CPU
		{FAF355B7-1510-474E-BD4C-9ECC583347FA}.Debug|x64.ActiveCfg = Debug|Any CPU
		{FAF355B7-1510-474E-BD4C-9ECC583347FA}.Debug|x64.Build.0 = Debug|Any CPU
		{FAF355B7-1510-474E-BD4C-9ECC583347FA}.Debug|x86.ActiveCfg = Debug|Any CPU
		{FAF355B7-1510-474E-BD4C-9ECC583347FA}.Debug|x86.Build.0 = Debug|Any CPU
		{FAF355B7-1510-474E-BD4C-9ECC583347FA}.Full|Any CPU.ActiveCfg = Debug|Any CPU
		{FAF355B7-1510-474E-BD4C-9ECC583347FA}.Full|Any CPU.Build.0 = Debug|Any CPU
		{FAF355B7-1510-474E-BD4C-9ECC583347FA}.Full|x64.ActiveCfg = Debug|Any CPU
		{FAF355B7-1510-474E-BD4C-9ECC583347FA}.Full|x64.Build.0 = Debug|Any CPU
		{FAF355B7-1510-474E-BD4C-9ECC583347FA}.Full|x86.ActiveCfg = Debug|Any CPU
		{FAF355B7-1510-474E-BD4C-9ECC583347FA}.Full|x86.Build.0 = Debug|Any CPU
		{FAF355B7-1510-474E-BD4C-9ECC583347FA}.Release|Any CPU.ActiveCfg = Release|Any CPU
		{FAF355B7-1510-474E-BD4C-9ECC583347FA}.Release|Any CPU.Build.0 = Release|Any CPU
		{FAF355B7-1510-474E-BD4C-9ECC583347FA}.Release|x64.ActiveCfg = Release|Any CPU
		{FAF355B7-1510-474E-BD4C-9ECC583347FA}.Release|x64.Build.0 = Release|Any CPU
		{FAF355B7-1510-474E-BD4C-9ECC583347FA}.Release|x86.ActiveCfg = Release|Any CPU
		{FAF355B7-1510-474E-BD4C-9ECC583347FA}.Release|x86.Build.0 = Release|Any CPU
		{FAF355B7-1510-474E-BD4C-9ECC583347FA}.TradeSystem.Duplicat|Any CPU.ActiveCfg = Debug|Any CPU
		{FAF355B7-1510-474E-BD4C-9ECC583347FA}.TradeSystem.Duplicat|Any CPU.Build.0 = Debug|Any CPU
		{FAF355B7-1510-474E-BD4C-9ECC583347FA}.TradeSystem.Duplicat|x64.ActiveCfg = Debug|Any CPU
		{FAF355B7-1510-474E-BD4C-9ECC583347FA}.TradeSystem.Duplicat|x64.Build.0 = Debug|Any CPU
		{FAF355B7-1510-474E-BD4C-9ECC583347FA}.TradeSystem.Duplicat|x86.ActiveCfg = Debug|Any CPU
		{FAF355B7-1510-474E-BD4C-9ECC583347FA}.TradeSystem.Duplicat|x86.Build.0 = Debug|Any CPU
		{FAF355B7-1510-474E-BD4C-9ECC583347FA}.Trial|Any CPU.ActiveCfg = Debug|Any CPU
		{FAF355B7-1510-474E-BD4C-9ECC583347FA}.Trial|Any CPU.Build.0 = Debug|Any CPU
		{FAF355B7-1510-474E-BD4C-9ECC583347FA}.Trial|x64.ActiveCfg = Debug|Any CPU
		{FAF355B7-1510-474E-BD4C-9ECC583347FA}.Trial|x64.Build.0 = Debug|Any CPU
		{FAF355B7-1510-474E-BD4C-9ECC583347FA}.Trial|x86.ActiveCfg = Debug|Any CPU
		{FAF355B7-1510-474E-BD4C-9ECC583347FA}.Trial|x86.Build.0 = Debug|Any CPU
		{99CB171B-43EA-429A-9835-36FBE59F87AA}.Debug|Any CPU.ActiveCfg = Debug|Any CPU
		{99CB171B-43EA-429A-9835-36FBE59F87AA}.Debug|Any CPU.Build.0 = Debug|Any CPU
		{99CB171B-43EA-429A-9835-36FBE59F87AA}.Debug|x64.ActiveCfg = Debug|Any CPU
		{99CB171B-43EA-429A-9835-36FBE59F87AA}.Debug|x64.Build.0 = Debug|Any CPU
		{99CB171B-43EA-429A-9835-36FBE59F87AA}.Debug|x86.ActiveCfg = Debug|Any CPU
		{99CB171B-43EA-429A-9835-36FBE59F87AA}.Debug|x86.Build.0 = Debug|Any CPU
		{99CB171B-43EA-429A-9835-36FBE59F87AA}.Full|Any CPU.ActiveCfg = Debug|Any CPU
		{99CB171B-43EA-429A-9835-36FBE59F87AA}.Full|Any CPU.Build.0 = Debug|Any CPU
		{99CB171B-43EA-429A-9835-36FBE59F87AA}.Full|x64.ActiveCfg = Debug|Any CPU
		{99CB171B-43EA-429A-9835-36FBE59F87AA}.Full|x64.Build.0 = Debug|Any CPU
		{99CB171B-43EA-429A-9835-36FBE59F87AA}.Full|x86.ActiveCfg = Debug|Any CPU
		{99CB171B-43EA-429A-9835-36FBE59F87AA}.Full|x86.Build.0 = Debug|Any CPU
		{99CB171B-43EA-429A-9835-36FBE59F87AA}.Release|Any CPU.ActiveCfg = Release|Any CPU
		{99CB171B-43EA-429A-9835-36FBE59F87AA}.Release|Any CPU.Build.0 = Release|Any CPU
		{99CB171B-43EA-429A-9835-36FBE59F87AA}.Release|x64.ActiveCfg = Release|Any CPU
		{99CB171B-43EA-429A-9835-36FBE59F87AA}.Release|x64.Build.0 = Release|Any CPU
		{99CB171B-43EA-429A-9835-36FBE59F87AA}.Release|x86.ActiveCfg = Release|Any CPU
		{99CB171B-43EA-429A-9835-36FBE59F87AA}.Release|x86.Build.0 = Release|Any CPU
		{99CB171B-43EA-429A-9835-36FBE59F87AA}.TradeSystem.Duplicat|Any CPU.ActiveCfg = Debug|Any CPU
		{99CB171B-43EA-429A-9835-36FBE59F87AA}.TradeSystem.Duplicat|Any CPU.Build.0 = Debug|Any CPU
		{99CB171B-43EA-429A-9835-36FBE59F87AA}.TradeSystem.Duplicat|x64.ActiveCfg = Debug|Any CPU
		{99CB171B-43EA-429A-9835-36FBE59F87AA}.TradeSystem.Duplicat|x64.Build.0 = Debug|Any CPU
		{99CB171B-43EA-429A-9835-36FBE59F87AA}.TradeSystem.Duplicat|x86.ActiveCfg = Debug|Any CPU
		{99CB171B-43EA-429A-9835-36FBE59F87AA}.TradeSystem.Duplicat|x86.Build.0 = Debug|Any CPU
		{99CB171B-43EA-429A-9835-36FBE59F87AA}.Trial|Any CPU.ActiveCfg = Debug|Any CPU
		{99CB171B-43EA-429A-9835-36FBE59F87AA}.Trial|Any CPU.Build.0 = Debug|Any CPU
		{99CB171B-43EA-429A-9835-36FBE59F87AA}.Trial|x64.ActiveCfg = Debug|Any CPU
		{99CB171B-43EA-429A-9835-36FBE59F87AA}.Trial|x64.Build.0 = Debug|Any CPU
		{99CB171B-43EA-429A-9835-36FBE59F87AA}.Trial|x86.ActiveCfg = Debug|Any CPU
		{99CB171B-43EA-429A-9835-36FBE59F87AA}.Trial|x86.Build.0 = Debug|Any CPU
	EndGlobalSection
	GlobalSection(SolutionProperties) = preSolution
		HideSolutionNode = FALSE
	EndGlobalSection
	GlobalSection(NestedProjects) = preSolution
		{BB763038-2989-4643-AE5E-1A1FAA2053AF} = {7B041DAD-24DD-429E-B1DE-71573E267EA6}
		{FDFCE270-50AC-4930-8680-A760F6F7C637} = {A173DFEF-C355-4721-BEE1-D8BB147FF8BA}
		{9B577BD6-AEA9-4F64-9F1D-6EC760103295} = {A173DFEF-C355-4721-BEE1-D8BB147FF8BA}
		{5A7C14E4-C1F0-4A9E-8284-D01F0082B483} = {A173DFEF-C355-4721-BEE1-D8BB147FF8BA}
		{C38C4681-11E5-417B-9923-6E754402EC1B} = {A173DFEF-C355-4721-BEE1-D8BB147FF8BA}
		{D025DB83-5628-432A-832D-0BB89E807252} = {A173DFEF-C355-4721-BEE1-D8BB147FF8BA}
		{EED1BD13-CC26-4EDE-99E4-DD59EB4D09BB} = {A173DFEF-C355-4721-BEE1-D8BB147FF8BA}
		{3455F630-EA48-4C6F-8012-A9DFA9CE1428} = {A173DFEF-C355-4721-BEE1-D8BB147FF8BA}
		{A12E5A21-BB5D-4B6E-B229-9A4C625F8DCE} = {A173DFEF-C355-4721-BEE1-D8BB147FF8BA}
		{AA3796E1-5B4C-4BDD-A102-22D6411F9B93} = {A173DFEF-C355-4721-BEE1-D8BB147FF8BA}
		{5F9D1672-8038-4D3D-A7C0-DF0A8D6B6F99} = {A173DFEF-C355-4721-BEE1-D8BB147FF8BA}
		{A96EAAE3-C983-4F54-A434-A6928F847FA5} = {A173DFEF-C355-4721-BEE1-D8BB147FF8BA}
		{35A78F17-924A-4C87-9A76-01F879050F7C} = {A173DFEF-C355-4721-BEE1-D8BB147FF8BA}
		{354D7EEF-7828-46DA-8E72-AAFE0F0CF284} = {A173DFEF-C355-4721-BEE1-D8BB147FF8BA}
		{1DF2F201-1D2D-4303-BBA0-553A5D1FF62A} = {A173DFEF-C355-4721-BEE1-D8BB147FF8BA}
		{E683A44E-E066-4CF7-9977-B7B3C7F3C852} = {A173DFEF-C355-4721-BEE1-D8BB147FF8BA}
		{3EAF2A7C-EB13-4188-8435-93047B780B7E} = {A173DFEF-C355-4721-BEE1-D8BB147FF8BA}
		{E7913C17-8BE4-4951-B68D-0697A9D59E48} = {A173DFEF-C355-4721-BEE1-D8BB147FF8BA}
		{A62B3B57-B00A-4992-9281-A882EA7F7F9F} = {A173DFEF-C355-4721-BEE1-D8BB147FF8BA}
		{B17D2F81-62D0-48A5-9CA6-553463D4935B} = {A173DFEF-C355-4721-BEE1-D8BB147FF8BA}
		{AC155E47-E9A3-4689-AB13-6D308A47CC42} = {A173DFEF-C355-4721-BEE1-D8BB147FF8BA}
		{7CC1EE8B-90A2-4CF7-AF5E-30104BDA14D8} = {A173DFEF-C355-4721-BEE1-D8BB147FF8BA}
		{CCA841F3-B4BC-4027-A961-418C02881DE2} = {A173DFEF-C355-4721-BEE1-D8BB147FF8BA}
		{E2DEC81B-0810-4592-B742-902A78059449} = {A173DFEF-C355-4721-BEE1-D8BB147FF8BA}
		{19F0E775-116D-4AC6-80F1-F6281ACB81BE} = {A173DFEF-C355-4721-BEE1-D8BB147FF8BA}
	EndGlobalSection
	GlobalSection(ExtensibilityGlobals) = postSolution
		SolutionGuid = {C1C28357-86B5-47FD-924D-863DA2531C4D}
	EndGlobalSection
EndGlobal
