
Microsoft Visual Studio Solution File, Format Version 12.00
# Visual Studio 15
VisualStudioVersion = 15.0.27130.2036
MinimumVisualStudioVersion = 10.0.40219.1
Project("{FAE04EC0-301F-11D3-BF4B-00C04F79EFBC}") = "TradeSystem.CTraderApi", "TradeSystem.CTraderApi\TradeSystem.CTraderApi.csproj", "{866039F3-42FF-4D42-A85E-F91CEF04F3DF}"
EndProject
Project("{FAE04EC0-301F-11D3-BF4B-00C04F79EFBC}") = "TradeSystem.Mt4Integration", "TradeSystem.Mt4Integration\TradeSystem.Mt4Integration.csproj", "{73A2679E-F17E-4484-8874-461D3FC895DD}"
EndProject
Project("{FAE04EC0-301F-11D3-BF4B-00C04F79EFBC}") = "TradeSystem.Common", "TradeSystem.Common\TradeSystem.Common.csproj", "{10A3EF89-12BB-4D00-9950-36BFED281B91}"
EndProject
Project("{FAE04EC0-301F-11D3-BF4B-00C04F79EFBC}") = "TradeSystem.CTraderIntegration", "TradeSystem.CTraderIntegration\TradeSystem.CTraderIntegration.csproj", "{5B92788F-AF48-4709-A539-BBA2822A06B7}"
EndProject
Project("{FAE04EC0-301F-11D3-BF4B-00C04F79EFBC}") = "TradeSystem.Duplicat", "TradeSystem.Duplicat\TradeSystem.Duplicat.csproj", "{051B3CD8-9791-448A-864F-B6A7B4EF63BB}"
EndProject
Project("{FAE04EC0-301F-11D3-BF4B-00C04F79EFBC}") = "TradeSystem.Data", "TradeSystem.Data\TradeSystem.Data.csproj", "{D7DA9DD6-1BA9-45B9-9581-1D095631DF0D}"
EndProject
Project("{FAE04EC0-301F-11D3-BF4B-00C04F79EFBC}") = "TradeSystem.Orchestration", "TradeSystem.Orchestration\TradeSystem.Orchestration.csproj", "{7FCD6735-2115-4096-B5C9-E5CD7B4A3C1C}"
EndProject
Project("{FAE04EC0-301F-11D3-BF4B-00C04F79EFBC}") = "TradeSystem.CTraderAccess", "TradeSystem.CTraderAccess\TradeSystem.CTraderAccess.csproj", "{D6B82A20-17F8-44BB-AEE5-C11DD8BECC4C}"
EndProject
Project("{2150E333-8FDC-42A3-9474-1A3956D46DE8}") = "Tests", "Tests", "{7B041DAD-24DD-429E-B1DE-71573E267EA6}"
EndProject
Project("{FAE04EC0-301F-11D3-BF4B-00C04F79EFBC}") = "TradeSystem.OrchestrationTests", "TradeSystem.OrchestrationTests\TradeSystem.OrchestrationTests.csproj", "{BB763038-2989-4643-AE5E-1A1FAA2053AF}"
EndProject
Project("{FAE04EC0-301F-11D3-BF4B-00C04F79EFBC}") = "TradeSystem.FixApiIntegration", "TradeSystem.FixApiIntegration\TradeSystem.FixApiIntegration.csproj", "{7F7F4B22-F0BD-4375-BAF4-FFAFE9B3A853}"
EndProject
Project("{FAE04EC0-301F-11D3-BF4B-00C04F79EFBC}") = "TradeSystem.IlyaFastFeedIntegration", "TradeSystem.IlyaFastFeedIntegration\TradeSystem.IlyaFastFeedIntegration.csproj", "{4C1EA1A8-5C20-48AB-A662-72969D880B21}"
EndProject
Project("{FAE04EC0-301F-11D3-BF4B-00C04F79EFBC}") = "TradeSystem.CqgClientApiIntegration", "TradeSystem.CqgClientApiIntegration\TradeSystem.CqgClientApiIntegration.csproj", "{8ACFC7D6-2C62-4F4C-9FA5-86066CFB62B9}"
EndProject
Project("{FAE04EC0-301F-11D3-BF4B-00C04F79EFBC}") = "TradeSystem.FileContextCore", "TradeSystem.FileContextCore\TradeSystem.FileContextCore.csproj", "{B0DF0796-17ED-470A-858D-A7CABB3F36F8}"
EndProject
Project("{FAE04EC0-301F-11D3-BF4B-00C04F79EFBC}") = "TradeSystem.IbIntegration", "TradeSystem.IbIntegration\TradeSystem.IbIntegration.csproj", "{62CE29D7-E16C-4B48-B017-586C4B22EDC9}"
EndProject
Project("{FAE04EC0-301F-11D3-BF4B-00C04F79EFBC}") = "InteractiveBrokersApi", "InteractiveBrokersApi\InteractiveBrokersApi.csproj", "{8EDE0744-96C2-40B0-A8DC-37DF79370203}"
EndProject
Project("{2150E333-8FDC-42A3-9474-1A3956D46DE8}") = "TradeSystem.Communication", "TradeSystem.Communication", "{A173DFEF-C355-4721-BEE1-D8BB147FF8BA}"
EndProject
Project("{FAE04EC0-301F-11D3-BF4B-00C04F79EFBC}") = "TradeSystem", "..\..\git\QvaDev.Wololo\TradeSystem\TradeSystem.csproj", "{FDFCE270-50AC-4930-8680-A760F6F7C637}"
EndProject
Project("{FAE04EC0-301F-11D3-BF4B-00C04F79EFBC}") = "TradeSystem.Communication", "..\..\git\QvaDev.Wololo\TradeSystem.Communication\TradeSystem.Communication.csproj", "{9B577BD6-AEA9-4F64-9F1D-6EC760103295}"
EndProject
Project("{FAE04EC0-301F-11D3-BF4B-00C04F79EFBC}") = "TradeSystem.Communication.FixApi", "..\..\git\QvaDev.Wololo\TradeSystem.Communication.FixApi\TradeSystem.Communication.FixApi.csproj", "{5A7C14E4-C1F0-4A9E-8284-D01F0082B483}"
EndProject
Project("{FAE04EC0-301F-11D3-BF4B-00C04F79EFBC}") = "TradeSystem.Communication.FixApi.Connectors", "..\..\git\QvaDev.Wololo\TradeSystem.Communication.FixApi.Connectors\TradeSystem.Communication.FixApi.Connectors.csproj", "{C38C4681-11E5-417B-9923-6E754402EC1B}"
EndProject
Project("{FAE04EC0-301F-11D3-BF4B-00C04F79EFBC}") = "TradeSystem.Communication.FixApi.Connectors.Strategies", "..\..\git\QvaDev.Wololo\TradeSystem.Communication.FixApi.Connectors.Strategies\TradeSystem.Communication.FixApi.Connectors.Strategies.csproj", "{D025DB83-5628-432A-832D-0BB89E807252}"
EndProject
Project("{FAE04EC0-301F-11D3-BF4B-00C04F79EFBC}") = "TradeSystem.Communication.DtcApi", "..\..\git\QvaDev.Wololo\TradeSystem.Communication.DtcApi\TradeSystem.Communication.DtcApi.csproj", "{EED1BD13-CC26-4EDE-99E4-DD59EB4D09BB}"
EndProject
Project("{FAE04EC0-301F-11D3-BF4B-00C04F79EFBC}") = "TradeSystem.Communication.SnwApi", "..\..\git\QvaDev.Wololo\TradeSystem.Communication.SnwApi\TradeSystem.Communication.SnwApi.csproj", "{3455F630-EA48-4C6F-8012-A9DFA9CE1428}"
EndProject
Project("{FAE04EC0-301F-11D3-BF4B-00C04F79EFBC}") = "TradeSystem.Communication.Extensions", "..\..\git\QvaDev.Wololo\TradeSystem.Communication.Extensions\TradeSystem.Communication.Extensions.csproj", "{A12E5A21-BB5D-4B6E-B229-9A4C625F8DCE}"
EndProject
Project("{FAE04EC0-301F-11D3-BF4B-00C04F79EFBC}") = "TradeSystem.Communication.Mt5", "..\..\git\QvaDev.Wololo\TradeSystem.Communication.Mt5\TradeSystem.Communication.Mt5.csproj", "{AA3796E1-5B4C-4BDD-A102-22D6411F9B93}"
EndProject
Project("{FAE04EC0-301F-11D3-BF4B-00C04F79EFBC}") = "TradeSystem.Communication.FastFeed", "..\..\git\QvaDev.Wololo\TradeSystem.Communication.FastFeed\TradeSystem.Communication.FastFeed.csproj", "{5F9D1672-8038-4D3D-A7C0-DF0A8D6B6F99}"
EndProject
Global
	GlobalSection(SolutionConfigurationPlatforms) = preSolution
		Debug|Any CPU = Debug|Any CPU
		Debug|x64 = Debug|x64
		Debug|x86 = Debug|x86
		Release|Any CPU = Release|Any CPU
		Release|x64 = Release|x64
		Release|x86 = Release|x86
	EndGlobalSection
	GlobalSection(ProjectConfigurationPlatforms) = postSolution
		{866039F3-42FF-4D42-A85E-F91CEF04F3DF}.Debug|Any CPU.ActiveCfg = Debug|Any CPU
		{866039F3-42FF-4D42-A85E-F91CEF04F3DF}.Debug|Any CPU.Build.0 = Debug|Any CPU
		{866039F3-42FF-4D42-A85E-F91CEF04F3DF}.Debug|x64.ActiveCfg = Debug|x64
		{866039F3-42FF-4D42-A85E-F91CEF04F3DF}.Debug|x64.Build.0 = Debug|x64
		{866039F3-42FF-4D42-A85E-F91CEF04F3DF}.Debug|x86.ActiveCfg = Debug|x86
		{866039F3-42FF-4D42-A85E-F91CEF04F3DF}.Debug|x86.Build.0 = Debug|x86
		{866039F3-42FF-4D42-A85E-F91CEF04F3DF}.Release|Any CPU.ActiveCfg = Release|Any CPU
		{866039F3-42FF-4D42-A85E-F91CEF04F3DF}.Release|Any CPU.Build.0 = Release|Any CPU
		{866039F3-42FF-4D42-A85E-F91CEF04F3DF}.Release|x64.ActiveCfg = Release|x64
		{866039F3-42FF-4D42-A85E-F91CEF04F3DF}.Release|x64.Build.0 = Release|x64
		{866039F3-42FF-4D42-A85E-F91CEF04F3DF}.Release|x86.ActiveCfg = Release|x86
		{866039F3-42FF-4D42-A85E-F91CEF04F3DF}.Release|x86.Build.0 = Release|x86
		{73A2679E-F17E-4484-8874-461D3FC895DD}.Debug|Any CPU.ActiveCfg = Debug|Any CPU
		{73A2679E-F17E-4484-8874-461D3FC895DD}.Debug|Any CPU.Build.0 = Debug|Any CPU
		{73A2679E-F17E-4484-8874-461D3FC895DD}.Debug|x64.ActiveCfg = Debug|x64
		{73A2679E-F17E-4484-8874-461D3FC895DD}.Debug|x64.Build.0 = Debug|x64
		{73A2679E-F17E-4484-8874-461D3FC895DD}.Debug|x86.ActiveCfg = Debug|x86
		{73A2679E-F17E-4484-8874-461D3FC895DD}.Debug|x86.Build.0 = Debug|x86
		{73A2679E-F17E-4484-8874-461D3FC895DD}.Release|Any CPU.ActiveCfg = Release|Any CPU
		{73A2679E-F17E-4484-8874-461D3FC895DD}.Release|Any CPU.Build.0 = Release|Any CPU
		{73A2679E-F17E-4484-8874-461D3FC895DD}.Release|x64.ActiveCfg = Release|x64
		{73A2679E-F17E-4484-8874-461D3FC895DD}.Release|x64.Build.0 = Release|x64
		{73A2679E-F17E-4484-8874-461D3FC895DD}.Release|x86.ActiveCfg = Release|x86
		{73A2679E-F17E-4484-8874-461D3FC895DD}.Release|x86.Build.0 = Release|x86
		{10A3EF89-12BB-4D00-9950-36BFED281B91}.Debug|Any CPU.ActiveCfg = Debug|Any CPU
		{10A3EF89-12BB-4D00-9950-36BFED281B91}.Debug|Any CPU.Build.0 = Debug|Any CPU
		{10A3EF89-12BB-4D00-9950-36BFED281B91}.Debug|x64.ActiveCfg = Debug|x64
		{10A3EF89-12BB-4D00-9950-36BFED281B91}.Debug|x64.Build.0 = Debug|x64
		{10A3EF89-12BB-4D00-9950-36BFED281B91}.Debug|x86.ActiveCfg = Debug|x86
		{10A3EF89-12BB-4D00-9950-36BFED281B91}.Debug|x86.Build.0 = Debug|x86
		{10A3EF89-12BB-4D00-9950-36BFED281B91}.Release|Any CPU.ActiveCfg = Release|Any CPU
		{10A3EF89-12BB-4D00-9950-36BFED281B91}.Release|Any CPU.Build.0 = Release|Any CPU
		{10A3EF89-12BB-4D00-9950-36BFED281B91}.Release|x64.ActiveCfg = Release|x64
		{10A3EF89-12BB-4D00-9950-36BFED281B91}.Release|x64.Build.0 = Release|x64
		{10A3EF89-12BB-4D00-9950-36BFED281B91}.Release|x86.ActiveCfg = Release|x86
		{10A3EF89-12BB-4D00-9950-36BFED281B91}.Release|x86.Build.0 = Release|x86
		{5B92788F-AF48-4709-A539-BBA2822A06B7}.Debug|Any CPU.ActiveCfg = Debug|Any CPU
		{5B92788F-AF48-4709-A539-BBA2822A06B7}.Debug|Any CPU.Build.0 = Debug|Any CPU
		{5B92788F-AF48-4709-A539-BBA2822A06B7}.Debug|x64.ActiveCfg = Debug|x64
		{5B92788F-AF48-4709-A539-BBA2822A06B7}.Debug|x64.Build.0 = Debug|x64
		{5B92788F-AF48-4709-A539-BBA2822A06B7}.Debug|x86.ActiveCfg = Debug|x86
		{5B92788F-AF48-4709-A539-BBA2822A06B7}.Debug|x86.Build.0 = Debug|x86
		{5B92788F-AF48-4709-A539-BBA2822A06B7}.Release|Any CPU.ActiveCfg = Release|Any CPU
		{5B92788F-AF48-4709-A539-BBA2822A06B7}.Release|Any CPU.Build.0 = Release|Any CPU
		{5B92788F-AF48-4709-A539-BBA2822A06B7}.Release|x64.ActiveCfg = Release|x64
		{5B92788F-AF48-4709-A539-BBA2822A06B7}.Release|x64.Build.0 = Release|x64
		{5B92788F-AF48-4709-A539-BBA2822A06B7}.Release|x86.ActiveCfg = Release|x86
		{5B92788F-AF48-4709-A539-BBA2822A06B7}.Release|x86.Build.0 = Release|x86
		{051B3CD8-9791-448A-864F-B6A7B4EF63BB}.Debug|Any CPU.ActiveCfg = Debug|Any CPU
		{051B3CD8-9791-448A-864F-B6A7B4EF63BB}.Debug|Any CPU.Build.0 = Debug|Any CPU
		{051B3CD8-9791-448A-864F-B6A7B4EF63BB}.Debug|x64.ActiveCfg = Debug|x64
		{051B3CD8-9791-448A-864F-B6A7B4EF63BB}.Debug|x64.Build.0 = Debug|x64
		{051B3CD8-9791-448A-864F-B6A7B4EF63BB}.Debug|x86.ActiveCfg = Debug|x86
		{051B3CD8-9791-448A-864F-B6A7B4EF63BB}.Debug|x86.Build.0 = Debug|x86
		{051B3CD8-9791-448A-864F-B6A7B4EF63BB}.Release|Any CPU.ActiveCfg = Release|Any CPU
		{051B3CD8-9791-448A-864F-B6A7B4EF63BB}.Release|Any CPU.Build.0 = Release|Any CPU
		{051B3CD8-9791-448A-864F-B6A7B4EF63BB}.Release|x64.ActiveCfg = Release|x64
		{051B3CD8-9791-448A-864F-B6A7B4EF63BB}.Release|x64.Build.0 = Release|x64
		{051B3CD8-9791-448A-864F-B6A7B4EF63BB}.Release|x86.ActiveCfg = Release|x86
		{051B3CD8-9791-448A-864F-B6A7B4EF63BB}.Release|x86.Build.0 = Release|x86
		{D7DA9DD6-1BA9-45B9-9581-1D095631DF0D}.Debug|Any CPU.ActiveCfg = Debug|Any CPU
		{D7DA9DD6-1BA9-45B9-9581-1D095631DF0D}.Debug|Any CPU.Build.0 = Debug|Any CPU
		{D7DA9DD6-1BA9-45B9-9581-1D095631DF0D}.Debug|x64.ActiveCfg = Debug|x64
		{D7DA9DD6-1BA9-45B9-9581-1D095631DF0D}.Debug|x64.Build.0 = Debug|x64
		{D7DA9DD6-1BA9-45B9-9581-1D095631DF0D}.Debug|x86.ActiveCfg = Debug|x86
		{D7DA9DD6-1BA9-45B9-9581-1D095631DF0D}.Debug|x86.Build.0 = Debug|x86
		{D7DA9DD6-1BA9-45B9-9581-1D095631DF0D}.Release|Any CPU.ActiveCfg = Release|Any CPU
		{D7DA9DD6-1BA9-45B9-9581-1D095631DF0D}.Release|Any CPU.Build.0 = Release|Any CPU
		{D7DA9DD6-1BA9-45B9-9581-1D095631DF0D}.Release|x64.ActiveCfg = Release|x64
		{D7DA9DD6-1BA9-45B9-9581-1D095631DF0D}.Release|x64.Build.0 = Release|x64
		{D7DA9DD6-1BA9-45B9-9581-1D095631DF0D}.Release|x86.ActiveCfg = Release|x86
		{D7DA9DD6-1BA9-45B9-9581-1D095631DF0D}.Release|x86.Build.0 = Release|x86
		{7FCD6735-2115-4096-B5C9-E5CD7B4A3C1C}.Debug|Any CPU.ActiveCfg = Debug|Any CPU
		{7FCD6735-2115-4096-B5C9-E5CD7B4A3C1C}.Debug|Any CPU.Build.0 = Debug|Any CPU
		{7FCD6735-2115-4096-B5C9-E5CD7B4A3C1C}.Debug|x64.ActiveCfg = Debug|x64
		{7FCD6735-2115-4096-B5C9-E5CD7B4A3C1C}.Debug|x64.Build.0 = Debug|x64
		{7FCD6735-2115-4096-B5C9-E5CD7B4A3C1C}.Debug|x86.ActiveCfg = Debug|x86
		{7FCD6735-2115-4096-B5C9-E5CD7B4A3C1C}.Debug|x86.Build.0 = Debug|x86
		{7FCD6735-2115-4096-B5C9-E5CD7B4A3C1C}.Release|Any CPU.ActiveCfg = Release|Any CPU
		{7FCD6735-2115-4096-B5C9-E5CD7B4A3C1C}.Release|Any CPU.Build.0 = Release|Any CPU
		{7FCD6735-2115-4096-B5C9-E5CD7B4A3C1C}.Release|x64.ActiveCfg = Release|x64
		{7FCD6735-2115-4096-B5C9-E5CD7B4A3C1C}.Release|x64.Build.0 = Release|x64
		{7FCD6735-2115-4096-B5C9-E5CD7B4A3C1C}.Release|x86.ActiveCfg = Release|x86
		{7FCD6735-2115-4096-B5C9-E5CD7B4A3C1C}.Release|x86.Build.0 = Release|x86
		{D6B82A20-17F8-44BB-AEE5-C11DD8BECC4C}.Debug|Any CPU.ActiveCfg = Debug|Any CPU
		{D6B82A20-17F8-44BB-AEE5-C11DD8BECC4C}.Debug|Any CPU.Build.0 = Debug|Any CPU
		{D6B82A20-17F8-44BB-AEE5-C11DD8BECC4C}.Debug|x64.ActiveCfg = Debug|x64
		{D6B82A20-17F8-44BB-AEE5-C11DD8BECC4C}.Debug|x64.Build.0 = Debug|x64
		{D6B82A20-17F8-44BB-AEE5-C11DD8BECC4C}.Debug|x86.ActiveCfg = Debug|x86
		{D6B82A20-17F8-44BB-AEE5-C11DD8BECC4C}.Debug|x86.Build.0 = Debug|x86
		{D6B82A20-17F8-44BB-AEE5-C11DD8BECC4C}.Release|Any CPU.ActiveCfg = Release|Any CPU
		{D6B82A20-17F8-44BB-AEE5-C11DD8BECC4C}.Release|Any CPU.Build.0 = Release|Any CPU
		{D6B82A20-17F8-44BB-AEE5-C11DD8BECC4C}.Release|x64.ActiveCfg = Release|x64
		{D6B82A20-17F8-44BB-AEE5-C11DD8BECC4C}.Release|x64.Build.0 = Release|x64
		{D6B82A20-17F8-44BB-AEE5-C11DD8BECC4C}.Release|x86.ActiveCfg = Release|x86
		{D6B82A20-17F8-44BB-AEE5-C11DD8BECC4C}.Release|x86.Build.0 = Release|x86
		{BB763038-2989-4643-AE5E-1A1FAA2053AF}.Debug|Any CPU.ActiveCfg = Debug|Any CPU
		{BB763038-2989-4643-AE5E-1A1FAA2053AF}.Debug|Any CPU.Build.0 = Debug|Any CPU
		{BB763038-2989-4643-AE5E-1A1FAA2053AF}.Debug|x64.ActiveCfg = Debug|Any CPU
		{BB763038-2989-4643-AE5E-1A1FAA2053AF}.Debug|x64.Build.0 = Debug|Any CPU
		{BB763038-2989-4643-AE5E-1A1FAA2053AF}.Debug|x86.ActiveCfg = Debug|x86
		{BB763038-2989-4643-AE5E-1A1FAA2053AF}.Debug|x86.Build.0 = Debug|x86
		{BB763038-2989-4643-AE5E-1A1FAA2053AF}.Release|Any CPU.ActiveCfg = Release|Any CPU
		{BB763038-2989-4643-AE5E-1A1FAA2053AF}.Release|Any CPU.Build.0 = Release|Any CPU
		{BB763038-2989-4643-AE5E-1A1FAA2053AF}.Release|x64.ActiveCfg = Release|Any CPU
		{BB763038-2989-4643-AE5E-1A1FAA2053AF}.Release|x64.Build.0 = Release|Any CPU
		{BB763038-2989-4643-AE5E-1A1FAA2053AF}.Release|x86.ActiveCfg = Release|x86
		{BB763038-2989-4643-AE5E-1A1FAA2053AF}.Release|x86.Build.0 = Release|x86
		{7F7F4B22-F0BD-4375-BAF4-FFAFE9B3A853}.Debug|Any CPU.ActiveCfg = Debug|Any CPU
		{7F7F4B22-F0BD-4375-BAF4-FFAFE9B3A853}.Debug|Any CPU.Build.0 = Debug|Any CPU
		{7F7F4B22-F0BD-4375-BAF4-FFAFE9B3A853}.Debug|x64.ActiveCfg = Debug|Any CPU
		{7F7F4B22-F0BD-4375-BAF4-FFAFE9B3A853}.Debug|x64.Build.0 = Debug|Any CPU
		{7F7F4B22-F0BD-4375-BAF4-FFAFE9B3A853}.Debug|x86.ActiveCfg = Debug|x86
		{7F7F4B22-F0BD-4375-BAF4-FFAFE9B3A853}.Debug|x86.Build.0 = Debug|x86
		{7F7F4B22-F0BD-4375-BAF4-FFAFE9B3A853}.Release|Any CPU.ActiveCfg = Release|Any CPU
		{7F7F4B22-F0BD-4375-BAF4-FFAFE9B3A853}.Release|Any CPU.Build.0 = Release|Any CPU
		{7F7F4B22-F0BD-4375-BAF4-FFAFE9B3A853}.Release|x64.ActiveCfg = Release|Any CPU
		{7F7F4B22-F0BD-4375-BAF4-FFAFE9B3A853}.Release|x64.Build.0 = Release|Any CPU
		{7F7F4B22-F0BD-4375-BAF4-FFAFE9B3A853}.Release|x86.ActiveCfg = Release|x86
		{7F7F4B22-F0BD-4375-BAF4-FFAFE9B3A853}.Release|x86.Build.0 = Release|x86
		{4C1EA1A8-5C20-48AB-A662-72969D880B21}.Debug|Any CPU.ActiveCfg = Debug|Any CPU
		{4C1EA1A8-5C20-48AB-A662-72969D880B21}.Debug|Any CPU.Build.0 = Debug|Any CPU
		{4C1EA1A8-5C20-48AB-A662-72969D880B21}.Debug|x64.ActiveCfg = Debug|Any CPU
		{4C1EA1A8-5C20-48AB-A662-72969D880B21}.Debug|x64.Build.0 = Debug|Any CPU
		{4C1EA1A8-5C20-48AB-A662-72969D880B21}.Debug|x86.ActiveCfg = Debug|x86
		{4C1EA1A8-5C20-48AB-A662-72969D880B21}.Debug|x86.Build.0 = Debug|x86
		{4C1EA1A8-5C20-48AB-A662-72969D880B21}.Release|Any CPU.ActiveCfg = Release|Any CPU
		{4C1EA1A8-5C20-48AB-A662-72969D880B21}.Release|Any CPU.Build.0 = Release|Any CPU
		{4C1EA1A8-5C20-48AB-A662-72969D880B21}.Release|x64.ActiveCfg = Release|Any CPU
		{4C1EA1A8-5C20-48AB-A662-72969D880B21}.Release|x64.Build.0 = Release|Any CPU
		{4C1EA1A8-5C20-48AB-A662-72969D880B21}.Release|x86.ActiveCfg = Release|x86
		{4C1EA1A8-5C20-48AB-A662-72969D880B21}.Release|x86.Build.0 = Release|x86
		{8ACFC7D6-2C62-4F4C-9FA5-86066CFB62B9}.Debug|Any CPU.ActiveCfg = Debug|Any CPU
		{8ACFC7D6-2C62-4F4C-9FA5-86066CFB62B9}.Debug|Any CPU.Build.0 = Debug|Any CPU
		{8ACFC7D6-2C62-4F4C-9FA5-86066CFB62B9}.Debug|x64.ActiveCfg = Debug|Any CPU
		{8ACFC7D6-2C62-4F4C-9FA5-86066CFB62B9}.Debug|x64.Build.0 = Debug|Any CPU
		{8ACFC7D6-2C62-4F4C-9FA5-86066CFB62B9}.Debug|x86.ActiveCfg = Debug|x86
		{8ACFC7D6-2C62-4F4C-9FA5-86066CFB62B9}.Debug|x86.Build.0 = Debug|x86
		{8ACFC7D6-2C62-4F4C-9FA5-86066CFB62B9}.Release|Any CPU.ActiveCfg = Release|Any CPU
		{8ACFC7D6-2C62-4F4C-9FA5-86066CFB62B9}.Release|Any CPU.Build.0 = Release|Any CPU
		{8ACFC7D6-2C62-4F4C-9FA5-86066CFB62B9}.Release|x64.ActiveCfg = Release|Any CPU
		{8ACFC7D6-2C62-4F4C-9FA5-86066CFB62B9}.Release|x64.Build.0 = Release|Any CPU
		{8ACFC7D6-2C62-4F4C-9FA5-86066CFB62B9}.Release|x86.ActiveCfg = Release|x86
		{8ACFC7D6-2C62-4F4C-9FA5-86066CFB62B9}.Release|x86.Build.0 = Release|x86
		{B0DF0796-17ED-470A-858D-A7CABB3F36F8}.Debug|Any CPU.ActiveCfg = Debug|Any CPU
		{B0DF0796-17ED-470A-858D-A7CABB3F36F8}.Debug|Any CPU.Build.0 = Debug|Any CPU
		{B0DF0796-17ED-470A-858D-A7CABB3F36F8}.Debug|x64.ActiveCfg = Debug|Any CPU
		{B0DF0796-17ED-470A-858D-A7CABB3F36F8}.Debug|x64.Build.0 = Debug|Any CPU
		{B0DF0796-17ED-470A-858D-A7CABB3F36F8}.Debug|x86.ActiveCfg = Debug|x86
		{B0DF0796-17ED-470A-858D-A7CABB3F36F8}.Debug|x86.Build.0 = Debug|x86
		{B0DF0796-17ED-470A-858D-A7CABB3F36F8}.Release|Any CPU.ActiveCfg = Release|Any CPU
		{B0DF0796-17ED-470A-858D-A7CABB3F36F8}.Release|Any CPU.Build.0 = Release|Any CPU
		{B0DF0796-17ED-470A-858D-A7CABB3F36F8}.Release|x64.ActiveCfg = Release|Any CPU
		{B0DF0796-17ED-470A-858D-A7CABB3F36F8}.Release|x64.Build.0 = Release|Any CPU
		{B0DF0796-17ED-470A-858D-A7CABB3F36F8}.Release|x86.ActiveCfg = Release|x86
		{B0DF0796-17ED-470A-858D-A7CABB3F36F8}.Release|x86.Build.0 = Release|x86
		{62CE29D7-E16C-4B48-B017-586C4B22EDC9}.Debug|Any CPU.ActiveCfg = Debug|Any CPU
		{62CE29D7-E16C-4B48-B017-586C4B22EDC9}.Debug|Any CPU.Build.0 = Debug|Any CPU
		{62CE29D7-E16C-4B48-B017-586C4B22EDC9}.Debug|x64.ActiveCfg = Debug|Any CPU
		{62CE29D7-E16C-4B48-B017-586C4B22EDC9}.Debug|x64.Build.0 = Debug|Any CPU
		{62CE29D7-E16C-4B48-B017-586C4B22EDC9}.Debug|x86.ActiveCfg = Debug|x86
		{62CE29D7-E16C-4B48-B017-586C4B22EDC9}.Debug|x86.Build.0 = Debug|x86
		{62CE29D7-E16C-4B48-B017-586C4B22EDC9}.Release|Any CPU.ActiveCfg = Release|Any CPU
		{62CE29D7-E16C-4B48-B017-586C4B22EDC9}.Release|Any CPU.Build.0 = Release|Any CPU
		{62CE29D7-E16C-4B48-B017-586C4B22EDC9}.Release|x64.ActiveCfg = Release|Any CPU
		{62CE29D7-E16C-4B48-B017-586C4B22EDC9}.Release|x64.Build.0 = Release|Any CPU
		{62CE29D7-E16C-4B48-B017-586C4B22EDC9}.Release|x86.ActiveCfg = Release|x86
		{62CE29D7-E16C-4B48-B017-586C4B22EDC9}.Release|x86.Build.0 = Release|x86
		{8EDE0744-96C2-40B0-A8DC-37DF79370203}.Debug|Any CPU.ActiveCfg = Debug|Any CPU
		{8EDE0744-96C2-40B0-A8DC-37DF79370203}.Debug|Any CPU.Build.0 = Debug|Any CPU
		{8EDE0744-96C2-40B0-A8DC-37DF79370203}.Debug|x64.ActiveCfg = Debug|Any CPU
		{8EDE0744-96C2-40B0-A8DC-37DF79370203}.Debug|x64.Build.0 = Debug|Any CPU
		{8EDE0744-96C2-40B0-A8DC-37DF79370203}.Debug|x86.ActiveCfg = Debug|x86
		{8EDE0744-96C2-40B0-A8DC-37DF79370203}.Debug|x86.Build.0 = Debug|x86
		{8EDE0744-96C2-40B0-A8DC-37DF79370203}.Release|Any CPU.ActiveCfg = Release|Any CPU
		{8EDE0744-96C2-40B0-A8DC-37DF79370203}.Release|Any CPU.Build.0 = Release|Any CPU
		{8EDE0744-96C2-40B0-A8DC-37DF79370203}.Release|x64.ActiveCfg = Release|Any CPU
		{8EDE0744-96C2-40B0-A8DC-37DF79370203}.Release|x64.Build.0 = Release|Any CPU
		{8EDE0744-96C2-40B0-A8DC-37DF79370203}.Release|x86.ActiveCfg = Release|x86
		{8EDE0744-96C2-40B0-A8DC-37DF79370203}.Release|x86.Build.0 = Release|x86
		{FDFCE270-50AC-4930-8680-A760F6F7C637}.Debug|Any CPU.ActiveCfg = Debug|Any CPU
		{FDFCE270-50AC-4930-8680-A760F6F7C637}.Debug|Any CPU.Build.0 = Debug|Any CPU
		{FDFCE270-50AC-4930-8680-A760F6F7C637}.Debug|x64.ActiveCfg = Debug|Any CPU
		{FDFCE270-50AC-4930-8680-A760F6F7C637}.Debug|x64.Build.0 = Debug|Any CPU
		{FDFCE270-50AC-4930-8680-A760F6F7C637}.Debug|x86.ActiveCfg = Debug|x86
		{FDFCE270-50AC-4930-8680-A760F6F7C637}.Debug|x86.Build.0 = Debug|x86
		{FDFCE270-50AC-4930-8680-A760F6F7C637}.Release|Any CPU.ActiveCfg = Release|Any CPU
		{FDFCE270-50AC-4930-8680-A760F6F7C637}.Release|Any CPU.Build.0 = Release|Any CPU
		{FDFCE270-50AC-4930-8680-A760F6F7C637}.Release|x64.ActiveCfg = Release|Any CPU
		{FDFCE270-50AC-4930-8680-A760F6F7C637}.Release|x64.Build.0 = Release|Any CPU
		{FDFCE270-50AC-4930-8680-A760F6F7C637}.Release|x86.ActiveCfg = Release|x86
		{FDFCE270-50AC-4930-8680-A760F6F7C637}.Release|x86.Build.0 = Release|x86
		{9B577BD6-AEA9-4F64-9F1D-6EC760103295}.Debug|Any CPU.ActiveCfg = Debug|Any CPU
		{9B577BD6-AEA9-4F64-9F1D-6EC760103295}.Debug|Any CPU.Build.0 = Debug|Any CPU
		{9B577BD6-AEA9-4F64-9F1D-6EC760103295}.Debug|x64.ActiveCfg = Debug|Any CPU
		{9B577BD6-AEA9-4F64-9F1D-6EC760103295}.Debug|x64.Build.0 = Debug|Any CPU
		{9B577BD6-AEA9-4F64-9F1D-6EC760103295}.Debug|x86.ActiveCfg = Debug|x86
		{9B577BD6-AEA9-4F64-9F1D-6EC760103295}.Debug|x86.Build.0 = Debug|x86
		{9B577BD6-AEA9-4F64-9F1D-6EC760103295}.Release|Any CPU.ActiveCfg = Release|Any CPU
		{9B577BD6-AEA9-4F64-9F1D-6EC760103295}.Release|Any CPU.Build.0 = Release|Any CPU
		{9B577BD6-AEA9-4F64-9F1D-6EC760103295}.Release|x64.ActiveCfg = Release|Any CPU
		{9B577BD6-AEA9-4F64-9F1D-6EC760103295}.Release|x64.Build.0 = Release|Any CPU
		{9B577BD6-AEA9-4F64-9F1D-6EC760103295}.Release|x86.ActiveCfg = Release|x86
		{9B577BD6-AEA9-4F64-9F1D-6EC760103295}.Release|x86.Build.0 = Release|x86
		{5A7C14E4-C1F0-4A9E-8284-D01F0082B483}.Debug|Any CPU.ActiveCfg = Debug|Any CPU
		{5A7C14E4-C1F0-4A9E-8284-D01F0082B483}.Debug|Any CPU.Build.0 = Debug|Any CPU
		{5A7C14E4-C1F0-4A9E-8284-D01F0082B483}.Debug|x64.ActiveCfg = Debug|Any CPU
		{5A7C14E4-C1F0-4A9E-8284-D01F0082B483}.Debug|x64.Build.0 = Debug|Any CPU
		{5A7C14E4-C1F0-4A9E-8284-D01F0082B483}.Debug|x86.ActiveCfg = Debug|x86
		{5A7C14E4-C1F0-4A9E-8284-D01F0082B483}.Debug|x86.Build.0 = Debug|x86
		{5A7C14E4-C1F0-4A9E-8284-D01F0082B483}.Release|Any CPU.ActiveCfg = Release|Any CPU
		{5A7C14E4-C1F0-4A9E-8284-D01F0082B483}.Release|Any CPU.Build.0 = Release|Any CPU
		{5A7C14E4-C1F0-4A9E-8284-D01F0082B483}.Release|x64.ActiveCfg = Release|Any CPU
		{5A7C14E4-C1F0-4A9E-8284-D01F0082B483}.Release|x64.Build.0 = Release|Any CPU
		{5A7C14E4-C1F0-4A9E-8284-D01F0082B483}.Release|x86.ActiveCfg = Release|x86
		{5A7C14E4-C1F0-4A9E-8284-D01F0082B483}.Release|x86.Build.0 = Release|x86
		{C38C4681-11E5-417B-9923-6E754402EC1B}.Debug|Any CPU.ActiveCfg = Debug|Any CPU
		{C38C4681-11E5-417B-9923-6E754402EC1B}.Debug|Any CPU.Build.0 = Debug|Any CPU
		{C38C4681-11E5-417B-9923-6E754402EC1B}.Debug|x64.ActiveCfg = Debug|Any CPU
		{C38C4681-11E5-417B-9923-6E754402EC1B}.Debug|x64.Build.0 = Debug|Any CPU
		{C38C4681-11E5-417B-9923-6E754402EC1B}.Debug|x86.ActiveCfg = Debug|x86
		{C38C4681-11E5-417B-9923-6E754402EC1B}.Debug|x86.Build.0 = Debug|x86
		{C38C4681-11E5-417B-9923-6E754402EC1B}.Release|Any CPU.ActiveCfg = Release|Any CPU
		{C38C4681-11E5-417B-9923-6E754402EC1B}.Release|Any CPU.Build.0 = Release|Any CPU
		{C38C4681-11E5-417B-9923-6E754402EC1B}.Release|x64.ActiveCfg = Release|Any CPU
		{C38C4681-11E5-417B-9923-6E754402EC1B}.Release|x64.Build.0 = Release|Any CPU
		{C38C4681-11E5-417B-9923-6E754402EC1B}.Release|x86.ActiveCfg = Release|x86
		{C38C4681-11E5-417B-9923-6E754402EC1B}.Release|x86.Build.0 = Release|x86
		{D025DB83-5628-432A-832D-0BB89E807252}.Debug|Any CPU.ActiveCfg = Debug|Any CPU
		{D025DB83-5628-432A-832D-0BB89E807252}.Debug|Any CPU.Build.0 = Debug|Any CPU
		{D025DB83-5628-432A-832D-0BB89E807252}.Debug|x64.ActiveCfg = Debug|Any CPU
		{D025DB83-5628-432A-832D-0BB89E807252}.Debug|x64.Build.0 = Debug|Any CPU
		{D025DB83-5628-432A-832D-0BB89E807252}.Debug|x86.ActiveCfg = Debug|x86
		{D025DB83-5628-432A-832D-0BB89E807252}.Debug|x86.Build.0 = Debug|x86
		{D025DB83-5628-432A-832D-0BB89E807252}.Release|Any CPU.ActiveCfg = Release|Any CPU
		{D025DB83-5628-432A-832D-0BB89E807252}.Release|Any CPU.Build.0 = Release|Any CPU
		{D025DB83-5628-432A-832D-0BB89E807252}.Release|x64.ActiveCfg = Release|Any CPU
		{D025DB83-5628-432A-832D-0BB89E807252}.Release|x64.Build.0 = Release|Any CPU
		{D025DB83-5628-432A-832D-0BB89E807252}.Release|x86.ActiveCfg = Release|x86
		{D025DB83-5628-432A-832D-0BB89E807252}.Release|x86.Build.0 = Release|x86
		{EED1BD13-CC26-4EDE-99E4-DD59EB4D09BB}.Debug|Any CPU.ActiveCfg = Debug|Any CPU
		{EED1BD13-CC26-4EDE-99E4-DD59EB4D09BB}.Debug|Any CPU.Build.0 = Debug|Any CPU
		{EED1BD13-CC26-4EDE-99E4-DD59EB4D09BB}.Debug|x64.ActiveCfg = Debug|Any CPU
		{EED1BD13-CC26-4EDE-99E4-DD59EB4D09BB}.Debug|x64.Build.0 = Debug|Any CPU
		{EED1BD13-CC26-4EDE-99E4-DD59EB4D09BB}.Debug|x86.ActiveCfg = Debug|x86
		{EED1BD13-CC26-4EDE-99E4-DD59EB4D09BB}.Debug|x86.Build.0 = Debug|x86
		{EED1BD13-CC26-4EDE-99E4-DD59EB4D09BB}.Release|Any CPU.ActiveCfg = Release|Any CPU
		{EED1BD13-CC26-4EDE-99E4-DD59EB4D09BB}.Release|Any CPU.Build.0 = Release|Any CPU
		{EED1BD13-CC26-4EDE-99E4-DD59EB4D09BB}.Release|x64.ActiveCfg = Release|Any CPU
		{EED1BD13-CC26-4EDE-99E4-DD59EB4D09BB}.Release|x64.Build.0 = Release|Any CPU
		{EED1BD13-CC26-4EDE-99E4-DD59EB4D09BB}.Release|x86.ActiveCfg = Release|x86
		{EED1BD13-CC26-4EDE-99E4-DD59EB4D09BB}.Release|x86.Build.0 = Release|x86
		{3455F630-EA48-4C6F-8012-A9DFA9CE1428}.Debug|Any CPU.ActiveCfg = Debug|Any CPU
		{3455F630-EA48-4C6F-8012-A9DFA9CE1428}.Debug|Any CPU.Build.0 = Debug|Any CPU
		{3455F630-EA48-4C6F-8012-A9DFA9CE1428}.Debug|x64.ActiveCfg = Debug|Any CPU
		{3455F630-EA48-4C6F-8012-A9DFA9CE1428}.Debug|x64.Build.0 = Debug|Any CPU
		{3455F630-EA48-4C6F-8012-A9DFA9CE1428}.Debug|x86.ActiveCfg = Debug|Any CPU
		{3455F630-EA48-4C6F-8012-A9DFA9CE1428}.Debug|x86.Build.0 = Debug|Any CPU
		{3455F630-EA48-4C6F-8012-A9DFA9CE1428}.Release|Any CPU.ActiveCfg = Release|Any CPU
		{3455F630-EA48-4C6F-8012-A9DFA9CE1428}.Release|Any CPU.Build.0 = Release|Any CPU
		{3455F630-EA48-4C6F-8012-A9DFA9CE1428}.Release|x64.ActiveCfg = Release|Any CPU
		{3455F630-EA48-4C6F-8012-A9DFA9CE1428}.Release|x64.Build.0 = Release|Any CPU
		{3455F630-EA48-4C6F-8012-A9DFA9CE1428}.Release|x86.ActiveCfg = Release|Any CPU
		{3455F630-EA48-4C6F-8012-A9DFA9CE1428}.Release|x86.Build.0 = Release|Any CPU
		{A12E5A21-BB5D-4B6E-B229-9A4C625F8DCE}.Debug|Any CPU.ActiveCfg = Debug|Any CPU
		{A12E5A21-BB5D-4B6E-B229-9A4C625F8DCE}.Debug|Any CPU.Build.0 = Debug|Any CPU
		{A12E5A21-BB5D-4B6E-B229-9A4C625F8DCE}.Debug|x64.ActiveCfg = Debug|Any CPU
		{A12E5A21-BB5D-4B6E-B229-9A4C625F8DCE}.Debug|x64.Build.0 = Debug|Any CPU
		{A12E5A21-BB5D-4B6E-B229-9A4C625F8DCE}.Debug|x86.ActiveCfg = Debug|Any CPU
		{A12E5A21-BB5D-4B6E-B229-9A4C625F8DCE}.Debug|x86.Build.0 = Debug|Any CPU
		{A12E5A21-BB5D-4B6E-B229-9A4C625F8DCE}.Release|Any CPU.ActiveCfg = Release|Any CPU
		{A12E5A21-BB5D-4B6E-B229-9A4C625F8DCE}.Release|Any CPU.Build.0 = Release|Any CPU
		{A12E5A21-BB5D-4B6E-B229-9A4C625F8DCE}.Release|x64.ActiveCfg = Release|Any CPU
		{A12E5A21-BB5D-4B6E-B229-9A4C625F8DCE}.Release|x64.Build.0 = Release|Any CPU
		{A12E5A21-BB5D-4B6E-B229-9A4C625F8DCE}.Release|x86.ActiveCfg = Release|Any CPU
		{A12E5A21-BB5D-4B6E-B229-9A4C625F8DCE}.Release|x86.Build.0 = Release|Any CPU
		{AA3796E1-5B4C-4BDD-A102-22D6411F9B93}.Debug|Any CPU.ActiveCfg = Debug|Any CPU
		{AA3796E1-5B4C-4BDD-A102-22D6411F9B93}.Debug|Any CPU.Build.0 = Debug|Any CPU
		{AA3796E1-5B4C-4BDD-A102-22D6411F9B93}.Debug|x64.ActiveCfg = Debug|Any CPU
		{AA3796E1-5B4C-4BDD-A102-22D6411F9B93}.Debug|x64.Build.0 = Debug|Any CPU
		{AA3796E1-5B4C-4BDD-A102-22D6411F9B93}.Debug|x86.ActiveCfg = Debug|Any CPU
		{AA3796E1-5B4C-4BDD-A102-22D6411F9B93}.Debug|x86.Build.0 = Debug|Any CPU
		{AA3796E1-5B4C-4BDD-A102-22D6411F9B93}.Release|Any CPU.ActiveCfg = Release|Any CPU
		{AA3796E1-5B4C-4BDD-A102-22D6411F9B93}.Release|Any CPU.Build.0 = Release|Any CPU
		{AA3796E1-5B4C-4BDD-A102-22D6411F9B93}.Release|x64.ActiveCfg = Release|Any CPU
		{AA3796E1-5B4C-4BDD-A102-22D6411F9B93}.Release|x64.Build.0 = Release|Any CPU
		{AA3796E1-5B4C-4BDD-A102-22D6411F9B93}.Release|x86.ActiveCfg = Release|Any CPU
		{AA3796E1-5B4C-4BDD-A102-22D6411F9B93}.Release|x86.Build.0 = Release|Any CPU
		{5F9D1672-8038-4D3D-A7C0-DF0A8D6B6F99}.Debug|Any CPU.ActiveCfg = Debug|Any CPU
		{5F9D1672-8038-4D3D-A7C0-DF0A8D6B6F99}.Debug|Any CPU.Build.0 = Debug|Any CPU
		{5F9D1672-8038-4D3D-A7C0-DF0A8D6B6F99}.Debug|x64.ActiveCfg = Debug|Any CPU
		{5F9D1672-8038-4D3D-A7C0-DF0A8D6B6F99}.Debug|x64.Build.0 = Debug|Any CPU
		{5F9D1672-8038-4D3D-A7C0-DF0A8D6B6F99}.Debug|x86.ActiveCfg = Debug|Any CPU
		{5F9D1672-8038-4D3D-A7C0-DF0A8D6B6F99}.Debug|x86.Build.0 = Debug|Any CPU
		{5F9D1672-8038-4D3D-A7C0-DF0A8D6B6F99}.Release|Any CPU.ActiveCfg = Release|Any CPU
		{5F9D1672-8038-4D3D-A7C0-DF0A8D6B6F99}.Release|Any CPU.Build.0 = Release|Any CPU
		{5F9D1672-8038-4D3D-A7C0-DF0A8D6B6F99}.Release|x64.ActiveCfg = Release|Any CPU
		{5F9D1672-8038-4D3D-A7C0-DF0A8D6B6F99}.Release|x64.Build.0 = Release|Any CPU
		{5F9D1672-8038-4D3D-A7C0-DF0A8D6B6F99}.Release|x86.ActiveCfg = Release|Any CPU
		{5F9D1672-8038-4D3D-A7C0-DF0A8D6B6F99}.Release|x86.Build.0 = Release|Any CPU
	EndGlobalSection
	GlobalSection(SolutionProperties) = preSolution
		HideSolutionNode = FALSE
	EndGlobalSection
	GlobalSection(NestedProjects) = preSolution
		{BB763038-2989-4643-AE5E-1A1FAA2053AF} = {7B041DAD-24DD-429E-B1DE-71573E267EA6}
		{FDFCE270-50AC-4930-8680-A760F6F7C637} = {A173DFEF-C355-4721-BEE1-D8BB147FF8BA}
		{9B577BD6-AEA9-4F64-9F1D-6EC760103295} = {A173DFEF-C355-4721-BEE1-D8BB147FF8BA}
		{5A7C14E4-C1F0-4A9E-8284-D01F0082B483} = {A173DFEF-C355-4721-BEE1-D8BB147FF8BA}
		{C38C4681-11E5-417B-9923-6E754402EC1B} = {A173DFEF-C355-4721-BEE1-D8BB147FF8BA}
		{D025DB83-5628-432A-832D-0BB89E807252} = {A173DFEF-C355-4721-BEE1-D8BB147FF8BA}
		{EED1BD13-CC26-4EDE-99E4-DD59EB4D09BB} = {A173DFEF-C355-4721-BEE1-D8BB147FF8BA}
		{3455F630-EA48-4C6F-8012-A9DFA9CE1428} = {A173DFEF-C355-4721-BEE1-D8BB147FF8BA}
		{A12E5A21-BB5D-4B6E-B229-9A4C625F8DCE} = {A173DFEF-C355-4721-BEE1-D8BB147FF8BA}
		{AA3796E1-5B4C-4BDD-A102-22D6411F9B93} = {A173DFEF-C355-4721-BEE1-D8BB147FF8BA}
		{5F9D1672-8038-4D3D-A7C0-DF0A8D6B6F99} = {A173DFEF-C355-4721-BEE1-D8BB147FF8BA}
	EndGlobalSection
	GlobalSection(ExtensibilityGlobals) = postSolution
		SolutionGuid = {C1C28357-86B5-47FD-924D-863DA2531C4D}
	EndGlobalSection
EndGlobal
