
Microsoft Visual Studio Solution File, Format Version 12.00
# Visual Studio 15
VisualStudioVersion = 15.0.27130.2036
MinimumVisualStudioVersion = 10.0.40219.1
Project("{FAE04EC0-301F-11D3-BF4B-00C04F79EFBC}") = "TradeSystem.Common", "TradeSystem.Common\TradeSystem.Common.csproj", "{10A3EF89-12BB-4D00-9950-36BFED281B91}"
EndProject
Project("{FAE04EC0-301F-11D3-BF4B-00C04F79EFBC}") = "TradeSystem.Duplicat", "TradeSystem.Duplicat\TradeSystem.Duplicat.csproj", "{051B3CD8-9791-448A-864F-B6A7B4EF63BB}"
EndProject
Project("{FAE04EC0-301F-11D3-BF4B-00C04F79EFBC}") = "TradeSystem.Data", "TradeSystem.Data\TradeSystem.Data.csproj", "{D7DA9DD6-1BA9-45B9-9581-1D095631DF0D}"
EndProject
Project("{FAE04EC0-301F-11D3-BF4B-00C04F79EFBC}") = "TradeSystem.Orchestration", "TradeSystem.Orchestration\TradeSystem.Orchestration.csproj", "{7FCD6735-2115-4096-B5C9-E5CD7B4A3C1C}"
EndProject
Project("{FAE04EC0-301F-11D3-BF4B-00C04F79EFBC}") = "TradeSystem.FileContextCore", "TradeSystem.FileContextCore\TradeSystem.FileContextCore.csproj", "{B0DF0796-17ED-470A-858D-A7CABB3F36F8}"
EndProject
Project("{FAE04EC0-301F-11D3-BF4B-00C04F79EFBC}") = "TradeSystem", "TradeSystem\TradeSystem.csproj", "{FDFCE270-50AC-4930-8680-A760F6F7C637}"
EndProject
Global
	GlobalSection(SolutionConfigurationPlatforms) = preSolution
		Debug|Any CPU = Debug|Any CPU
		Debug|x64 = Debug|x64
		Debug|x86 = Debug|x86
		Release|Any CPU = Release|Any CPU
		Release|x64 = Release|x64
		Release|x86 = Release|x86
	EndGlobalSection
	GlobalSection(ProjectConfigurationPlatforms) = postSolution
		{10A3EF89-12BB-4D00-9950-36BFED281B91}.Debug|Any CPU.ActiveCfg = Debug|Any CPU
		{10A3EF89-12BB-4D00-9950-36BFED281B91}.Debug|Any CPU.Build.0 = Debug|Any CPU
		{10A3EF89-12BB-4D00-9950-36BFED281B91}.Debug|x64.ActiveCfg = Debug|x64
		{10A3EF89-12BB-4D00-9950-36BFED281B91}.Debug|x64.Build.0 = Debug|x64
		{10A3EF89-12BB-4D00-9950-36BFED281B91}.Debug|x86.ActiveCfg = Debug|x86
		{10A3EF89-12BB-4D00-9950-36BFED281B91}.Debug|x86.Build.0 = Debug|x86
		{10A3EF89-12BB-4D00-9950-36BFED281B91}.Release|Any CPU.ActiveCfg = Release|Any CPU
		{10A3EF89-12BB-4D00-9950-36BFED281B91}.Release|Any CPU.Build.0 = Release|Any CPU
		{10A3EF89-12BB-4D00-9950-36BFED281B91}.Release|x64.ActiveCfg = Release|x64
		{10A3EF89-12BB-4D00-9950-36BFED281B91}.Release|x64.Build.0 = Release|x64
		{10A3EF89-12BB-4D00-9950-36BFED281B91}.Release|x86.ActiveCfg = Release|x86
		{10A3EF89-12BB-4D00-9950-36BFED281B91}.Release|x86.Build.0 = Release|x86
		{051B3CD8-9791-448A-864F-B6A7B4EF63BB}.Debug|Any CPU.ActiveCfg = Debug|Any CPU
		{051B3CD8-9791-448A-864F-B6A7B4EF63BB}.Debug|Any CPU.Build.0 = Debug|Any CPU
		{051B3CD8-9791-448A-864F-B6A7B4EF63BB}.Debug|x64.ActiveCfg = Debug|x64
		{051B3CD8-9791-448A-864F-B6A7B4EF63BB}.Debug|x64.Build.0 = Debug|x64
		{051B3CD8-9791-448A-864F-B6A7B4EF63BB}.Debug|x86.ActiveCfg = Debug|x86
		{051B3CD8-9791-448A-864F-B6A7B4EF63BB}.Debug|x86.Build.0 = Debug|x86
		{051B3CD8-9791-448A-864F-B6A7B4EF63BB}.Release|Any CPU.ActiveCfg = Release|Any CPU
		{051B3CD8-9791-448A-864F-B6A7B4EF63BB}.Release|Any CPU.Build.0 = Release|Any CPU
		{051B3CD8-9791-448A-864F-B6A7B4EF63BB}.Release|x64.ActiveCfg = Release|x64
		{051B3CD8-9791-448A-864F-B6A7B4EF63BB}.Release|x64.Build.0 = Release|x64
		{051B3CD8-9791-448A-864F-B6A7B4EF63BB}.Release|x86.ActiveCfg = Release|x86
		{051B3CD8-9791-448A-864F-B6A7B4EF63BB}.Release|x86.Build.0 = Release|x86
		{D7DA9DD6-1BA9-45B9-9581-1D095631DF0D}.Debug|Any CPU.ActiveCfg = Debug|Any CPU
		{D7DA9DD6-1BA9-45B9-9581-1D095631DF0D}.Debug|Any CPU.Build.0 = Debug|Any CPU
		{D7DA9DD6-1BA9-45B9-9581-1D095631DF0D}.Debug|x64.ActiveCfg = Debug|x64
		{D7DA9DD6-1BA9-45B9-9581-1D095631DF0D}.Debug|x64.Build.0 = Debug|x64
		{D7DA9DD6-1BA9-45B9-9581-1D095631DF0D}.Debug|x86.ActiveCfg = Debug|x86
		{D7DA9DD6-1BA9-45B9-9581-1D095631DF0D}.Debug|x86.Build.0 = Debug|x86
		{D7DA9DD6-1BA9-45B9-9581-1D095631DF0D}.Release|Any CPU.ActiveCfg = Release|Any CPU
		{D7DA9DD6-1BA9-45B9-9581-1D095631DF0D}.Release|Any CPU.Build.0 = Release|Any CPU
		{D7DA9DD6-1BA9-45B9-9581-1D095631DF0D}.Release|x64.ActiveCfg = Release|x64
		{D7DA9DD6-1BA9-45B9-9581-1D095631DF0D}.Release|x64.Build.0 = Release|x64
		{D7DA9DD6-1BA9-45B9-9581-1D095631DF0D}.Release|x86.ActiveCfg = Release|x86
		{D7DA9DD6-1BA9-45B9-9581-1D095631DF0D}.Release|x86.Build.0 = Release|x86
		{7FCD6735-2115-4096-B5C9-E5CD7B4A3C1C}.Debug|Any CPU.ActiveCfg = Debug|Any CPU
		{7FCD6735-2115-4096-B5C9-E5CD7B4A3C1C}.Debug|Any CPU.Build.0 = Debug|Any CPU
		{7FCD6735-2115-4096-B5C9-E5CD7B4A3C1C}.Debug|x64.ActiveCfg = Debug|x64
		{7FCD6735-2115-4096-B5C9-E5CD7B4A3C1C}.Debug|x64.Build.0 = Debug|x64
		{7FCD6735-2115-4096-B5C9-E5CD7B4A3C1C}.Debug|x86.ActiveCfg = Debug|x86
		{7FCD6735-2115-4096-B5C9-E5CD7B4A3C1C}.Debug|x86.Build.0 = Debug|x86
		{7FCD6735-2115-4096-B5C9-E5CD7B4A3C1C}.Release|Any CPU.ActiveCfg = Release|Any CPU
		{7FCD6735-2115-4096-B5C9-E5CD7B4A3C1C}.Release|Any CPU.Build.0 = Release|Any CPU
		{7FCD6735-2115-4096-B5C9-E5CD7B4A3C1C}.Release|x64.ActiveCfg = Release|x64
		{7FCD6735-2115-4096-B5C9-E5CD7B4A3C1C}.Release|x64.Build.0 = Release|x64
		{7FCD6735-2115-4096-B5C9-E5CD7B4A3C1C}.Release|x86.ActiveCfg = Release|x86
		{7FCD6735-2115-4096-B5C9-E5CD7B4A3C1C}.Release|x86.Build.0 = Release|x86
		{B0DF0796-17ED-470A-858D-A7CABB3F36F8}.Debug|Any CPU.ActiveCfg = Debug|Any CPU
		{B0DF0796-17ED-470A-858D-A7CABB3F36F8}.Debug|Any CPU.Build.0 = Debug|Any CPU
		{B0DF0796-17ED-470A-858D-A7CABB3F36F8}.Debug|x64.ActiveCfg = Debug|Any CPU
		{B0DF0796-17ED-470A-858D-A7CABB3F36F8}.Debug|x64.Build.0 = Debug|Any CPU
		{B0DF0796-17ED-470A-858D-A7CABB3F36F8}.Debug|x86.ActiveCfg = Debug|x86
		{B0DF0796-17ED-470A-858D-A7CABB3F36F8}.Debug|x86.Build.0 = Debug|x86
		{B0DF0796-17ED-470A-858D-A7CABB3F36F8}.Release|Any CPU.ActiveCfg = Release|Any CPU
		{B0DF0796-17ED-470A-858D-A7CABB3F36F8}.Release|Any CPU.Build.0 = Release|Any CPU
		{B0DF0796-17ED-470A-858D-A7CABB3F36F8}.Release|x64.ActiveCfg = Release|Any CPU
		{B0DF0796-17ED-470A-858D-A7CABB3F36F8}.Release|x64.Build.0 = Release|Any CPU
		{B0DF0796-17ED-470A-858D-A7CABB3F36F8}.Release|x86.ActiveCfg = Release|x86
		{B0DF0796-17ED-470A-858D-A7CABB3F36F8}.Release|x86.Build.0 = Release|x86
		{FDFCE270-50AC-4930-8680-A760F6F7C637}.Debug|Any CPU.ActiveCfg = Debug|Any CPU
		{FDFCE270-50AC-4930-8680-A760F6F7C637}.Debug|Any CPU.Build.0 = Debug|Any CPU
		{FDFCE270-50AC-4930-8680-A760F6F7C637}.Debug|x64.ActiveCfg = Debug|Any CPU
		{FDFCE270-50AC-4930-8680-A760F6F7C637}.Debug|x64.Build.0 = Debug|Any CPU
		{FDFCE270-50AC-4930-8680-A760F6F7C637}.Debug|x86.ActiveCfg = Debug|x86
		{FDFCE270-50AC-4930-8680-A760F6F7C637}.Debug|x86.Build.0 = Debug|x86
		{FDFCE270-50AC-4930-8680-A760F6F7C637}.Release|Any CPU.ActiveCfg = Release|Any CPU
		{FDFCE270-50AC-4930-8680-A760F6F7C637}.Release|Any CPU.Build.0 = Release|Any CPU
		{FDFCE270-50AC-4930-8680-A760F6F7C637}.Release|x64.ActiveCfg = Release|Any CPU
		{FDFCE270-50AC-4930-8680-A760F6F7C637}.Release|x64.Build.0 = Release|Any CPU
		{FDFCE270-50AC-4930-8680-A760F6F7C637}.Release|x86.ActiveCfg = Release|x86
		{FDFCE270-50AC-4930-8680-A760F6F7C637}.Release|x86.Build.0 = Release|x86
	EndGlobalSection
	GlobalSection(SolutionProperties) = preSolution
		HideSolutionNode = FALSE
	EndGlobalSection
	GlobalSection(ExtensibilityGlobals) = postSolution
		SolutionGuid = {C1C28357-86B5-47FD-924D-863DA2531C4D}
	EndGlobalSection
EndGlobal
